// !$*UTF8*$!
{
	archiveVersion = 1;
	classes = {
	};
	objectVersion = 56;
	objects = {

/* Begin PBXBuildFile section */
		3B060E0829377702005A1566 /* XCTestCase+MemoryLeakTracking.swift in Sources */ = {isa = PBXBuildFile; fileRef = 3B060E0729377702005A1566 /* XCTestCase+MemoryLeakTracking.swift */; };
		3B060E0A29379F0A005A1566 /* URLSessionHTTPClient.swift in Sources */ = {isa = PBXBuildFile; fileRef = 3B060E0929379F0A005A1566 /* URLSessionHTTPClient.swift */; };
		3B060E12293C6407005A1566 /* FeedAPIEndToEndTests.swift in Sources */ = {isa = PBXBuildFile; fileRef = 3B060E11293C6407005A1566 /* FeedAPIEndToEndTests.swift */; };
		3B060E13293C6407005A1566 /* Feed.framework in Frameworks */ = {isa = PBXBuildFile; fileRef = 3B53FE6229278A7F0057473C /* Feed.framework */; };
		3B060E19293C7214005A1566 /* XCTestCase+MemoryLeakTracking.swift in Sources */ = {isa = PBXBuildFile; fileRef = 3B060E0729377702005A1566 /* XCTestCase+MemoryLeakTracking.swift */; };
		3B200941297908C90028AFBB /* FeedSnapshotTests.swift in Sources */ = {isa = PBXBuildFile; fileRef = 3B200940297908C90028AFBB /* FeedSnapshotTests.swift */; };
		3B20094329790CB50028AFBB /* UITableView+HeaderSizing.swift in Sources */ = {isa = PBXBuildFile; fileRef = 3B20094229790CB50028AFBB /* UITableView+HeaderSizing.swift */; };
		3B2009462979174D0028AFBB /* UIViewController+Snapshot.swift in Sources */ = {isa = PBXBuildFile; fileRef = 3B2009452979174D0028AFBB /* UIViewController+Snapshot.swift */; };
		3B2210B9293713CE00BBEB7E /* URLSessionHTTPClientTests.swift in Sources */ = {isa = PBXBuildFile; fileRef = 3B2210B8293713CE00BBEB7E /* URLSessionHTTPClientTests.swift */; };
		3B271BAC297EA087005853C4 /* LoadMoreCellController.swift in Sources */ = {isa = PBXBuildFile; fileRef = 3B271BAB297EA087005853C4 /* LoadMoreCellController.swift */; };
		3B271BAF297EA182005853C4 /* FEED_WITH_LOAD_MORE_INDICATOR_light.png in Resources */ = {isa = PBXBuildFile; fileRef = 3B271BAD297EA182005853C4 /* FEED_WITH_LOAD_MORE_INDICATOR_light.png */; };
		3B271BB0297EA182005853C4 /* FEED_WITH_LOAD_MORE_INDICATOR_dark.png in Resources */ = {isa = PBXBuildFile; fileRef = 3B271BAE297EA182005853C4 /* FEED_WITH_LOAD_MORE_INDICATOR_dark.png */; };
		3B271BB2297EA52A005853C4 /* LoadMoreCell.swift in Sources */ = {isa = PBXBuildFile; fileRef = 3B271BB1297EA52A005853C4 /* LoadMoreCell.swift */; };
		3B271BB6297EC876005853C4 /* FEED_WITH_LOAD_MORE_ERROR_light.png in Resources */ = {isa = PBXBuildFile; fileRef = 3B271BB3297EC876005853C4 /* FEED_WITH_LOAD_MORE_ERROR_light.png */; };
		3B271BB7297EC876005853C4 /* FEED_WITH_LOAD_MORE_ERROR_dark.png in Resources */ = {isa = PBXBuildFile; fileRef = 3B271BB4297EC876005853C4 /* FEED_WITH_LOAD_MORE_ERROR_dark.png */; };
		3B271BB8297EC876005853C4 /* FEED_WITH_LOAD_MORE_ERROR_light_extraExtraExtraLarge.png in Resources */ = {isa = PBXBuildFile; fileRef = 3B271BB5297EC876005853C4 /* FEED_WITH_LOAD_MORE_ERROR_light_extraExtraExtraLarge.png */; };
		3B2E72662966E2A8000722AF /* ValidateFeedCacheUseCaseTests.swift in Sources */ = {isa = PBXBuildFile; fileRef = 3B2E72652966E2A8000722AF /* ValidateFeedCacheUseCaseTests.swift */; };
		3B2E72682966FA46000722AF /* FeedCacheTestHelpers.swift in Sources */ = {isa = PBXBuildFile; fileRef = 3B2E72672966FA45000722AF /* FeedCacheTestHelpers.swift */; };
		3B2E726A2966FB6D000722AF /* SharedTestHelpers.swift in Sources */ = {isa = PBXBuildFile; fileRef = 3B2E72692966FB6D000722AF /* SharedTestHelpers.swift */; };
		3B341B63297BA92D002E9F0C /* ExpenseNotesPresenterTests.swift in Sources */ = {isa = PBXBuildFile; fileRef = 3B341B62297BA92D002E9F0C /* ExpenseNotesPresenterTests.swift */; };
		3B341B66297BA9A9002E9F0C /* ExpenseNotesPresenter.swift in Sources */ = {isa = PBXBuildFile; fileRef = 3B341B65297BA9A9002E9F0C /* ExpenseNotesPresenter.swift */; };
		3B341B69297BA9F2002E9F0C /* ExpenseNotes.strings in Resources */ = {isa = PBXBuildFile; fileRef = 3B341B6B297BA9F2002E9F0C /* ExpenseNotes.strings */; };
		3B341B6F297BAB45002E9F0C /* ExpenseNotesLocalizationTests.swift in Sources */ = {isa = PBXBuildFile; fileRef = 3B341B6E297BAB45002E9F0C /* ExpenseNotesLocalizationTests.swift */; };
		3B341B90297BC420002E9F0C /* FEED_WITH_ERROR_MESSAGE_dark.png in Resources */ = {isa = PBXBuildFile; fileRef = 3B341B87297BC420002E9F0C /* FEED_WITH_ERROR_MESSAGE_dark.png */; };
		3B341B91297BC420002E9F0C /* EMPTY_FEED.png in Resources */ = {isa = PBXBuildFile; fileRef = 3B341B88297BC420002E9F0C /* EMPTY_FEED.png */; };
		3B341B92297BC420002E9F0C /* FEED_WITH_CONTENT_dark.png in Resources */ = {isa = PBXBuildFile; fileRef = 3B341B89297BC420002E9F0C /* FEED_WITH_CONTENT_dark.png */; };
		3B341B93297BC420002E9F0C /* EMPTY_FEED_light.png in Resources */ = {isa = PBXBuildFile; fileRef = 3B341B8A297BC420002E9F0C /* EMPTY_FEED_light.png */; };
		3B341B94297BC420002E9F0C /* FEED_WITH_CONTENT.png in Resources */ = {isa = PBXBuildFile; fileRef = 3B341B8B297BC420002E9F0C /* FEED_WITH_CONTENT.png */; };
		3B341B95297BC420002E9F0C /* FEED_WITH_CONTENT_light.png in Resources */ = {isa = PBXBuildFile; fileRef = 3B341B8C297BC420002E9F0C /* FEED_WITH_CONTENT_light.png */; };
		3B341B96297BC420002E9F0C /* FEED_WITH_ERROR_MESSAGE.png in Resources */ = {isa = PBXBuildFile; fileRef = 3B341B8D297BC420002E9F0C /* FEED_WITH_ERROR_MESSAGE.png */; };
		3B341B97297BC420002E9F0C /* FEED_WITH_ERROR_MESSAGE_light.png in Resources */ = {isa = PBXBuildFile; fileRef = 3B341B8E297BC420002E9F0C /* FEED_WITH_ERROR_MESSAGE_light.png */; };
		3B341B98297BC420002E9F0C /* EMPTY_FEED_dark.png in Resources */ = {isa = PBXBuildFile; fileRef = 3B341B8F297BC420002E9F0C /* EMPTY_FEED_dark.png */; };
		3B341B9E297BC81D002E9F0C /* ListSnapshotTests.swift in Sources */ = {isa = PBXBuildFile; fileRef = 3B341B9D297BC81D002E9F0C /* ListSnapshotTests.swift */; };
		3B341BA0297BC934002E9F0C /* Feed.storyboard in Resources */ = {isa = PBXBuildFile; fileRef = 3B341B9F297BC934002E9F0C /* Feed.storyboard */; };
		3B341BA4297BCAE8002E9F0C /* ExpenseNoteCellController.swift in Sources */ = {isa = PBXBuildFile; fileRef = 3B341BA3297BCAE8002E9F0C /* ExpenseNoteCellController.swift */; };
		3B341BA7297BCB4E002E9F0C /* ExpenseNoteCell.swift in Sources */ = {isa = PBXBuildFile; fileRef = 3B341BA6297BCB4E002E9F0C /* ExpenseNoteCell.swift */; };
		3B341BAA297BCBF1002E9F0C /* ExpenseNotesSpanshotTests.swift in Sources */ = {isa = PBXBuildFile; fileRef = 3B341BA9297BCBF1002E9F0C /* ExpenseNotesSpanshotTests.swift */; };
		3B341BAC297BCD96002E9F0C /* ExpenseNotes.storyboard in Resources */ = {isa = PBXBuildFile; fileRef = 3B341BAB297BCD96002E9F0C /* ExpenseNotes.storyboard */; };
		3B387D2D297AC234002B7901 /* ExpenseNotesMapper.swift in Sources */ = {isa = PBXBuildFile; fileRef = 3B387D2C297AC234002B7901 /* ExpenseNotesMapper.swift */; };
		3B387D34297AC77B002B7901 /* ExpenseNote.swift in Sources */ = {isa = PBXBuildFile; fileRef = 3B387D33297AC77B002B7901 /* ExpenseNote.swift */; };
		3B387D42297AD1A9002B7901 /* FeedItemsMapperTests.swift in Sources */ = {isa = PBXBuildFile; fileRef = 3B387D41297AD1A9002B7901 /* FeedItemsMapperTests.swift */; };
		3B387D44297AE311002B7901 /* ExpenseNotesMapperTests.swift in Sources */ = {isa = PBXBuildFile; fileRef = 3B387D43297AE311002B7901 /* ExpenseNotesMapperTests.swift */; };
		3B452815296D891900763504 /* FeedStoreSpecs.swift in Sources */ = {isa = PBXBuildFile; fileRef = 3B452814296D891900763504 /* FeedStoreSpecs.swift */; };
		3B452817296D8A6000763504 /* XCTestCase+FeedStoreSpecs.swift in Sources */ = {isa = PBXBuildFile; fileRef = 3B452816296D8A6000763504 /* XCTestCase+FeedStoreSpecs.swift */; };
		3B452819296D903100763504 /* XCTestCase+FailableRetrieveFeedStoreSpecs.swift in Sources */ = {isa = PBXBuildFile; fileRef = 3B452818296D903100763504 /* XCTestCase+FailableRetrieveFeedStoreSpecs.swift */; };
		3B45281B296D910D00763504 /* XCTestCase+FailableInsertFeedStoreSpecs.swift in Sources */ = {isa = PBXBuildFile; fileRef = 3B45281A296D910D00763504 /* XCTestCase+FailableInsertFeedStoreSpecs.swift */; };
		3B45281F296DA2FC00763504 /* XCTestCase+FailableDeleteFeedStoreSpecs.swift in Sources */ = {isa = PBXBuildFile; fileRef = 3B45281E296DA2FC00763504 /* XCTestCase+FailableDeleteFeedStoreSpecs.swift */; };
		3B452822296DA99700763504 /* CoreDataFeedStoreTests.swift in Sources */ = {isa = PBXBuildFile; fileRef = 3B452821296DA99700763504 /* CoreDataFeedStoreTests.swift */; };
		3B452826296DAA7600763504 /* CoreDataFeedStore.swift in Sources */ = {isa = PBXBuildFile; fileRef = 3B452825296DAA7600763504 /* CoreDataFeedStore.swift */; };
		3B452829296DAB9600763504 /* FeedStore.xcdatamodeld in Sources */ = {isa = PBXBuildFile; fileRef = 3B452827296DAB9600763504 /* FeedStore.xcdatamodeld */; };
		3B45282E296DC5CF00763504 /* CoreDataHelpers.swift in Sources */ = {isa = PBXBuildFile; fileRef = 3B45282D296DC5CF00763504 /* CoreDataHelpers.swift */; };
		3B452830296DC67F00763504 /* ManagedCache.swift in Sources */ = {isa = PBXBuildFile; fileRef = 3B45282F296DC67F00763504 /* ManagedCache.swift */; };
		3B452832296DC6B700763504 /* ManagedFeedExpense.swift in Sources */ = {isa = PBXBuildFile; fileRef = 3B452831296DC6B700763504 /* ManagedFeedExpense.swift */; };
		3B45283A296E68FA00763504 /* FeedCacheIntegrationTests.swift in Sources */ = {isa = PBXBuildFile; fileRef = 3B452839296E68FA00763504 /* FeedCacheIntegrationTests.swift */; };
		3B45283B296E68FA00763504 /* Feed.framework in Frameworks */ = {isa = PBXBuildFile; fileRef = 3B53FE6229278A7F0057473C /* Feed.framework */; };
		3B452841296E6A9500763504 /* XCTestCase+MemoryLeakTracking.swift in Sources */ = {isa = PBXBuildFile; fileRef = 3B060E0729377702005A1566 /* XCTestCase+MemoryLeakTracking.swift */; };
		3B452843296E6D2300763504 /* SharedTestHelpers.swift in Sources */ = {isa = PBXBuildFile; fileRef = 3B2E72692966FB6D000722AF /* SharedTestHelpers.swift */; };
		3B452844296E6EE000763504 /* FeedCacheTestHelpers.swift in Sources */ = {isa = PBXBuildFile; fileRef = 3B2E72672966FA45000722AF /* FeedCacheTestHelpers.swift */; };
		3B53FE6729278A7F0057473C /* Feed.docc in Sources */ = {isa = PBXBuildFile; fileRef = 3B53FE6629278A7F0057473C /* Feed.docc */; };
		3B53FE6D29278A7F0057473C /* Feed.framework in Frameworks */ = {isa = PBXBuildFile; fileRef = 3B53FE6229278A7F0057473C /* Feed.framework */; };
		3B53FE7329278A7F0057473C /* Feed.h in Headers */ = {isa = PBXBuildFile; fileRef = 3B53FE6529278A7F0057473C /* Feed.h */; settings = {ATTRIBUTES = (Public, ); }; };
		3B53FE872929E42A0057473C /* HTTPClient.swift in Sources */ = {isa = PBXBuildFile; fileRef = 3B53FE862929E42A0057473C /* HTTPClient.swift */; };
		3B53FE892929E49A0057473C /* FeedItemsMapper.swift in Sources */ = {isa = PBXBuildFile; fileRef = 3B53FE882929E49A0057473C /* FeedItemsMapper.swift */; };
		3B53FE922929F1D00057473C /* FeedItem.swift in Sources */ = {isa = PBXBuildFile; fileRef = 3B53FE912929F1D00057473C /* FeedItem.swift */; };
		3B693A9F295C76BF00C31C25 /* LoadFeedFromCacheUseCaseTests.swift in Sources */ = {isa = PBXBuildFile; fileRef = 3B693A9E295C76BF00C31C25 /* LoadFeedFromCacheUseCaseTests.swift */; };
		3B693AA2295C786300C31C25 /* FeedStoreSpy.swift in Sources */ = {isa = PBXBuildFile; fileRef = 3B693AA1295C786300C31C25 /* FeedStoreSpy.swift */; };
		3B6CBE2D297BD2970001E908 /* CellController.swift in Sources */ = {isa = PBXBuildFile; fileRef = 3B6CBE2C297BD2970001E908 /* CellController.swift */; };
		3B8CFA262973C2790075713D /* FeedExpenseCellController.swift in Sources */ = {isa = PBXBuildFile; fileRef = 3B8CFA252973C2790075713D /* FeedExpenseCellController.swift */; };
		3B8CFA3D297410380075713D /* FeedExpenseViewModel.swift in Sources */ = {isa = PBXBuildFile; fileRef = 3B8CFA3C297410380075713D /* FeedExpenseViewModel.swift */; };
		3B8FB2CF297468FD0019D37A /* UITableView+Dequeueing.swift in Sources */ = {isa = PBXBuildFile; fileRef = 3B8FB2CE297468FD0019D37A /* UITableView+Dequeueing.swift */; };
		3B9ADF932977C20F00F21378 /* FeedCache.swift in Sources */ = {isa = PBXBuildFile; fileRef = 3B9ADF922977C20F00F21378 /* FeedCache.swift */; };
		3BA6E7A9297568FE0059F3F0 /* FeedPresenterTests.swift in Sources */ = {isa = PBXBuildFile; fileRef = 3BA6E7A8297568FE0059F3F0 /* FeedPresenterTests.swift */; };
		3BA6E7AB2975725F0059F3F0 /* ErrorView.swift in Sources */ = {isa = PBXBuildFile; fileRef = 3BA6E7AA2975725F0059F3F0 /* ErrorView.swift */; };
		3BA6E7B4297576A20059F3F0 /* UIRefreshControl+Helpers.swift in Sources */ = {isa = PBXBuildFile; fileRef = 3BA6E7B3297576A20059F3F0 /* UIRefreshControl+Helpers.swift */; };
		3BAF8B0D296EA1B8002D114B /* FeediOS.framework in Frameworks */ = {isa = PBXBuildFile; fileRef = 3BAF8B03296EA1B8002D114B /* FeediOS.framework */; };
		3BB45A8F29438E4400AC6642 /* CacheFeedUseCaseTests.swift in Sources */ = {isa = PBXBuildFile; fileRef = 3BB45A8E29438E4400AC6642 /* CacheFeedUseCaseTests.swift */; };
		3BB6C91F29687FDF00FAE54C /* FeedCachePolicy.swift in Sources */ = {isa = PBXBuildFile; fileRef = 3BB6C91E29687FDF00FAE54C /* FeedCachePolicy.swift */; };
		3BB7884B2976E23100E4DA75 /* FeedPresenter.swift in Sources */ = {isa = PBXBuildFile; fileRef = 3BB7884A2976E23100E4DA75 /* FeedPresenter.swift */; };
		3BB7884C2976E33B00E4DA75 /* Feed.strings in Resources */ = {isa = PBXBuildFile; fileRef = 3BB788462976E12200E4DA75 /* Feed.strings */; };
		3BB7884E2976E37400E4DA75 /* FeedViewModel.swift in Sources */ = {isa = PBXBuildFile; fileRef = 3BB7884D2976E37400E4DA75 /* FeedViewModel.swift */; };
		3BB788502976E3C000E4DA75 /* ResourceLoadingViewModel.swift in Sources */ = {isa = PBXBuildFile; fileRef = 3BB7884F2976E3C000E4DA75 /* ResourceLoadingViewModel.swift */; };
		3BB788522976E3F100E4DA75 /* ResourceErrorViewModel.swift in Sources */ = {isa = PBXBuildFile; fileRef = 3BB788512976E3F100E4DA75 /* ResourceErrorViewModel.swift */; };
		3BB788532976E5DD00E4DA75 /* FeedLocalizationTests.swift in Sources */ = {isa = PBXBuildFile; fileRef = 3BA6E79B297529E80059F3F0 /* FeedLocalizationTests.swift */; };
		3BBE4918296FCB71001FE56C /* Feed.framework in Frameworks */ = {isa = PBXBuildFile; fileRef = 3B53FE6229278A7F0057473C /* Feed.framework */; platformFilter = ios; };
		3BBE4919296FCB71001FE56C /* Feed.framework in Embed Frameworks */ = {isa = PBXBuildFile; fileRef = 3B53FE6229278A7F0057473C /* Feed.framework */; platformFilter = ios; settings = {ATTRIBUTES = (CodeSignOnCopy, RemoveHeadersOnCopy, ); }; };
		3BBE491D296FCC37001FE56C /* XCTestCase+MemoryLeakTracking.swift in Sources */ = {isa = PBXBuildFile; fileRef = 3B060E0729377702005A1566 /* XCTestCase+MemoryLeakTracking.swift */; };
		3BBE491F296FD7B3001FE56C /* ListViewController.swift in Sources */ = {isa = PBXBuildFile; fileRef = 3BBE491E296FD7B3001FE56C /* ListViewController.swift */; };
		3BBE4921296FE0A9001FE56C /* FeedExpenseCell.swift in Sources */ = {isa = PBXBuildFile; fileRef = 3BBE4920296FE0A9001FE56C /* FeedExpenseCell.swift */; };
		3BCB55E5297A5AE60031FAAE /* LoadResourcePresenter.swift in Sources */ = {isa = PBXBuildFile; fileRef = 3BCB55E4297A5AE60031FAAE /* LoadResourcePresenter.swift */; };
		3BCB55E8297A5B1E0031FAAE /* LoadResourcePresenterTests.swift in Sources */ = {isa = PBXBuildFile; fileRef = 3BCB55E7297A5B1E0031FAAE /* LoadResourcePresenterTests.swift */; };
		3BCB55ED297A5FF30031FAAE /* Shared.strings in Resources */ = {isa = PBXBuildFile; fileRef = 3BCB55EF297A5FF30031FAAE /* Shared.strings */; };
		3BCB55F3297A60DE0031FAAE /* SharedLocalizationTests.swift in Sources */ = {isa = PBXBuildFile; fileRef = 3BCB55F2297A60DE0031FAAE /* SharedLocalizationTests.swift */; };
		3BCB55F5297A64900031FAAE /* SharedLocalizationTestHelpers.swift in Sources */ = {isa = PBXBuildFile; fileRef = 3BCB55F4297A64900031FAAE /* SharedLocalizationTestHelpers.swift */; };
		3BCB55F7297A65CF0031FAAE /* ResourceLoadingView.swift in Sources */ = {isa = PBXBuildFile; fileRef = 3BCB55F6297A65CF0031FAAE /* ResourceLoadingView.swift */; };
		3BCB55F9297A67330031FAAE /* ResourceErrorView.swift in Sources */ = {isa = PBXBuildFile; fileRef = 3BCB55F8297A67330031FAAE /* ResourceErrorView.swift */; };
		3BD6BD7029780DED004A3EF9 /* CoreDataFeedStore+FeedStore.swift in Sources */ = {isa = PBXBuildFile; fileRef = 3BD6BD6F29780DED004A3EF9 /* CoreDataFeedStore+FeedStore.swift */; };
		3BD6BD7729782310004A3EF9 /* URLProtocolStub.swift in Sources */ = {isa = PBXBuildFile; fileRef = 3BD6BD7629782310004A3EF9 /* URLProtocolStub.swift */; };
		3BE2DA6A295ACC4300D8BB0B /* LocalFeedLoader.swift in Sources */ = {isa = PBXBuildFile; fileRef = 3BE2DA69295ACC4300D8BB0B /* LocalFeedLoader.swift */; };
		3BE2DA6C295ACCEF00D8BB0B /* FeedStore.swift in Sources */ = {isa = PBXBuildFile; fileRef = 3BE2DA6B295ACCEF00D8BB0B /* FeedStore.swift */; };
		3BE2DA70295B441900D8BB0B /* LocalFeedExpense.swift in Sources */ = {isa = PBXBuildFile; fileRef = 3BE2DA6F295B441900D8BB0B /* LocalFeedExpense.swift */; };
		3BEE7EA3297BE88400896BB9 /* UIView+Container.swift in Sources */ = {isa = PBXBuildFile; fileRef = 3BEE7EA2297BE88400896BB9 /* UIView+Container.swift */; };
		3BEE7EAB297BFDA500896BB9 /* FeedEndpoint.swift in Sources */ = {isa = PBXBuildFile; fileRef = 3BEE7EAA297BFDA500896BB9 /* FeedEndpoint.swift */; };
		3BEE7EAD297BFDEE00896BB9 /* ExpenseNotesEndpoint.swift in Sources */ = {isa = PBXBuildFile; fileRef = 3BEE7EAC297BFDEE00896BB9 /* ExpenseNotesEndpoint.swift */; };
		3BEE7EAF297BFE2900896BB9 /* FeedEndpointTests.swift in Sources */ = {isa = PBXBuildFile; fileRef = 3BEE7EAE297BFE2900896BB9 /* FeedEndpointTests.swift */; };
		3BEE7EB1297BFE5B00896BB9 /* ExpenseNotesEndpointTests.swift in Sources */ = {isa = PBXBuildFile; fileRef = 3BEE7EB0297BFE5B00896BB9 /* ExpenseNotesEndpointTests.swift */; };
		3BFA5117297918DD00E13707 /* XCTestCase+Snapshot.swift in Sources */ = {isa = PBXBuildFile; fileRef = 3BFA5116297918DD00E13707 /* XCTestCase+Snapshot.swift */; };
/* End PBXBuildFile section */

/* Begin PBXContainerItemProxy section */
		3B060E14293C6407005A1566 /* PBXContainerItemProxy */ = {
			isa = PBXContainerItemProxy;
			containerPortal = 3B53FE5929278A7E0057473C /* Project object */;
			proxyType = 1;
			remoteGlobalIDString = 3B53FE6129278A7E0057473C;
			remoteInfo = Feed;
		};
		3B45283C296E68FA00763504 /* PBXContainerItemProxy */ = {
			isa = PBXContainerItemProxy;
			containerPortal = 3B53FE5929278A7E0057473C /* Project object */;
			proxyType = 1;
			remoteGlobalIDString = 3B53FE6129278A7E0057473C;
			remoteInfo = Feed;
		};
		3B53FE6E29278A7F0057473C /* PBXContainerItemProxy */ = {
			isa = PBXContainerItemProxy;
			containerPortal = 3B53FE5929278A7E0057473C /* Project object */;
			proxyType = 1;
			remoteGlobalIDString = 3B53FE6129278A7E0057473C;
			remoteInfo = Feed;
		};
		3BAF8B0E296EA1B8002D114B /* PBXContainerItemProxy */ = {
			isa = PBXContainerItemProxy;
			containerPortal = 3B53FE5929278A7E0057473C /* Project object */;
			proxyType = 1;
			remoteGlobalIDString = 3BAF8B02296EA1B8002D114B;
			remoteInfo = FeediOS;
		};
		3BBE491A296FCB71001FE56C /* PBXContainerItemProxy */ = {
			isa = PBXContainerItemProxy;
			containerPortal = 3B53FE5929278A7E0057473C /* Project object */;
			proxyType = 1;
			remoteGlobalIDString = 3B53FE6129278A7E0057473C;
			remoteInfo = Feed;
		};
/* End PBXContainerItemProxy section */

/* Begin PBXCopyFilesBuildPhase section */
		3BBE491C296FCB71001FE56C /* Embed Frameworks */ = {
			isa = PBXCopyFilesBuildPhase;
			buildActionMask = 2147483647;
			dstPath = "";
			dstSubfolderSpec = 10;
			files = (
				3BBE4919296FCB71001FE56C /* Feed.framework in Embed Frameworks */,
			);
			name = "Embed Frameworks";
			runOnlyForDeploymentPostprocessing = 0;
		};
/* End PBXCopyFilesBuildPhase section */

/* Begin PBXFileReference section */
		3B060E0729377702005A1566 /* XCTestCase+MemoryLeakTracking.swift */ = {isa = PBXFileReference; lastKnownFileType = sourcecode.swift; path = "XCTestCase+MemoryLeakTracking.swift"; sourceTree = "<group>"; };
		3B060E0929379F0A005A1566 /* URLSessionHTTPClient.swift */ = {isa = PBXFileReference; lastKnownFileType = sourcecode.swift; path = URLSessionHTTPClient.swift; sourceTree = "<group>"; };
		3B060E0F293C6407005A1566 /* FeedAPIEndToEndTests.xctest */ = {isa = PBXFileReference; explicitFileType = wrapper.cfbundle; includeInIndex = 0; path = FeedAPIEndToEndTests.xctest; sourceTree = BUILT_PRODUCTS_DIR; };
		3B060E11293C6407005A1566 /* FeedAPIEndToEndTests.swift */ = {isa = PBXFileReference; lastKnownFileType = sourcecode.swift; path = FeedAPIEndToEndTests.swift; sourceTree = "<group>"; };
		3B200940297908C90028AFBB /* FeedSnapshotTests.swift */ = {isa = PBXFileReference; lastKnownFileType = sourcecode.swift; path = FeedSnapshotTests.swift; sourceTree = "<group>"; };
		3B20094229790CB50028AFBB /* UITableView+HeaderSizing.swift */ = {isa = PBXFileReference; lastKnownFileType = sourcecode.swift; path = "UITableView+HeaderSizing.swift"; sourceTree = "<group>"; };
		3B2009452979174D0028AFBB /* UIViewController+Snapshot.swift */ = {isa = PBXFileReference; lastKnownFileType = sourcecode.swift; path = "UIViewController+Snapshot.swift"; sourceTree = "<group>"; };
		3B2210B8293713CE00BBEB7E /* URLSessionHTTPClientTests.swift */ = {isa = PBXFileReference; lastKnownFileType = sourcecode.swift; path = URLSessionHTTPClientTests.swift; sourceTree = "<group>"; };
		3B271BAB297EA087005853C4 /* LoadMoreCellController.swift */ = {isa = PBXFileReference; lastKnownFileType = sourcecode.swift; path = LoadMoreCellController.swift; sourceTree = "<group>"; };
		3B271BAD297EA182005853C4 /* FEED_WITH_LOAD_MORE_INDICATOR_light.png */ = {isa = PBXFileReference; lastKnownFileType = image.png; path = FEED_WITH_LOAD_MORE_INDICATOR_light.png; sourceTree = "<group>"; };
		3B271BAE297EA182005853C4 /* FEED_WITH_LOAD_MORE_INDICATOR_dark.png */ = {isa = PBXFileReference; lastKnownFileType = image.png; path = FEED_WITH_LOAD_MORE_INDICATOR_dark.png; sourceTree = "<group>"; };
		3B271BB1297EA52A005853C4 /* LoadMoreCell.swift */ = {isa = PBXFileReference; lastKnownFileType = sourcecode.swift; path = LoadMoreCell.swift; sourceTree = "<group>"; };
		3B271BB3297EC876005853C4 /* FEED_WITH_LOAD_MORE_ERROR_light.png */ = {isa = PBXFileReference; lastKnownFileType = image.png; path = FEED_WITH_LOAD_MORE_ERROR_light.png; sourceTree = "<group>"; };
		3B271BB4297EC876005853C4 /* FEED_WITH_LOAD_MORE_ERROR_dark.png */ = {isa = PBXFileReference; lastKnownFileType = image.png; path = FEED_WITH_LOAD_MORE_ERROR_dark.png; sourceTree = "<group>"; };
		3B271BB5297EC876005853C4 /* FEED_WITH_LOAD_MORE_ERROR_light_extraExtraExtraLarge.png */ = {isa = PBXFileReference; lastKnownFileType = image.png; path = FEED_WITH_LOAD_MORE_ERROR_light_extraExtraExtraLarge.png; sourceTree = "<group>"; };
		3B2E72652966E2A8000722AF /* ValidateFeedCacheUseCaseTests.swift */ = {isa = PBXFileReference; lastKnownFileType = sourcecode.swift; path = ValidateFeedCacheUseCaseTests.swift; sourceTree = "<group>"; };
		3B2E72672966FA45000722AF /* FeedCacheTestHelpers.swift */ = {isa = PBXFileReference; lastKnownFileType = sourcecode.swift; path = FeedCacheTestHelpers.swift; sourceTree = "<group>"; };
		3B2E72692966FB6D000722AF /* SharedTestHelpers.swift */ = {isa = PBXFileReference; lastKnownFileType = sourcecode.swift; path = SharedTestHelpers.swift; sourceTree = "<group>"; };
		3B341B62297BA92D002E9F0C /* ExpenseNotesPresenterTests.swift */ = {isa = PBXFileReference; lastKnownFileType = sourcecode.swift; path = ExpenseNotesPresenterTests.swift; sourceTree = "<group>"; };
		3B341B65297BA9A9002E9F0C /* ExpenseNotesPresenter.swift */ = {isa = PBXFileReference; lastKnownFileType = sourcecode.swift; path = ExpenseNotesPresenter.swift; sourceTree = "<group>"; };
		3B341B6A297BA9F2002E9F0C /* en */ = {isa = PBXFileReference; lastKnownFileType = text.plist.strings; name = en; path = en.lproj/ExpenseNotes.strings; sourceTree = "<group>"; };
		3B341B6C297BA9F3002E9F0C /* ja */ = {isa = PBXFileReference; lastKnownFileType = text.plist.strings; name = ja; path = ja.lproj/ExpenseNotes.strings; sourceTree = "<group>"; };
		3B341B6D297BA9F4002E9F0C /* es */ = {isa = PBXFileReference; lastKnownFileType = text.plist.strings; name = es; path = es.lproj/ExpenseNotes.strings; sourceTree = "<group>"; };
		3B341B6E297BAB45002E9F0C /* ExpenseNotesLocalizationTests.swift */ = {isa = PBXFileReference; lastKnownFileType = sourcecode.swift; path = ExpenseNotesLocalizationTests.swift; sourceTree = "<group>"; };
		3B341B87297BC420002E9F0C /* FEED_WITH_ERROR_MESSAGE_dark.png */ = {isa = PBXFileReference; lastKnownFileType = image.png; path = FEED_WITH_ERROR_MESSAGE_dark.png; sourceTree = "<group>"; };
		3B341B88297BC420002E9F0C /* EMPTY_FEED.png */ = {isa = PBXFileReference; lastKnownFileType = image.png; path = EMPTY_FEED.png; sourceTree = "<group>"; };
		3B341B89297BC420002E9F0C /* FEED_WITH_CONTENT_dark.png */ = {isa = PBXFileReference; lastKnownFileType = image.png; path = FEED_WITH_CONTENT_dark.png; sourceTree = "<group>"; };
		3B341B8A297BC420002E9F0C /* EMPTY_FEED_light.png */ = {isa = PBXFileReference; lastKnownFileType = image.png; path = EMPTY_FEED_light.png; sourceTree = "<group>"; };
		3B341B8B297BC420002E9F0C /* FEED_WITH_CONTENT.png */ = {isa = PBXFileReference; lastKnownFileType = image.png; path = FEED_WITH_CONTENT.png; sourceTree = "<group>"; };
		3B341B8C297BC420002E9F0C /* FEED_WITH_CONTENT_light.png */ = {isa = PBXFileReference; lastKnownFileType = image.png; path = FEED_WITH_CONTENT_light.png; sourceTree = "<group>"; };
		3B341B8D297BC420002E9F0C /* FEED_WITH_ERROR_MESSAGE.png */ = {isa = PBXFileReference; lastKnownFileType = image.png; path = FEED_WITH_ERROR_MESSAGE.png; sourceTree = "<group>"; };
		3B341B8E297BC420002E9F0C /* FEED_WITH_ERROR_MESSAGE_light.png */ = {isa = PBXFileReference; lastKnownFileType = image.png; path = FEED_WITH_ERROR_MESSAGE_light.png; sourceTree = "<group>"; };
		3B341B8F297BC420002E9F0C /* EMPTY_FEED_dark.png */ = {isa = PBXFileReference; lastKnownFileType = image.png; path = EMPTY_FEED_dark.png; sourceTree = "<group>"; };
		3B341B9D297BC81D002E9F0C /* ListSnapshotTests.swift */ = {isa = PBXFileReference; lastKnownFileType = sourcecode.swift; path = ListSnapshotTests.swift; sourceTree = "<group>"; };
		3B341B9F297BC934002E9F0C /* Feed.storyboard */ = {isa = PBXFileReference; fileEncoding = 4; lastKnownFileType = file.storyboard; path = Feed.storyboard; sourceTree = "<group>"; };
		3B341BA3297BCAE8002E9F0C /* ExpenseNoteCellController.swift */ = {isa = PBXFileReference; lastKnownFileType = sourcecode.swift; path = ExpenseNoteCellController.swift; sourceTree = "<group>"; };
		3B341BA6297BCB4E002E9F0C /* ExpenseNoteCell.swift */ = {isa = PBXFileReference; lastKnownFileType = sourcecode.swift; path = ExpenseNoteCell.swift; sourceTree = "<group>"; };
		3B341BA9297BCBF1002E9F0C /* ExpenseNotesSpanshotTests.swift */ = {isa = PBXFileReference; lastKnownFileType = sourcecode.swift; path = ExpenseNotesSpanshotTests.swift; sourceTree = "<group>"; };
		3B341BAB297BCD96002E9F0C /* ExpenseNotes.storyboard */ = {isa = PBXFileReference; lastKnownFileType = file.storyboard; path = ExpenseNotes.storyboard; sourceTree = "<group>"; };
		3B387D2C297AC234002B7901 /* ExpenseNotesMapper.swift */ = {isa = PBXFileReference; lastKnownFileType = sourcecode.swift; path = ExpenseNotesMapper.swift; sourceTree = "<group>"; };
		3B387D33297AC77B002B7901 /* ExpenseNote.swift */ = {isa = PBXFileReference; lastKnownFileType = sourcecode.swift; path = ExpenseNote.swift; sourceTree = "<group>"; };
		3B387D41297AD1A9002B7901 /* FeedItemsMapperTests.swift */ = {isa = PBXFileReference; lastKnownFileType = sourcecode.swift; path = FeedItemsMapperTests.swift; sourceTree = "<group>"; };
		3B387D43297AE311002B7901 /* ExpenseNotesMapperTests.swift */ = {isa = PBXFileReference; lastKnownFileType = sourcecode.swift; path = ExpenseNotesMapperTests.swift; sourceTree = "<group>"; };
		3B452814296D891900763504 /* FeedStoreSpecs.swift */ = {isa = PBXFileReference; lastKnownFileType = sourcecode.swift; path = FeedStoreSpecs.swift; sourceTree = "<group>"; };
		3B452816296D8A6000763504 /* XCTestCase+FeedStoreSpecs.swift */ = {isa = PBXFileReference; lastKnownFileType = sourcecode.swift; path = "XCTestCase+FeedStoreSpecs.swift"; sourceTree = "<group>"; };
		3B452818296D903100763504 /* XCTestCase+FailableRetrieveFeedStoreSpecs.swift */ = {isa = PBXFileReference; lastKnownFileType = sourcecode.swift; path = "XCTestCase+FailableRetrieveFeedStoreSpecs.swift"; sourceTree = "<group>"; };
		3B45281A296D910D00763504 /* XCTestCase+FailableInsertFeedStoreSpecs.swift */ = {isa = PBXFileReference; lastKnownFileType = sourcecode.swift; path = "XCTestCase+FailableInsertFeedStoreSpecs.swift"; sourceTree = "<group>"; };
		3B45281E296DA2FC00763504 /* XCTestCase+FailableDeleteFeedStoreSpecs.swift */ = {isa = PBXFileReference; lastKnownFileType = sourcecode.swift; path = "XCTestCase+FailableDeleteFeedStoreSpecs.swift"; sourceTree = "<group>"; };
		3B452821296DA99700763504 /* CoreDataFeedStoreTests.swift */ = {isa = PBXFileReference; lastKnownFileType = sourcecode.swift; path = CoreDataFeedStoreTests.swift; sourceTree = "<group>"; };
		3B452825296DAA7600763504 /* CoreDataFeedStore.swift */ = {isa = PBXFileReference; lastKnownFileType = sourcecode.swift; path = CoreDataFeedStore.swift; sourceTree = "<group>"; };
		3B452828296DAB9600763504 /* FeedStore.xcdatamodel */ = {isa = PBXFileReference; lastKnownFileType = wrapper.xcdatamodel; path = FeedStore.xcdatamodel; sourceTree = "<group>"; };
		3B45282D296DC5CF00763504 /* CoreDataHelpers.swift */ = {isa = PBXFileReference; lastKnownFileType = sourcecode.swift; path = CoreDataHelpers.swift; sourceTree = "<group>"; };
		3B45282F296DC67F00763504 /* ManagedCache.swift */ = {isa = PBXFileReference; lastKnownFileType = sourcecode.swift; path = ManagedCache.swift; sourceTree = "<group>"; };
		3B452831296DC6B700763504 /* ManagedFeedExpense.swift */ = {isa = PBXFileReference; lastKnownFileType = sourcecode.swift; path = ManagedFeedExpense.swift; sourceTree = "<group>"; };
		3B452837296E68FA00763504 /* FeedCacheIntegrationTests.xctest */ = {isa = PBXFileReference; explicitFileType = wrapper.cfbundle; includeInIndex = 0; path = FeedCacheIntegrationTests.xctest; sourceTree = BUILT_PRODUCTS_DIR; };
		3B452839296E68FA00763504 /* FeedCacheIntegrationTests.swift */ = {isa = PBXFileReference; lastKnownFileType = sourcecode.swift; path = FeedCacheIntegrationTests.swift; sourceTree = "<group>"; };
		3B53FE6229278A7F0057473C /* Feed.framework */ = {isa = PBXFileReference; explicitFileType = wrapper.framework; includeInIndex = 0; path = Feed.framework; sourceTree = BUILT_PRODUCTS_DIR; };
		3B53FE6529278A7F0057473C /* Feed.h */ = {isa = PBXFileReference; lastKnownFileType = sourcecode.c.h; path = Feed.h; sourceTree = "<group>"; };
		3B53FE6629278A7F0057473C /* Feed.docc */ = {isa = PBXFileReference; lastKnownFileType = folder.documentationcatalog; path = Feed.docc; sourceTree = "<group>"; };
		3B53FE6C29278A7F0057473C /* FeedTests.xctest */ = {isa = PBXFileReference; explicitFileType = wrapper.cfbundle; includeInIndex = 0; path = FeedTests.xctest; sourceTree = BUILT_PRODUCTS_DIR; };
		3B53FE862929E42A0057473C /* HTTPClient.swift */ = {isa = PBXFileReference; lastKnownFileType = sourcecode.swift; path = HTTPClient.swift; sourceTree = "<group>"; };
		3B53FE882929E49A0057473C /* FeedItemsMapper.swift */ = {isa = PBXFileReference; lastKnownFileType = sourcecode.swift; path = FeedItemsMapper.swift; sourceTree = "<group>"; };
		3B53FE912929F1D00057473C /* FeedItem.swift */ = {isa = PBXFileReference; lastKnownFileType = sourcecode.swift; path = FeedItem.swift; sourceTree = "<group>"; };
		3B693A9E295C76BF00C31C25 /* LoadFeedFromCacheUseCaseTests.swift */ = {isa = PBXFileReference; lastKnownFileType = sourcecode.swift; path = LoadFeedFromCacheUseCaseTests.swift; sourceTree = "<group>"; };
		3B693AA1295C786300C31C25 /* FeedStoreSpy.swift */ = {isa = PBXFileReference; lastKnownFileType = sourcecode.swift; path = FeedStoreSpy.swift; sourceTree = "<group>"; };
		3B6CBE2C297BD2970001E908 /* CellController.swift */ = {isa = PBXFileReference; lastKnownFileType = sourcecode.swift; path = CellController.swift; sourceTree = "<group>"; };
		3B8CFA252973C2790075713D /* FeedExpenseCellController.swift */ = {isa = PBXFileReference; lastKnownFileType = sourcecode.swift; path = FeedExpenseCellController.swift; sourceTree = "<group>"; };
		3B8CFA3C297410380075713D /* FeedExpenseViewModel.swift */ = {isa = PBXFileReference; lastKnownFileType = sourcecode.swift; path = FeedExpenseViewModel.swift; sourceTree = "<group>"; };
		3B8FB2CE297468FD0019D37A /* UITableView+Dequeueing.swift */ = {isa = PBXFileReference; lastKnownFileType = sourcecode.swift; path = "UITableView+Dequeueing.swift"; sourceTree = "<group>"; };
		3B9ADF922977C20F00F21378 /* FeedCache.swift */ = {isa = PBXFileReference; lastKnownFileType = sourcecode.swift; path = FeedCache.swift; sourceTree = "<group>"; };
		3BA6E79B297529E80059F3F0 /* FeedLocalizationTests.swift */ = {isa = PBXFileReference; lastKnownFileType = sourcecode.swift; path = FeedLocalizationTests.swift; sourceTree = "<group>"; };
		3BA6E7A8297568FE0059F3F0 /* FeedPresenterTests.swift */ = {isa = PBXFileReference; lastKnownFileType = sourcecode.swift; path = FeedPresenterTests.swift; sourceTree = "<group>"; };
		3BA6E7AA2975725F0059F3F0 /* ErrorView.swift */ = {isa = PBXFileReference; lastKnownFileType = sourcecode.swift; path = ErrorView.swift; sourceTree = "<group>"; };
		3BA6E7B3297576A20059F3F0 /* UIRefreshControl+Helpers.swift */ = {isa = PBXFileReference; lastKnownFileType = sourcecode.swift; path = "UIRefreshControl+Helpers.swift"; sourceTree = "<group>"; };
		3BAF8B03296EA1B8002D114B /* FeediOS.framework */ = {isa = PBXFileReference; explicitFileType = wrapper.framework; includeInIndex = 0; path = FeediOS.framework; sourceTree = BUILT_PRODUCTS_DIR; };
		3BAF8B0C296EA1B8002D114B /* FeediOSTests.xctest */ = {isa = PBXFileReference; explicitFileType = wrapper.cfbundle; includeInIndex = 0; path = FeediOSTests.xctest; sourceTree = BUILT_PRODUCTS_DIR; };
		3BB45A8E29438E4400AC6642 /* CacheFeedUseCaseTests.swift */ = {isa = PBXFileReference; lastKnownFileType = sourcecode.swift; path = CacheFeedUseCaseTests.swift; sourceTree = "<group>"; };
		3BB6C91E29687FDF00FAE54C /* FeedCachePolicy.swift */ = {isa = PBXFileReference; lastKnownFileType = sourcecode.swift; path = FeedCachePolicy.swift; sourceTree = "<group>"; };
		3BB788452976E12200E4DA75 /* en */ = {isa = PBXFileReference; lastKnownFileType = text.plist.strings; name = en; path = en.lproj/Feed.strings; sourceTree = "<group>"; };
		3BB788472976E12C00E4DA75 /* ja */ = {isa = PBXFileReference; lastKnownFileType = text.plist.strings; name = ja; path = ja.lproj/Feed.strings; sourceTree = "<group>"; };
		3BB788482976E12D00E4DA75 /* es */ = {isa = PBXFileReference; lastKnownFileType = text.plist.strings; name = es; path = es.lproj/Feed.strings; sourceTree = "<group>"; };
		3BB7884A2976E23100E4DA75 /* FeedPresenter.swift */ = {isa = PBXFileReference; lastKnownFileType = sourcecode.swift; path = FeedPresenter.swift; sourceTree = "<group>"; };
		3BB7884D2976E37400E4DA75 /* FeedViewModel.swift */ = {isa = PBXFileReference; lastKnownFileType = sourcecode.swift; path = FeedViewModel.swift; sourceTree = "<group>"; };
		3BB7884F2976E3C000E4DA75 /* ResourceLoadingViewModel.swift */ = {isa = PBXFileReference; lastKnownFileType = sourcecode.swift; path = ResourceLoadingViewModel.swift; sourceTree = "<group>"; };
		3BB788512976E3F100E4DA75 /* ResourceErrorViewModel.swift */ = {isa = PBXFileReference; lastKnownFileType = sourcecode.swift; path = ResourceErrorViewModel.swift; sourceTree = "<group>"; };
		3BBE491E296FD7B3001FE56C /* ListViewController.swift */ = {isa = PBXFileReference; lastKnownFileType = sourcecode.swift; path = ListViewController.swift; sourceTree = "<group>"; };
		3BBE4920296FE0A9001FE56C /* FeedExpenseCell.swift */ = {isa = PBXFileReference; lastKnownFileType = sourcecode.swift; path = FeedExpenseCell.swift; sourceTree = "<group>"; };
		3BCB55E4297A5AE60031FAAE /* LoadResourcePresenter.swift */ = {isa = PBXFileReference; lastKnownFileType = sourcecode.swift; path = LoadResourcePresenter.swift; sourceTree = "<group>"; };
		3BCB55E7297A5B1E0031FAAE /* LoadResourcePresenterTests.swift */ = {isa = PBXFileReference; lastKnownFileType = sourcecode.swift; path = LoadResourcePresenterTests.swift; sourceTree = "<group>"; };
		3BCB55EE297A5FF30031FAAE /* en */ = {isa = PBXFileReference; lastKnownFileType = text.plist.strings; name = en; path = en.lproj/Shared.strings; sourceTree = "<group>"; };
		3BCB55F0297A5FF90031FAAE /* ja */ = {isa = PBXFileReference; lastKnownFileType = text.plist.strings; name = ja; path = ja.lproj/Shared.strings; sourceTree = "<group>"; };
		3BCB55F1297A5FFA0031FAAE /* es */ = {isa = PBXFileReference; lastKnownFileType = text.plist.strings; name = es; path = es.lproj/Shared.strings; sourceTree = "<group>"; };
		3BCB55F2297A60DE0031FAAE /* SharedLocalizationTests.swift */ = {isa = PBXFileReference; lastKnownFileType = sourcecode.swift; path = SharedLocalizationTests.swift; sourceTree = "<group>"; };
		3BCB55F4297A64900031FAAE /* SharedLocalizationTestHelpers.swift */ = {isa = PBXFileReference; lastKnownFileType = sourcecode.swift; path = SharedLocalizationTestHelpers.swift; sourceTree = "<group>"; };
		3BCB55F6297A65CF0031FAAE /* ResourceLoadingView.swift */ = {isa = PBXFileReference; lastKnownFileType = sourcecode.swift; path = ResourceLoadingView.swift; sourceTree = "<group>"; };
		3BCB55F8297A67330031FAAE /* ResourceErrorView.swift */ = {isa = PBXFileReference; lastKnownFileType = sourcecode.swift; path = ResourceErrorView.swift; sourceTree = "<group>"; };
		3BD6BD6F29780DED004A3EF9 /* CoreDataFeedStore+FeedStore.swift */ = {isa = PBXFileReference; lastKnownFileType = sourcecode.swift; path = "CoreDataFeedStore+FeedStore.swift"; sourceTree = "<group>"; };
		3BD6BD7629782310004A3EF9 /* URLProtocolStub.swift */ = {isa = PBXFileReference; lastKnownFileType = sourcecode.swift; path = URLProtocolStub.swift; sourceTree = "<group>"; };
		3BE2DA69295ACC4300D8BB0B /* LocalFeedLoader.swift */ = {isa = PBXFileReference; lastKnownFileType = sourcecode.swift; path = LocalFeedLoader.swift; sourceTree = "<group>"; };
		3BE2DA6B295ACCEF00D8BB0B /* FeedStore.swift */ = {isa = PBXFileReference; lastKnownFileType = sourcecode.swift; path = FeedStore.swift; sourceTree = "<group>"; };
		3BE2DA6F295B441900D8BB0B /* LocalFeedExpense.swift */ = {isa = PBXFileReference; lastKnownFileType = sourcecode.swift; path = LocalFeedExpense.swift; sourceTree = "<group>"; };
		3BEE7EA2297BE88400896BB9 /* UIView+Container.swift */ = {isa = PBXFileReference; lastKnownFileType = sourcecode.swift; path = "UIView+Container.swift"; sourceTree = "<group>"; };
		3BEE7EAA297BFDA500896BB9 /* FeedEndpoint.swift */ = {isa = PBXFileReference; lastKnownFileType = sourcecode.swift; path = FeedEndpoint.swift; sourceTree = "<group>"; };
		3BEE7EAC297BFDEE00896BB9 /* ExpenseNotesEndpoint.swift */ = {isa = PBXFileReference; lastKnownFileType = sourcecode.swift; path = ExpenseNotesEndpoint.swift; sourceTree = "<group>"; };
		3BEE7EAE297BFE2900896BB9 /* FeedEndpointTests.swift */ = {isa = PBXFileReference; lastKnownFileType = sourcecode.swift; path = FeedEndpointTests.swift; sourceTree = "<group>"; };
		3BEE7EB0297BFE5B00896BB9 /* ExpenseNotesEndpointTests.swift */ = {isa = PBXFileReference; lastKnownFileType = sourcecode.swift; path = ExpenseNotesEndpointTests.swift; sourceTree = "<group>"; };
		3BFA5116297918DD00E13707 /* XCTestCase+Snapshot.swift */ = {isa = PBXFileReference; lastKnownFileType = sourcecode.swift; path = "XCTestCase+Snapshot.swift"; sourceTree = "<group>"; };
/* End PBXFileReference section */

/* Begin PBXFrameworksBuildPhase section */
		3B060E0C293C6407005A1566 /* Frameworks */ = {
			isa = PBXFrameworksBuildPhase;
			buildActionMask = 2147483647;
			files = (
				3B060E13293C6407005A1566 /* Feed.framework in Frameworks */,
			);
			runOnlyForDeploymentPostprocessing = 0;
		};
		3B452834296E68FA00763504 /* Frameworks */ = {
			isa = PBXFrameworksBuildPhase;
			buildActionMask = 2147483647;
			files = (
				3B45283B296E68FA00763504 /* Feed.framework in Frameworks */,
			);
			runOnlyForDeploymentPostprocessing = 0;
		};
		3B53FE5F29278A7E0057473C /* Frameworks */ = {
			isa = PBXFrameworksBuildPhase;
			buildActionMask = 2147483647;
			files = (
			);
			runOnlyForDeploymentPostprocessing = 0;
		};
		3B53FE6929278A7F0057473C /* Frameworks */ = {
			isa = PBXFrameworksBuildPhase;
			buildActionMask = 2147483647;
			files = (
				3B53FE6D29278A7F0057473C /* Feed.framework in Frameworks */,
			);
			runOnlyForDeploymentPostprocessing = 0;
		};
		3BAF8B00296EA1B8002D114B /* Frameworks */ = {
			isa = PBXFrameworksBuildPhase;
			buildActionMask = 2147483647;
			files = (
				3BBE4918296FCB71001FE56C /* Feed.framework in Frameworks */,
			);
			runOnlyForDeploymentPostprocessing = 0;
		};
		3BAF8B09296EA1B8002D114B /* Frameworks */ = {
			isa = PBXFrameworksBuildPhase;
			buildActionMask = 2147483647;
			files = (
				3BAF8B0D296EA1B8002D114B /* FeediOS.framework in Frameworks */,
			);
			runOnlyForDeploymentPostprocessing = 0;
		};
/* End PBXFrameworksBuildPhase section */

/* Begin PBXGroup section */
		3B060E06293776E2005A1566 /* Helpers */ = {
			isa = PBXGroup;
			children = (
				3B060E0729377702005A1566 /* XCTestCase+MemoryLeakTracking.swift */,
				3B2E72692966FB6D000722AF /* SharedTestHelpers.swift */,
				3BCB55F4297A64900031FAAE /* SharedLocalizationTestHelpers.swift */,
			);
			path = Helpers;
			sourceTree = "<group>";
		};
		3B060E10293C6407005A1566 /* FeedAPIEndToEndTests */ = {
			isa = PBXGroup;
			children = (
				3B060E11293C6407005A1566 /* FeedAPIEndToEndTests.swift */,
			);
			path = FeedAPIEndToEndTests;
			sourceTree = "<group>";
		};
		3B200944297917300028AFBB /* Helpers */ = {
			isa = PBXGroup;
			children = (
				3B2009452979174D0028AFBB /* UIViewController+Snapshot.swift */,
				3BFA5116297918DD00E13707 /* XCTestCase+Snapshot.swift */,
			);
			path = Helpers;
			sourceTree = "<group>";
		};
		3B341B61297BA908002E9F0C /* Expense Notes Presentation */ = {
			isa = PBXGroup;
			children = (
				3B341B62297BA92D002E9F0C /* ExpenseNotesPresenterTests.swift */,
				3B341B6E297BAB45002E9F0C /* ExpenseNotesLocalizationTests.swift */,
			);
			path = "Expense Notes Presentation";
			sourceTree = "<group>";
		};
		3B341B64297BA998002E9F0C /* Expense Notes Presentation */ = {
			isa = PBXGroup;
			children = (
				3B341B65297BA9A9002E9F0C /* ExpenseNotesPresenter.swift */,
				3B341B6B297BA9F2002E9F0C /* ExpenseNotes.strings */,
			);
			path = "Expense Notes Presentation";
			sourceTree = "<group>";
		};
		3B341B70297BC2F1002E9F0C /* Feed UI */ = {
			isa = PBXGroup;
			children = (
				3B341B86297BC420002E9F0C /* snapshots */,
				3B200940297908C90028AFBB /* FeedSnapshotTests.swift */,
			);
			path = "Feed UI";
			sourceTree = "<group>";
		};
		3B341B86297BC420002E9F0C /* snapshots */ = {
			isa = PBXGroup;
			children = (
				3B271BB4297EC876005853C4 /* FEED_WITH_LOAD_MORE_ERROR_dark.png */,
				3B271BB5297EC876005853C4 /* FEED_WITH_LOAD_MORE_ERROR_light_extraExtraExtraLarge.png */,
				3B271BB3297EC876005853C4 /* FEED_WITH_LOAD_MORE_ERROR_light.png */,
				3B271BAE297EA182005853C4 /* FEED_WITH_LOAD_MORE_INDICATOR_dark.png */,
				3B271BAD297EA182005853C4 /* FEED_WITH_LOAD_MORE_INDICATOR_light.png */,
				3B341B87297BC420002E9F0C /* FEED_WITH_ERROR_MESSAGE_dark.png */,
				3B341B88297BC420002E9F0C /* EMPTY_FEED.png */,
				3B341B89297BC420002E9F0C /* FEED_WITH_CONTENT_dark.png */,
				3B341B8A297BC420002E9F0C /* EMPTY_FEED_light.png */,
				3B341B8B297BC420002E9F0C /* FEED_WITH_CONTENT.png */,
				3B341B8C297BC420002E9F0C /* FEED_WITH_CONTENT_light.png */,
				3B341B8D297BC420002E9F0C /* FEED_WITH_ERROR_MESSAGE.png */,
				3B341B8E297BC420002E9F0C /* FEED_WITH_ERROR_MESSAGE_light.png */,
				3B341B8F297BC420002E9F0C /* EMPTY_FEED_dark.png */,
			);
			path = snapshots;
			sourceTree = "<group>";
		};
		3B341B99297BC752002E9F0C /* Shared UI */ = {
			isa = PBXGroup;
			children = (
				3B341B9A297BC756002E9F0C /* Controllers */,
				3B341B9B297BC767002E9F0C /* Views */,
			);
			path = "Shared UI";
			sourceTree = "<group>";
		};
		3B341B9A297BC756002E9F0C /* Controllers */ = {
			isa = PBXGroup;
			children = (
				3BBE491E296FD7B3001FE56C /* ListViewController.swift */,
				3B6CBE2C297BD2970001E908 /* CellController.swift */,
			);
			path = Controllers;
			sourceTree = "<group>";
		};
		3B341B9B297BC767002E9F0C /* Views */ = {
			isa = PBXGroup;
			children = (
				3BA6E7AC2975752A0059F3F0 /* Helpers */,
				3BA6E7AA2975725F0059F3F0 /* ErrorView.swift */,
			);
			path = Views;
			sourceTree = "<group>";
		};
		3B341B9C297BC80A002E9F0C /* Shared UI */ = {
			isa = PBXGroup;
			children = (
				3B341B9D297BC81D002E9F0C /* ListSnapshotTests.swift */,
			);
			path = "Shared UI";
			sourceTree = "<group>";
		};
		3B341BA1297BCAB4002E9F0C /* Expense Notes UI */ = {
			isa = PBXGroup;
			children = (
				3B341BA2297BCAD2002E9F0C /* Controllers */,
				3B341BA5297BCB41002E9F0C /* Views */,
			);
			path = "Expense Notes UI";
			sourceTree = "<group>";
		};
		3B341BA2297BCAD2002E9F0C /* Controllers */ = {
			isa = PBXGroup;
			children = (
				3B341BA3297BCAE8002E9F0C /* ExpenseNoteCellController.swift */,
			);
			path = Controllers;
			sourceTree = "<group>";
		};
		3B341BA5297BCB41002E9F0C /* Views */ = {
			isa = PBXGroup;
			children = (
				3B341BA6297BCB4E002E9F0C /* ExpenseNoteCell.swift */,
				3B341BAB297BCD96002E9F0C /* ExpenseNotes.storyboard */,
			);
			path = Views;
			sourceTree = "<group>";
		};
		3B341BA8297BCBD1002E9F0C /* Expense Notes UI */ = {
			isa = PBXGroup;
			children = (
				3B341BA9297BCBF1002E9F0C /* ExpenseNotesSpanshotTests.swift */,
			);
			path = "Expense Notes UI";
			sourceTree = "<group>";
		};
		3B387D32297AC753002B7901 /* Expense Notes Feature */ = {
			isa = PBXGroup;
			children = (
				3B387D33297AC77B002B7901 /* ExpenseNote.swift */,
			);
			path = "Expense Notes Feature";
			sourceTree = "<group>";
		};
		3B387D35297AC9F6002B7901 /* Shared API Infra */ = {
			isa = PBXGroup;
			children = (
				3B060E0929379F0A005A1566 /* URLSessionHTTPClient.swift */,
			);
			path = "Shared API Infra";
			sourceTree = "<group>";
		};
		3B387D36297ACA17002B7901 /* Shared API */ = {
			isa = PBXGroup;
			children = (
				3B53FE862929E42A0057473C /* HTTPClient.swift */,
			);
			path = "Shared API";
			sourceTree = "<group>";
		};
		3B387D37297ACA40002B7901 /* Shared API Infra */ = {
			isa = PBXGroup;
			children = (
				3B387D38297ACA4A002B7901 /* Helpers */,
				3B2210B8293713CE00BBEB7E /* URLSessionHTTPClientTests.swift */,
			);
			path = "Shared API Infra";
			sourceTree = "<group>";
		};
		3B387D38297ACA4A002B7901 /* Helpers */ = {
			isa = PBXGroup;
			children = (
				3BD6BD7629782310004A3EF9 /* URLProtocolStub.swift */,
			);
			path = Helpers;
			sourceTree = "<group>";
		};
		3B387D3B297ACB1E002B7901 /* Expense Notes API */ = {
			isa = PBXGroup;
			children = (
				3B387D2C297AC234002B7901 /* ExpenseNotesMapper.swift */,
				3BEE7EAC297BFDEE00896BB9 /* ExpenseNotesEndpoint.swift */,
			);
			path = "Expense Notes API";
			sourceTree = "<group>";
		};
		3B387D3C297ACB6B002B7901 /* Expense Notes API */ = {
			isa = PBXGroup;
			children = (
				3B387D43297AE311002B7901 /* ExpenseNotesMapperTests.swift */,
				3BEE7EB0297BFE5B00896BB9 /* ExpenseNotesEndpointTests.swift */,
			);
			path = "Expense Notes API";
			sourceTree = "<group>";
		};
		3B452820296DA3A500763504 /* FeedStoreSpecs */ = {
			isa = PBXGroup;
			children = (
				3B452814296D891900763504 /* FeedStoreSpecs.swift */,
				3B452816296D8A6000763504 /* XCTestCase+FeedStoreSpecs.swift */,
				3B452818296D903100763504 /* XCTestCase+FailableRetrieveFeedStoreSpecs.swift */,
				3B45281A296D910D00763504 /* XCTestCase+FailableInsertFeedStoreSpecs.swift */,
				3B45281E296DA2FC00763504 /* XCTestCase+FailableDeleteFeedStoreSpecs.swift */,
			);
			path = FeedStoreSpecs;
			sourceTree = "<group>";
		};
		3B45282A296DC4A800763504 /* Infrastructure */ = {
			isa = PBXGroup;
			children = (
				3B45282B296DC4C600763504 /* CoreData */,
			);
			path = Infrastructure;
			sourceTree = "<group>";
		};
		3B45282B296DC4C600763504 /* CoreData */ = {
			isa = PBXGroup;
			children = (
				3B452825296DAA7600763504 /* CoreDataFeedStore.swift */,
				3B452827296DAB9600763504 /* FeedStore.xcdatamodeld */,
				3B45282D296DC5CF00763504 /* CoreDataHelpers.swift */,
				3B45282F296DC67F00763504 /* ManagedCache.swift */,
				3B452831296DC6B700763504 /* ManagedFeedExpense.swift */,
				3BD6BD6F29780DED004A3EF9 /* CoreDataFeedStore+FeedStore.swift */,
			);
			path = CoreData;
			sourceTree = "<group>";
		};
		3B452838296E68FA00763504 /* FeedCacheIntegrationTests */ = {
			isa = PBXGroup;
			children = (
				3B452839296E68FA00763504 /* FeedCacheIntegrationTests.swift */,
			);
			path = FeedCacheIntegrationTests;
			sourceTree = "<group>";
		};
		3B53FE5829278A7E0057473C = {
			isa = PBXGroup;
			children = (
				3B53FE6429278A7F0057473C /* Feed */,
				3B53FE7029278A7F0057473C /* FeedTests */,
				3B060E10293C6407005A1566 /* FeedAPIEndToEndTests */,
				3B452838296E68FA00763504 /* FeedCacheIntegrationTests */,
				3BAF8B04296EA1B8002D114B /* FeediOS */,
				3BAF8B10296EA1B8002D114B /* FeediOSTests */,
				3B53FE6329278A7F0057473C /* Products */,
				3BBE4917296FCB71001FE56C /* Frameworks */,
			);
			sourceTree = "<group>";
		};
		3B53FE6329278A7F0057473C /* Products */ = {
			isa = PBXGroup;
			children = (
				3B53FE6229278A7F0057473C /* Feed.framework */,
				3B53FE6C29278A7F0057473C /* FeedTests.xctest */,
				3B060E0F293C6407005A1566 /* FeedAPIEndToEndTests.xctest */,
				3B452837296E68FA00763504 /* FeedCacheIntegrationTests.xctest */,
				3BAF8B03296EA1B8002D114B /* FeediOS.framework */,
				3BAF8B0C296EA1B8002D114B /* FeediOSTests.xctest */,
			);
			name = Products;
			sourceTree = "<group>";
		};
		3B53FE6429278A7F0057473C /* Feed */ = {
			isa = PBXGroup;
			children = (
				3B387D36297ACA17002B7901 /* Shared API */,
				3B387D35297AC9F6002B7901 /* Shared API Infra */,
				3BCB55E3297A5AD10031FAAE /* Shared Presentation */,
				3BB788492976E21800E4DA75 /* Feed Presentation */,
				3BE2DA68295ACC2700D8BB0B /* Feed Cache */,
				3B53FE902929F1140057473C /* Feed Feature */,
				3B53FE8329279EE90057473C /* Feed API */,
				3B387D32297AC753002B7901 /* Expense Notes Feature */,
				3B387D3B297ACB1E002B7901 /* Expense Notes API */,
				3B341B64297BA998002E9F0C /* Expense Notes Presentation */,
				3B53FE6529278A7F0057473C /* Feed.h */,
				3B53FE6629278A7F0057473C /* Feed.docc */,
			);
			path = Feed;
			sourceTree = "<group>";
		};
		3B53FE7029278A7F0057473C /* FeedTests */ = {
			isa = PBXGroup;
			children = (
				3B387D37297ACA40002B7901 /* Shared API Infra */,
				3BCB55E6297A5B0E0031FAAE /* Shared Presentation */,
				3BB45A8D29438E2800AC6642 /* Feed Cache */,
				3BA6E7A7297568E10059F3F0 /* Feed Presentation */,
				3B53FE8A2929EC840057473C /* Feed API */,
				3B387D3C297ACB6B002B7901 /* Expense Notes API */,
				3B341B61297BA908002E9F0C /* Expense Notes Presentation */,
				3B060E06293776E2005A1566 /* Helpers */,
			);
			path = FeedTests;
			sourceTree = "<group>";
		};
		3B53FE8329279EE90057473C /* Feed API */ = {
			isa = PBXGroup;
			children = (
				3B53FE882929E49A0057473C /* FeedItemsMapper.swift */,
				3BEE7EAA297BFDA500896BB9 /* FeedEndpoint.swift */,
			);
			path = "Feed API";
			sourceTree = "<group>";
		};
		3B53FE8A2929EC840057473C /* Feed API */ = {
			isa = PBXGroup;
			children = (
				3B387D41297AD1A9002B7901 /* FeedItemsMapperTests.swift */,
				3BEE7EAE297BFE2900896BB9 /* FeedEndpointTests.swift */,
			);
			path = "Feed API";
			sourceTree = "<group>";
		};
		3B53FE902929F1140057473C /* Feed Feature */ = {
			isa = PBXGroup;
			children = (
				3B53FE912929F1D00057473C /* FeedItem.swift */,
				3B9ADF922977C20F00F21378 /* FeedCache.swift */,
			);
			path = "Feed Feature";
			sourceTree = "<group>";
		};
		3B693AA0295C785800C31C25 /* Helpers */ = {
			isa = PBXGroup;
			children = (
				3B693AA1295C786300C31C25 /* FeedStoreSpy.swift */,
				3B2E72672966FA45000722AF /* FeedCacheTestHelpers.swift */,
			);
			path = Helpers;
			sourceTree = "<group>";
		};
		3B8CFA1B2973B9A70075713D /* Feed UI */ = {
			isa = PBXGroup;
			children = (
				3B8CFA1D2973B9BF0075713D /* Controllers */,
				3B8CFA1C2973B9BB0075713D /* Views */,
			);
			path = "Feed UI";
			sourceTree = "<group>";
		};
		3B8CFA1C2973B9BB0075713D /* Views */ = {
			isa = PBXGroup;
			children = (
				3B341B9F297BC934002E9F0C /* Feed.storyboard */,
				3BBE4920296FE0A9001FE56C /* FeedExpenseCell.swift */,
				3B271BB1297EA52A005853C4 /* LoadMoreCell.swift */,
			);
			path = Views;
			sourceTree = "<group>";
		};
		3B8CFA1D2973B9BF0075713D /* Controllers */ = {
			isa = PBXGroup;
			children = (
				3B8CFA252973C2790075713D /* FeedExpenseCellController.swift */,
				3B271BAB297EA087005853C4 /* LoadMoreCellController.swift */,
			);
			path = Controllers;
			sourceTree = "<group>";
		};
		3B8CFA382973D83D0075713D /* Feed Presentation */ = {
			isa = PBXGroup;
			children = (
				3B8CFA3C297410380075713D /* FeedExpenseViewModel.swift */,
			);
			path = "Feed Presentation";
			sourceTree = "<group>";
		};
		3BA6E7A7297568E10059F3F0 /* Feed Presentation */ = {
			isa = PBXGroup;
			children = (
				3BA6E7A8297568FE0059F3F0 /* FeedPresenterTests.swift */,
				3BA6E79B297529E80059F3F0 /* FeedLocalizationTests.swift */,
			);
			path = "Feed Presentation";
			sourceTree = "<group>";
		};
		3BA6E7AC2975752A0059F3F0 /* Helpers */ = {
			isa = PBXGroup;
			children = (
				3B8FB2CE297468FD0019D37A /* UITableView+Dequeueing.swift */,
				3BA6E7B3297576A20059F3F0 /* UIRefreshControl+Helpers.swift */,
				3B20094229790CB50028AFBB /* UITableView+HeaderSizing.swift */,
				3BEE7EA2297BE88400896BB9 /* UIView+Container.swift */,
			);
			path = Helpers;
			sourceTree = "<group>";
		};
		3BAF8B04296EA1B8002D114B /* FeediOS */ = {
			isa = PBXGroup;
			children = (
				3B341B99297BC752002E9F0C /* Shared UI */,
				3B8CFA382973D83D0075713D /* Feed Presentation */,
				3B8CFA1B2973B9A70075713D /* Feed UI */,
				3B341BA1297BCAB4002E9F0C /* Expense Notes UI */,
			);
			path = FeediOS;
			sourceTree = "<group>";
		};
		3BAF8B10296EA1B8002D114B /* FeediOSTests */ = {
			isa = PBXGroup;
			children = (
				3B200944297917300028AFBB /* Helpers */,
				3B341B9C297BC80A002E9F0C /* Shared UI */,
				3B341B70297BC2F1002E9F0C /* Feed UI */,
				3B341BA8297BCBD1002E9F0C /* Expense Notes UI */,
			);
			path = FeediOSTests;
			sourceTree = "<group>";
		};
		3BB45A8D29438E2800AC6642 /* Feed Cache */ = {
			isa = PBXGroup;
			children = (
				3B452820296DA3A500763504 /* FeedStoreSpecs */,
				3B693AA0295C785800C31C25 /* Helpers */,
				3BB45A8E29438E4400AC6642 /* CacheFeedUseCaseTests.swift */,
				3B693A9E295C76BF00C31C25 /* LoadFeedFromCacheUseCaseTests.swift */,
				3B2E72652966E2A8000722AF /* ValidateFeedCacheUseCaseTests.swift */,
				3B452821296DA99700763504 /* CoreDataFeedStoreTests.swift */,
			);
			path = "Feed Cache";
			sourceTree = "<group>";
		};
		3BB788492976E21800E4DA75 /* Feed Presentation */ = {
			isa = PBXGroup;
			children = (
				3BB788462976E12200E4DA75 /* Feed.strings */,
				3BB7884A2976E23100E4DA75 /* FeedPresenter.swift */,
				3BB7884D2976E37400E4DA75 /* FeedViewModel.swift */,
			);
			path = "Feed Presentation";
			sourceTree = "<group>";
		};
		3BBE4917296FCB71001FE56C /* Frameworks */ = {
			isa = PBXGroup;
			children = (
			);
			name = Frameworks;
			sourceTree = "<group>";
		};
		3BCB55E3297A5AD10031FAAE /* Shared Presentation */ = {
			isa = PBXGroup;
			children = (
				3BCB55E4297A5AE60031FAAE /* LoadResourcePresenter.swift */,
				3BCB55EF297A5FF30031FAAE /* Shared.strings */,
				3BCB55F6297A65CF0031FAAE /* ResourceLoadingView.swift */,
				3BB7884F2976E3C000E4DA75 /* ResourceLoadingViewModel.swift */,
				3BB788512976E3F100E4DA75 /* ResourceErrorViewModel.swift */,
				3BCB55F8297A67330031FAAE /* ResourceErrorView.swift */,
			);
			path = "Shared Presentation";
			sourceTree = "<group>";
		};
		3BCB55E6297A5B0E0031FAAE /* Shared Presentation */ = {
			isa = PBXGroup;
			children = (
				3BCB55E7297A5B1E0031FAAE /* LoadResourcePresenterTests.swift */,
				3BCB55F2297A60DE0031FAAE /* SharedLocalizationTests.swift */,
			);
			path = "Shared Presentation";
			sourceTree = "<group>";
		};
		3BE2DA68295ACC2700D8BB0B /* Feed Cache */ = {
			isa = PBXGroup;
			children = (
				3B45282A296DC4A800763504 /* Infrastructure */,
				3BE2DA69295ACC4300D8BB0B /* LocalFeedLoader.swift */,
				3BE2DA6B295ACCEF00D8BB0B /* FeedStore.swift */,
				3BE2DA6F295B441900D8BB0B /* LocalFeedExpense.swift */,
				3BB6C91E29687FDF00FAE54C /* FeedCachePolicy.swift */,
			);
			path = "Feed Cache";
			sourceTree = "<group>";
		};
/* End PBXGroup section */

/* Begin PBXHeadersBuildPhase section */
		3B53FE5D29278A7E0057473C /* Headers */ = {
			isa = PBXHeadersBuildPhase;
			buildActionMask = 2147483647;
			files = (
				3B53FE7329278A7F0057473C /* Feed.h in Headers */,
			);
			runOnlyForDeploymentPostprocessing = 0;
		};
		3BAF8AFE296EA1B8002D114B /* Headers */ = {
			isa = PBXHeadersBuildPhase;
			buildActionMask = 2147483647;
			files = (
			);
			runOnlyForDeploymentPostprocessing = 0;
		};
/* End PBXHeadersBuildPhase section */

/* Begin PBXNativeTarget section */
		3B060E0E293C6407005A1566 /* FeedAPIEndToEndTests */ = {
			isa = PBXNativeTarget;
			buildConfigurationList = 3B060E18293C6407005A1566 /* Build configuration list for PBXNativeTarget "FeedAPIEndToEndTests" */;
			buildPhases = (
				3B060E0B293C6407005A1566 /* Sources */,
				3B060E0C293C6407005A1566 /* Frameworks */,
				3B060E0D293C6407005A1566 /* Resources */,
			);
			buildRules = (
			);
			dependencies = (
				3B060E15293C6407005A1566 /* PBXTargetDependency */,
			);
			name = FeedAPIEndToEndTests;
			productName = FeedAPIEndToEndTests;
			productReference = 3B060E0F293C6407005A1566 /* FeedAPIEndToEndTests.xctest */;
			productType = "com.apple.product-type.bundle.unit-test";
		};
		3B452836296E68FA00763504 /* FeedCacheIntegrationTests */ = {
			isa = PBXNativeTarget;
			buildConfigurationList = 3B45283E296E68FA00763504 /* Build configuration list for PBXNativeTarget "FeedCacheIntegrationTests" */;
			buildPhases = (
				3B452833296E68FA00763504 /* Sources */,
				3B452834296E68FA00763504 /* Frameworks */,
				3B452835296E68FA00763504 /* Resources */,
			);
			buildRules = (
			);
			dependencies = (
				3B45283D296E68FA00763504 /* PBXTargetDependency */,
			);
			name = FeedCacheIntegrationTests;
			productName = FeedCacheIntegrationTests;
			productReference = 3B452837296E68FA00763504 /* FeedCacheIntegrationTests.xctest */;
			productType = "com.apple.product-type.bundle.unit-test";
		};
		3B53FE6129278A7E0057473C /* Feed */ = {
			isa = PBXNativeTarget;
			buildConfigurationList = 3B53FE7629278A7F0057473C /* Build configuration list for PBXNativeTarget "Feed" */;
			buildPhases = (
				3B53FE5D29278A7E0057473C /* Headers */,
				3B53FE5E29278A7E0057473C /* Sources */,
				3B53FE5F29278A7E0057473C /* Frameworks */,
				3B53FE6029278A7E0057473C /* Resources */,
			);
			buildRules = (
			);
			dependencies = (
			);
			name = Feed;
			productName = Feed;
			productReference = 3B53FE6229278A7F0057473C /* Feed.framework */;
			productType = "com.apple.product-type.framework";
		};
		3B53FE6B29278A7F0057473C /* FeedTests */ = {
			isa = PBXNativeTarget;
			buildConfigurationList = 3B53FE7929278A7F0057473C /* Build configuration list for PBXNativeTarget "FeedTests" */;
			buildPhases = (
				3B53FE6829278A7F0057473C /* Sources */,
				3B53FE6929278A7F0057473C /* Frameworks */,
				3B53FE6A29278A7F0057473C /* Resources */,
			);
			buildRules = (
			);
			dependencies = (
				3B53FE6F29278A7F0057473C /* PBXTargetDependency */,
			);
			name = FeedTests;
			productName = FeedTests;
			productReference = 3B53FE6C29278A7F0057473C /* FeedTests.xctest */;
			productType = "com.apple.product-type.bundle.unit-test";
		};
		3BAF8B02296EA1B8002D114B /* FeediOS */ = {
			isa = PBXNativeTarget;
			buildConfigurationList = 3BAF8B14296EA1B8002D114B /* Build configuration list for PBXNativeTarget "FeediOS" */;
			buildPhases = (
				3BAF8AFE296EA1B8002D114B /* Headers */,
				3BAF8AFF296EA1B8002D114B /* Sources */,
				3BAF8B00296EA1B8002D114B /* Frameworks */,
				3BAF8B01296EA1B8002D114B /* Resources */,
				3BBE491C296FCB71001FE56C /* Embed Frameworks */,
			);
			buildRules = (
			);
			dependencies = (
				3BBE491B296FCB71001FE56C /* PBXTargetDependency */,
			);
			name = FeediOS;
			productName = FeediOS;
			productReference = 3BAF8B03296EA1B8002D114B /* FeediOS.framework */;
			productType = "com.apple.product-type.framework";
		};
		3BAF8B0B296EA1B8002D114B /* FeediOSTests */ = {
			isa = PBXNativeTarget;
			buildConfigurationList = 3BAF8B17296EA1B8002D114B /* Build configuration list for PBXNativeTarget "FeediOSTests" */;
			buildPhases = (
				3BAF8B08296EA1B8002D114B /* Sources */,
				3BAF8B09296EA1B8002D114B /* Frameworks */,
				3BAF8B0A296EA1B8002D114B /* Resources */,
			);
			buildRules = (
			);
			dependencies = (
				3BAF8B0F296EA1B8002D114B /* PBXTargetDependency */,
			);
			name = FeediOSTests;
			productName = FeediOSTests;
			productReference = 3BAF8B0C296EA1B8002D114B /* FeediOSTests.xctest */;
			productType = "com.apple.product-type.bundle.unit-test";
		};
/* End PBXNativeTarget section */

/* Begin PBXProject section */
		3B53FE5929278A7E0057473C /* Project object */ = {
			isa = PBXProject;
			attributes = {
				BuildIndependentTargetsInParallel = 1;
				LastSwiftUpdateCheck = 1420;
				LastUpgradeCheck = 1420;
				TargetAttributes = {
					3B060E0E293C6407005A1566 = {
						CreatedOnToolsVersion = 14.1;
					};
					3B452836296E68FA00763504 = {
						CreatedOnToolsVersion = 14.2;
					};
					3B53FE6129278A7E0057473C = {
						CreatedOnToolsVersion = 14.1;
					};
					3B53FE6B29278A7F0057473C = {
						CreatedOnToolsVersion = 14.1;
					};
					3BAF8B02296EA1B8002D114B = {
						CreatedOnToolsVersion = 14.2;
						LastSwiftMigration = 1420;
					};
					3BAF8B0B296EA1B8002D114B = {
						CreatedOnToolsVersion = 14.2;
						LastSwiftMigration = 1420;
					};
				};
			};
			buildConfigurationList = 3B53FE5C29278A7E0057473C /* Build configuration list for PBXProject "Feed" */;
			compatibilityVersion = "Xcode 14.0";
			developmentRegion = en;
			hasScannedForEncodings = 0;
			knownRegions = (
				en,
				Base,
				es,
				ja,
			);
			mainGroup = 3B53FE5829278A7E0057473C;
			productRefGroup = 3B53FE6329278A7F0057473C /* Products */;
			projectDirPath = "";
			projectRoot = "";
			targets = (
				3B53FE6129278A7E0057473C /* Feed */,
				3B53FE6B29278A7F0057473C /* FeedTests */,
				3B060E0E293C6407005A1566 /* FeedAPIEndToEndTests */,
				3B452836296E68FA00763504 /* FeedCacheIntegrationTests */,
				3BAF8B02296EA1B8002D114B /* FeediOS */,
				3BAF8B0B296EA1B8002D114B /* FeediOSTests */,
			);
		};
/* End PBXProject section */

/* Begin PBXResourcesBuildPhase section */
		3B060E0D293C6407005A1566 /* Resources */ = {
			isa = PBXResourcesBuildPhase;
			buildActionMask = 2147483647;
			files = (
			);
			runOnlyForDeploymentPostprocessing = 0;
		};
		3B452835296E68FA00763504 /* Resources */ = {
			isa = PBXResourcesBuildPhase;
			buildActionMask = 2147483647;
			files = (
			);
			runOnlyForDeploymentPostprocessing = 0;
		};
		3B53FE6029278A7E0057473C /* Resources */ = {
			isa = PBXResourcesBuildPhase;
			buildActionMask = 2147483647;
			files = (
				3BB7884C2976E33B00E4DA75 /* Feed.strings in Resources */,
				3B341B69297BA9F2002E9F0C /* ExpenseNotes.strings in Resources */,
				3BCB55ED297A5FF30031FAAE /* Shared.strings in Resources */,
			);
			runOnlyForDeploymentPostprocessing = 0;
		};
		3B53FE6A29278A7F0057473C /* Resources */ = {
			isa = PBXResourcesBuildPhase;
			buildActionMask = 2147483647;
			files = (
			);
			runOnlyForDeploymentPostprocessing = 0;
		};
		3BAF8B01296EA1B8002D114B /* Resources */ = {
			isa = PBXResourcesBuildPhase;
			buildActionMask = 2147483647;
			files = (
				3B341BA0297BC934002E9F0C /* Feed.storyboard in Resources */,
				3B341BAC297BCD96002E9F0C /* ExpenseNotes.storyboard in Resources */,
			);
			runOnlyForDeploymentPostprocessing = 0;
		};
		3BAF8B0A296EA1B8002D114B /* Resources */ = {
			isa = PBXResourcesBuildPhase;
			buildActionMask = 2147483647;
			files = (
				3B341B93297BC420002E9F0C /* EMPTY_FEED_light.png in Resources */,
				3B341B96297BC420002E9F0C /* FEED_WITH_ERROR_MESSAGE.png in Resources */,
				3B341B90297BC420002E9F0C /* FEED_WITH_ERROR_MESSAGE_dark.png in Resources */,
				3B341B92297BC420002E9F0C /* FEED_WITH_CONTENT_dark.png in Resources */,
				3B341B91297BC420002E9F0C /* EMPTY_FEED.png in Resources */,
				3B271BB8297EC876005853C4 /* FEED_WITH_LOAD_MORE_ERROR_light_extraExtraExtraLarge.png in Resources */,
				3B341B97297BC420002E9F0C /* FEED_WITH_ERROR_MESSAGE_light.png in Resources */,
				3B271BB6297EC876005853C4 /* FEED_WITH_LOAD_MORE_ERROR_light.png in Resources */,
				3B341B98297BC420002E9F0C /* EMPTY_FEED_dark.png in Resources */,
				3B271BAF297EA182005853C4 /* FEED_WITH_LOAD_MORE_INDICATOR_light.png in Resources */,
				3B341B95297BC420002E9F0C /* FEED_WITH_CONTENT_light.png in Resources */,
				3B271BB7297EC876005853C4 /* FEED_WITH_LOAD_MORE_ERROR_dark.png in Resources */,
				3B271BB0297EA182005853C4 /* FEED_WITH_LOAD_MORE_INDICATOR_dark.png in Resources */,
				3B341B94297BC420002E9F0C /* FEED_WITH_CONTENT.png in Resources */,
			);
			runOnlyForDeploymentPostprocessing = 0;
		};
/* End PBXResourcesBuildPhase section */

/* Begin PBXSourcesBuildPhase section */
		3B060E0B293C6407005A1566 /* Sources */ = {
			isa = PBXSourcesBuildPhase;
			buildActionMask = 2147483647;
			files = (
				3B060E12293C6407005A1566 /* FeedAPIEndToEndTests.swift in Sources */,
				3B060E19293C7214005A1566 /* XCTestCase+MemoryLeakTracking.swift in Sources */,
			);
			runOnlyForDeploymentPostprocessing = 0;
		};
		3B452833296E68FA00763504 /* Sources */ = {
			isa = PBXSourcesBuildPhase;
			buildActionMask = 2147483647;
			files = (
				3B452843296E6D2300763504 /* SharedTestHelpers.swift in Sources */,
				3B45283A296E68FA00763504 /* FeedCacheIntegrationTests.swift in Sources */,
				3B452841296E6A9500763504 /* XCTestCase+MemoryLeakTracking.swift in Sources */,
				3B452844296E6EE000763504 /* FeedCacheTestHelpers.swift in Sources */,
			);
			runOnlyForDeploymentPostprocessing = 0;
		};
		3B53FE5E29278A7E0057473C /* Sources */ = {
			isa = PBXSourcesBuildPhase;
			buildActionMask = 2147483647;
			files = (
				3BEE7EAB297BFDA500896BB9 /* FeedEndpoint.swift in Sources */,
				3BB7884E2976E37400E4DA75 /* FeedViewModel.swift in Sources */,
				3BCB55F9297A67330031FAAE /* ResourceErrorView.swift in Sources */,
				3B387D2D297AC234002B7901 /* ExpenseNotesMapper.swift in Sources */,
				3BE2DA70295B441900D8BB0B /* LocalFeedExpense.swift in Sources */,
				3B452829296DAB9600763504 /* FeedStore.xcdatamodeld in Sources */,
				3BB788522976E3F100E4DA75 /* ResourceErrorViewModel.swift in Sources */,
				3BEE7EAD297BFDEE00896BB9 /* ExpenseNotesEndpoint.swift in Sources */,
				3BE2DA6C295ACCEF00D8BB0B /* FeedStore.swift in Sources */,
				3B060E0A29379F0A005A1566 /* URLSessionHTTPClient.swift in Sources */,
				3BCB55E5297A5AE60031FAAE /* LoadResourcePresenter.swift in Sources */,
				3BB7884B2976E23100E4DA75 /* FeedPresenter.swift in Sources */,
				3BB788502976E3C000E4DA75 /* ResourceLoadingViewModel.swift in Sources */,
				3BD6BD7029780DED004A3EF9 /* CoreDataFeedStore+FeedStore.swift in Sources */,
				3B45282E296DC5CF00763504 /* CoreDataHelpers.swift in Sources */,
				3B341B66297BA9A9002E9F0C /* ExpenseNotesPresenter.swift in Sources */,
				3B53FE872929E42A0057473C /* HTTPClient.swift in Sources */,
				3B452826296DAA7600763504 /* CoreDataFeedStore.swift in Sources */,
				3B452830296DC67F00763504 /* ManagedCache.swift in Sources */,
				3B9ADF932977C20F00F21378 /* FeedCache.swift in Sources */,
				3B452832296DC6B700763504 /* ManagedFeedExpense.swift in Sources */,
				3B53FE892929E49A0057473C /* FeedItemsMapper.swift in Sources */,
				3BB6C91F29687FDF00FAE54C /* FeedCachePolicy.swift in Sources */,
				3B53FE922929F1D00057473C /* FeedItem.swift in Sources */,
				3BCB55F7297A65CF0031FAAE /* ResourceLoadingView.swift in Sources */,
				3BE2DA6A295ACC4300D8BB0B /* LocalFeedLoader.swift in Sources */,
				3B53FE6729278A7F0057473C /* Feed.docc in Sources */,
				3B387D34297AC77B002B7901 /* ExpenseNote.swift in Sources */,
			);
			runOnlyForDeploymentPostprocessing = 0;
		};
		3B53FE6829278A7F0057473C /* Sources */ = {
			isa = PBXSourcesBuildPhase;
			buildActionMask = 2147483647;
			files = (
				3B387D44297AE311002B7901 /* ExpenseNotesMapperTests.swift in Sources */,
				3B2E72682966FA46000722AF /* FeedCacheTestHelpers.swift in Sources */,
				3BEE7EAF297BFE2900896BB9 /* FeedEndpointTests.swift in Sources */,
				3B2E72662966E2A8000722AF /* ValidateFeedCacheUseCaseTests.swift in Sources */,
				3B341B6F297BAB45002E9F0C /* ExpenseNotesLocalizationTests.swift in Sources */,
				3BA6E7A9297568FE0059F3F0 /* FeedPresenterTests.swift in Sources */,
				3BCB55F3297A60DE0031FAAE /* SharedLocalizationTests.swift in Sources */,
				3BEE7EB1297BFE5B00896BB9 /* ExpenseNotesEndpointTests.swift in Sources */,
				3B45281B296D910D00763504 /* XCTestCase+FailableInsertFeedStoreSpecs.swift in Sources */,
				3BB788532976E5DD00E4DA75 /* FeedLocalizationTests.swift in Sources */,
				3B2210B9293713CE00BBEB7E /* URLSessionHTTPClientTests.swift in Sources */,
				3B693AA2295C786300C31C25 /* FeedStoreSpy.swift in Sources */,
				3B2E726A2966FB6D000722AF /* SharedTestHelpers.swift in Sources */,
				3BB45A8F29438E4400AC6642 /* CacheFeedUseCaseTests.swift in Sources */,
				3B452819296D903100763504 /* XCTestCase+FailableRetrieveFeedStoreSpecs.swift in Sources */,
				3BCB55E8297A5B1E0031FAAE /* LoadResourcePresenterTests.swift in Sources */,
				3B693A9F295C76BF00C31C25 /* LoadFeedFromCacheUseCaseTests.swift in Sources */,
				3B452815296D891900763504 /* FeedStoreSpecs.swift in Sources */,
				3B060E0829377702005A1566 /* XCTestCase+MemoryLeakTracking.swift in Sources */,
				3BD6BD7729782310004A3EF9 /* URLProtocolStub.swift in Sources */,
				3B45281F296DA2FC00763504 /* XCTestCase+FailableDeleteFeedStoreSpecs.swift in Sources */,
				3B387D42297AD1A9002B7901 /* FeedItemsMapperTests.swift in Sources */,
				3BCB55F5297A64900031FAAE /* SharedLocalizationTestHelpers.swift in Sources */,
				3B452822296DA99700763504 /* CoreDataFeedStoreTests.swift in Sources */,
				3B452817296D8A6000763504 /* XCTestCase+FeedStoreSpecs.swift in Sources */,
				3B341B63297BA92D002E9F0C /* ExpenseNotesPresenterTests.swift in Sources */,
			);
			runOnlyForDeploymentPostprocessing = 0;
		};
		3BAF8AFF296EA1B8002D114B /* Sources */ = {
			isa = PBXSourcesBuildPhase;
			buildActionMask = 2147483647;
			files = (
				3B341BA7297BCB4E002E9F0C /* ExpenseNoteCell.swift in Sources */,
				3BBE4921296FE0A9001FE56C /* FeedExpenseCell.swift in Sources */,
				3B8CFA3D297410380075713D /* FeedExpenseViewModel.swift in Sources */,
				3B20094329790CB50028AFBB /* UITableView+HeaderSizing.swift in Sources */,
				3BEE7EA3297BE88400896BB9 /* UIView+Container.swift in Sources */,
				3BA6E7B4297576A20059F3F0 /* UIRefreshControl+Helpers.swift in Sources */,
				3BBE491F296FD7B3001FE56C /* ListViewController.swift in Sources */,
				3B8FB2CF297468FD0019D37A /* UITableView+Dequeueing.swift in Sources */,
				3B271BB2297EA52A005853C4 /* LoadMoreCell.swift in Sources */,
				3B6CBE2D297BD2970001E908 /* CellController.swift in Sources */,
				3BA6E7AB2975725F0059F3F0 /* ErrorView.swift in Sources */,
				3B341BA4297BCAE8002E9F0C /* ExpenseNoteCellController.swift in Sources */,
				3B8CFA262973C2790075713D /* FeedExpenseCellController.swift in Sources */,
				3B271BAC297EA087005853C4 /* LoadMoreCellController.swift in Sources */,
			);
			runOnlyForDeploymentPostprocessing = 0;
		};
		3BAF8B08296EA1B8002D114B /* Sources */ = {
			isa = PBXSourcesBuildPhase;
			buildActionMask = 2147483647;
			files = (
				3BBE491D296FCC37001FE56C /* XCTestCase+MemoryLeakTracking.swift in Sources */,
				3B2009462979174D0028AFBB /* UIViewController+Snapshot.swift in Sources */,
				3B341BAA297BCBF1002E9F0C /* ExpenseNotesSpanshotTests.swift in Sources */,
				3B341B9E297BC81D002E9F0C /* ListSnapshotTests.swift in Sources */,
				3BFA5117297918DD00E13707 /* XCTestCase+Snapshot.swift in Sources */,
				3B200941297908C90028AFBB /* FeedSnapshotTests.swift in Sources */,
			);
			runOnlyForDeploymentPostprocessing = 0;
		};
/* End PBXSourcesBuildPhase section */

/* Begin PBXTargetDependency section */
		3B060E15293C6407005A1566 /* PBXTargetDependency */ = {
			isa = PBXTargetDependency;
			target = 3B53FE6129278A7E0057473C /* Feed */;
			targetProxy = 3B060E14293C6407005A1566 /* PBXContainerItemProxy */;
		};
		3B45283D296E68FA00763504 /* PBXTargetDependency */ = {
			isa = PBXTargetDependency;
			target = 3B53FE6129278A7E0057473C /* Feed */;
			targetProxy = 3B45283C296E68FA00763504 /* PBXContainerItemProxy */;
		};
		3B53FE6F29278A7F0057473C /* PBXTargetDependency */ = {
			isa = PBXTargetDependency;
			target = 3B53FE6129278A7E0057473C /* Feed */;
			targetProxy = 3B53FE6E29278A7F0057473C /* PBXContainerItemProxy */;
		};
		3BAF8B0F296EA1B8002D114B /* PBXTargetDependency */ = {
			isa = PBXTargetDependency;
			target = 3BAF8B02296EA1B8002D114B /* FeediOS */;
			targetProxy = 3BAF8B0E296EA1B8002D114B /* PBXContainerItemProxy */;
		};
		3BBE491B296FCB71001FE56C /* PBXTargetDependency */ = {
			isa = PBXTargetDependency;
			platformFilter = ios;
			target = 3B53FE6129278A7E0057473C /* Feed */;
			targetProxy = 3BBE491A296FCB71001FE56C /* PBXContainerItemProxy */;
		};
/* End PBXTargetDependency section */

/* Begin PBXVariantGroup section */
		3B341B6B297BA9F2002E9F0C /* ExpenseNotes.strings */ = {
			isa = PBXVariantGroup;
			children = (
				3B341B6A297BA9F2002E9F0C /* en */,
				3B341B6C297BA9F3002E9F0C /* ja */,
				3B341B6D297BA9F4002E9F0C /* es */,
			);
			name = ExpenseNotes.strings;
			sourceTree = "<group>";
		};
		3BB788462976E12200E4DA75 /* Feed.strings */ = {
			isa = PBXVariantGroup;
			children = (
				3BB788452976E12200E4DA75 /* en */,
				3BB788472976E12C00E4DA75 /* ja */,
				3BB788482976E12D00E4DA75 /* es */,
			);
			name = Feed.strings;
			sourceTree = "<group>";
		};
		3BCB55EF297A5FF30031FAAE /* Shared.strings */ = {
			isa = PBXVariantGroup;
			children = (
				3BCB55EE297A5FF30031FAAE /* en */,
				3BCB55F0297A5FF90031FAAE /* ja */,
				3BCB55F1297A5FFA0031FAAE /* es */,
			);
			name = Shared.strings;
			sourceTree = "<group>";
		};
/* End PBXVariantGroup section */

/* Begin XCBuildConfiguration section */
		3B060E16293C6407005A1566 /* Debug */ = {
			isa = XCBuildConfiguration;
			buildSettings = {
				CODE_SIGN_STYLE = Automatic;
				CURRENT_PROJECT_VERSION = 1;
				DEAD_CODE_STRIPPING = YES;
				DEVELOPMENT_TEAM = WCQRQ8RKJR;
				GENERATE_INFOPLIST_FILE = YES;
				MARKETING_VERSION = 1.0;
				PRODUCT_BUNDLE_IDENTIFIER = com.m00nbek.FeedAPIEndToEndTests;
				PRODUCT_NAME = "$(TARGET_NAME)";
				SUPPORTED_PLATFORMS = "macosx iphoneos iphonesimulator";
				SWIFT_EMIT_LOC_STRINGS = NO;
				SWIFT_VERSION = 5.0;
			};
			name = Debug;
		};
		3B060E17293C6407005A1566 /* Release */ = {
			isa = XCBuildConfiguration;
			buildSettings = {
				CODE_SIGN_STYLE = Automatic;
				CURRENT_PROJECT_VERSION = 1;
				DEAD_CODE_STRIPPING = YES;
				DEVELOPMENT_TEAM = WCQRQ8RKJR;
				GENERATE_INFOPLIST_FILE = YES;
				MARKETING_VERSION = 1.0;
				PRODUCT_BUNDLE_IDENTIFIER = com.m00nbek.FeedAPIEndToEndTests;
				PRODUCT_NAME = "$(TARGET_NAME)";
				SUPPORTED_PLATFORMS = "macosx iphoneos iphonesimulator";
				SWIFT_EMIT_LOC_STRINGS = NO;
				SWIFT_VERSION = 5.0;
			};
			name = Release;
		};
		3B45283F296E68FA00763504 /* Debug */ = {
			isa = XCBuildConfiguration;
			buildSettings = {
				CODE_SIGN_STYLE = Automatic;
				CURRENT_PROJECT_VERSION = 1;
				DEVELOPMENT_TEAM = WCQRQ8RKJR;
				GENERATE_INFOPLIST_FILE = YES;
				MARKETING_VERSION = 1.0;
				PRODUCT_BUNDLE_IDENTIFIER = com.m00nbek.FeedCacheIntegrationTests;
				PRODUCT_NAME = "$(TARGET_NAME)";
				SUPPORTED_PLATFORMS = "macosx iphoneos iphonesimulator";
				SWIFT_EMIT_LOC_STRINGS = NO;
				SWIFT_VERSION = 5.0;
			};
			name = Debug;
		};
		3B452840296E68FA00763504 /* Release */ = {
			isa = XCBuildConfiguration;
			buildSettings = {
				CODE_SIGN_STYLE = Automatic;
				CURRENT_PROJECT_VERSION = 1;
				DEVELOPMENT_TEAM = WCQRQ8RKJR;
				GENERATE_INFOPLIST_FILE = YES;
				MARKETING_VERSION = 1.0;
				PRODUCT_BUNDLE_IDENTIFIER = com.m00nbek.FeedCacheIntegrationTests;
				PRODUCT_NAME = "$(TARGET_NAME)";
				SUPPORTED_PLATFORMS = "macosx iphoneos iphonesimulator";
				SWIFT_EMIT_LOC_STRINGS = NO;
				SWIFT_VERSION = 5.0;
			};
			name = Release;
		};
		3B53FE7429278A7F0057473C /* Debug */ = {
			isa = XCBuildConfiguration;
			buildSettings = {
				ALWAYS_SEARCH_USER_PATHS = NO;
				CLANG_ANALYZER_LOCALIZABILITY_NONLOCALIZED = YES;
				CLANG_ANALYZER_NONNULL = YES;
				CLANG_ANALYZER_NUMBER_OBJECT_CONVERSION = YES_AGGRESSIVE;
				CLANG_CXX_LANGUAGE_STANDARD = "gnu++20";
				CLANG_ENABLE_MODULES = YES;
				CLANG_ENABLE_OBJC_ARC = YES;
				CLANG_ENABLE_OBJC_WEAK = YES;
				CLANG_WARN_BLOCK_CAPTURE_AUTORELEASING = YES;
				CLANG_WARN_BOOL_CONVERSION = YES;
				CLANG_WARN_COMMA = YES;
				CLANG_WARN_CONSTANT_CONVERSION = YES;
				CLANG_WARN_DEPRECATED_OBJC_IMPLEMENTATIONS = YES;
				CLANG_WARN_DIRECT_OBJC_ISA_USAGE = YES_ERROR;
				CLANG_WARN_DOCUMENTATION_COMMENTS = YES;
				CLANG_WARN_EMPTY_BODY = YES;
				CLANG_WARN_ENUM_CONVERSION = YES;
				CLANG_WARN_INFINITE_RECURSION = YES;
				CLANG_WARN_INT_CONVERSION = YES;
				CLANG_WARN_NON_LITERAL_NULL_CONVERSION = YES;
				CLANG_WARN_OBJC_IMPLICIT_RETAIN_SELF = YES;
				CLANG_WARN_OBJC_LITERAL_CONVERSION = YES;
				CLANG_WARN_OBJC_ROOT_CLASS = YES_ERROR;
				CLANG_WARN_QUOTED_INCLUDE_IN_FRAMEWORK_HEADER = YES;
				CLANG_WARN_RANGE_LOOP_ANALYSIS = YES;
				CLANG_WARN_STRICT_PROTOTYPES = YES;
				CLANG_WARN_SUSPICIOUS_MOVE = YES;
				CLANG_WARN_UNGUARDED_AVAILABILITY = YES_AGGRESSIVE;
				CLANG_WARN_UNREACHABLE_CODE = YES;
				CLANG_WARN__DUPLICATE_METHOD_MATCH = YES;
				COPY_PHASE_STRIP = NO;
				CURRENT_PROJECT_VERSION = 1;
				DEAD_CODE_STRIPPING = YES;
				DEBUG_INFORMATION_FORMAT = dwarf;
				ENABLE_STRICT_OBJC_MSGSEND = YES;
				ENABLE_TESTABILITY = YES;
				GCC_C_LANGUAGE_STANDARD = gnu11;
				GCC_DYNAMIC_NO_PIC = NO;
				GCC_NO_COMMON_BLOCKS = YES;
				GCC_OPTIMIZATION_LEVEL = 0;
				GCC_PREPROCESSOR_DEFINITIONS = (
					"DEBUG=1",
					"$(inherited)",
				);
				GCC_WARN_64_TO_32_BIT_CONVERSION = YES;
				GCC_WARN_ABOUT_RETURN_TYPE = YES_ERROR;
				GCC_WARN_UNDECLARED_SELECTOR = YES;
				GCC_WARN_UNINITIALIZED_AUTOS = YES_AGGRESSIVE;
				GCC_WARN_UNUSED_FUNCTION = YES;
				GCC_WARN_UNUSED_VARIABLE = YES;
				MACOSX_DEPLOYMENT_TARGET = 12.6;
				MTL_ENABLE_DEBUG_INFO = INCLUDE_SOURCE;
				MTL_FAST_MATH = YES;
				ONLY_ACTIVE_ARCH = YES;
				SDKROOT = macosx;
				SWIFT_ACTIVE_COMPILATION_CONDITIONS = DEBUG;
				SWIFT_OPTIMIZATION_LEVEL = "-Onone";
				VERSIONING_SYSTEM = "apple-generic";
				VERSION_INFO_PREFIX = "";
			};
			name = Debug;
		};
		3B53FE7529278A7F0057473C /* Release */ = {
			isa = XCBuildConfiguration;
			buildSettings = {
				ALWAYS_SEARCH_USER_PATHS = NO;
				CLANG_ANALYZER_LOCALIZABILITY_NONLOCALIZED = YES;
				CLANG_ANALYZER_NONNULL = YES;
				CLANG_ANALYZER_NUMBER_OBJECT_CONVERSION = YES_AGGRESSIVE;
				CLANG_CXX_LANGUAGE_STANDARD = "gnu++20";
				CLANG_ENABLE_MODULES = YES;
				CLANG_ENABLE_OBJC_ARC = YES;
				CLANG_ENABLE_OBJC_WEAK = YES;
				CLANG_WARN_BLOCK_CAPTURE_AUTORELEASING = YES;
				CLANG_WARN_BOOL_CONVERSION = YES;
				CLANG_WARN_COMMA = YES;
				CLANG_WARN_CONSTANT_CONVERSION = YES;
				CLANG_WARN_DEPRECATED_OBJC_IMPLEMENTATIONS = YES;
				CLANG_WARN_DIRECT_OBJC_ISA_USAGE = YES_ERROR;
				CLANG_WARN_DOCUMENTATION_COMMENTS = YES;
				CLANG_WARN_EMPTY_BODY = YES;
				CLANG_WARN_ENUM_CONVERSION = YES;
				CLANG_WARN_INFINITE_RECURSION = YES;
				CLANG_WARN_INT_CONVERSION = YES;
				CLANG_WARN_NON_LITERAL_NULL_CONVERSION = YES;
				CLANG_WARN_OBJC_IMPLICIT_RETAIN_SELF = YES;
				CLANG_WARN_OBJC_LITERAL_CONVERSION = YES;
				CLANG_WARN_OBJC_ROOT_CLASS = YES_ERROR;
				CLANG_WARN_QUOTED_INCLUDE_IN_FRAMEWORK_HEADER = YES;
				CLANG_WARN_RANGE_LOOP_ANALYSIS = YES;
				CLANG_WARN_STRICT_PROTOTYPES = YES;
				CLANG_WARN_SUSPICIOUS_MOVE = YES;
				CLANG_WARN_UNGUARDED_AVAILABILITY = YES_AGGRESSIVE;
				CLANG_WARN_UNREACHABLE_CODE = YES;
				CLANG_WARN__DUPLICATE_METHOD_MATCH = YES;
				COPY_PHASE_STRIP = NO;
				CURRENT_PROJECT_VERSION = 1;
				DEAD_CODE_STRIPPING = YES;
				DEBUG_INFORMATION_FORMAT = "dwarf-with-dsym";
				ENABLE_NS_ASSERTIONS = NO;
				ENABLE_STRICT_OBJC_MSGSEND = YES;
				GCC_C_LANGUAGE_STANDARD = gnu11;
				GCC_NO_COMMON_BLOCKS = YES;
				GCC_WARN_64_TO_32_BIT_CONVERSION = YES;
				GCC_WARN_ABOUT_RETURN_TYPE = YES_ERROR;
				GCC_WARN_UNDECLARED_SELECTOR = YES;
				GCC_WARN_UNINITIALIZED_AUTOS = YES_AGGRESSIVE;
				GCC_WARN_UNUSED_FUNCTION = YES;
				GCC_WARN_UNUSED_VARIABLE = YES;
				MACOSX_DEPLOYMENT_TARGET = 12.6;
				MTL_ENABLE_DEBUG_INFO = NO;
				MTL_FAST_MATH = YES;
				SDKROOT = macosx;
				SWIFT_COMPILATION_MODE = wholemodule;
				SWIFT_OPTIMIZATION_LEVEL = "-O";
				VERSIONING_SYSTEM = "apple-generic";
				VERSION_INFO_PREFIX = "";
			};
			name = Release;
		};
		3B53FE7729278A7F0057473C /* Debug */ = {
			isa = XCBuildConfiguration;
			buildSettings = {
				CODE_SIGN_STYLE = Automatic;
				COMBINE_HIDPI_IMAGES = YES;
				CURRENT_PROJECT_VERSION = 1;
				DEAD_CODE_STRIPPING = YES;
				DEFINES_MODULE = YES;
				DEVELOPMENT_TEAM = WCQRQ8RKJR;
				DYLIB_COMPATIBILITY_VERSION = 1;
				DYLIB_CURRENT_VERSION = 1;
				DYLIB_INSTALL_NAME_BASE = "@rpath";
				GENERATE_INFOPLIST_FILE = YES;
				INFOPLIST_KEY_NSHumanReadableCopyright = "";
				INSTALL_PATH = "$(LOCAL_LIBRARY_DIR)/Frameworks";
				IPHONEOS_DEPLOYMENT_TARGET = 16.0;
				LD_RUNPATH_SEARCH_PATHS = (
					"$(inherited)",
					"@executable_path/../Frameworks",
					"@loader_path/Frameworks",
				);
				MARKETING_VERSION = 1.0;
				PRODUCT_BUNDLE_IDENTIFIER = com.m00nbek.Feed;
				PRODUCT_NAME = "$(TARGET_NAME:c99extidentifier)";
				SKIP_INSTALL = YES;
				SUPPORTED_PLATFORMS = "macosx iphoneos iphonesimulator";
				SWIFT_EMIT_LOC_STRINGS = YES;
				SWIFT_VERSION = 5.0;
			};
			name = Debug;
		};
		3B53FE7829278A7F0057473C /* Release */ = {
			isa = XCBuildConfiguration;
			buildSettings = {
				CODE_SIGN_STYLE = Automatic;
				COMBINE_HIDPI_IMAGES = YES;
				CURRENT_PROJECT_VERSION = 1;
				DEAD_CODE_STRIPPING = YES;
				DEFINES_MODULE = YES;
				DEVELOPMENT_TEAM = WCQRQ8RKJR;
				DYLIB_COMPATIBILITY_VERSION = 1;
				DYLIB_CURRENT_VERSION = 1;
				DYLIB_INSTALL_NAME_BASE = "@rpath";
				GENERATE_INFOPLIST_FILE = YES;
				INFOPLIST_KEY_NSHumanReadableCopyright = "";
				INSTALL_PATH = "$(LOCAL_LIBRARY_DIR)/Frameworks";
				IPHONEOS_DEPLOYMENT_TARGET = 16.0;
				LD_RUNPATH_SEARCH_PATHS = (
					"$(inherited)",
					"@executable_path/../Frameworks",
					"@loader_path/Frameworks",
				);
				MARKETING_VERSION = 1.0;
				PRODUCT_BUNDLE_IDENTIFIER = com.m00nbek.Feed;
				PRODUCT_NAME = "$(TARGET_NAME:c99extidentifier)";
				SKIP_INSTALL = YES;
				SUPPORTED_PLATFORMS = "macosx iphoneos iphonesimulator";
				SWIFT_EMIT_LOC_STRINGS = YES;
				SWIFT_VERSION = 5.0;
			};
			name = Release;
		};
		3B53FE7A29278A7F0057473C /* Debug */ = {
			isa = XCBuildConfiguration;
			buildSettings = {
				ALWAYS_EMBED_SWIFT_STANDARD_LIBRARIES = YES;
				CODE_SIGN_STYLE = Automatic;
				CURRENT_PROJECT_VERSION = 1;
				DEAD_CODE_STRIPPING = YES;
				DEVELOPMENT_TEAM = WCQRQ8RKJR;
				GENERATE_INFOPLIST_FILE = YES;
				MARKETING_VERSION = 1.0;
				PRODUCT_BUNDLE_IDENTIFIER = com.m00nbek.FeedTests;
				PRODUCT_NAME = "$(TARGET_NAME)";
				SUPPORTED_PLATFORMS = "macosx iphoneos iphonesimulator";
				SWIFT_EMIT_LOC_STRINGS = NO;
				SWIFT_VERSION = 5.0;
			};
			name = Debug;
		};
		3B53FE7B29278A7F0057473C /* Release */ = {
			isa = XCBuildConfiguration;
			buildSettings = {
				ALWAYS_EMBED_SWIFT_STANDARD_LIBRARIES = YES;
				CODE_SIGN_STYLE = Automatic;
				CURRENT_PROJECT_VERSION = 1;
				DEAD_CODE_STRIPPING = YES;
				DEVELOPMENT_TEAM = WCQRQ8RKJR;
				GENERATE_INFOPLIST_FILE = YES;
				MARKETING_VERSION = 1.0;
				PRODUCT_BUNDLE_IDENTIFIER = com.m00nbek.FeedTests;
				PRODUCT_NAME = "$(TARGET_NAME)";
				SUPPORTED_PLATFORMS = "macosx iphoneos iphonesimulator";
				SWIFT_EMIT_LOC_STRINGS = NO;
				SWIFT_VERSION = 5.0;
			};
			name = Release;
		};
		3BAF8B15296EA1B8002D114B /* Debug */ = {
			isa = XCBuildConfiguration;
			buildSettings = {
				CLANG_ENABLE_MODULES = YES;
				CODE_SIGN_STYLE = Automatic;
				CURRENT_PROJECT_VERSION = 1;
				DEFINES_MODULE = YES;
				DEVELOPMENT_TEAM = WCQRQ8RKJR;
				DYLIB_COMPATIBILITY_VERSION = 1;
				DYLIB_CURRENT_VERSION = 1;
				DYLIB_INSTALL_NAME_BASE = "@rpath";
				GENERATE_INFOPLIST_FILE = YES;
				INFOPLIST_KEY_NSHumanReadableCopyright = "";
				INSTALL_PATH = "$(LOCAL_LIBRARY_DIR)/Frameworks";
				IPHONEOS_DEPLOYMENT_TARGET = 16.0;
				LD_RUNPATH_SEARCH_PATHS = (
					"$(inherited)",
					"@executable_path/Frameworks",
					"@loader_path/Frameworks",
				);
				MARKETING_VERSION = 1.0;
				PRODUCT_BUNDLE_IDENTIFIER = com.m00nbek.FeediOS;
				PRODUCT_NAME = "$(TARGET_NAME:c99extidentifier)";
				SDKROOT = iphoneos;
				SKIP_INSTALL = YES;
				SWIFT_EMIT_LOC_STRINGS = YES;
				SWIFT_OPTIMIZATION_LEVEL = "-Onone";
				SWIFT_VERSION = 5.0;
				TARGETED_DEVICE_FAMILY = "1,2";
			};
			name = Debug;
		};
		3BAF8B16296EA1B8002D114B /* Release */ = {
			isa = XCBuildConfiguration;
			buildSettings = {
				CLANG_ENABLE_MODULES = YES;
				CODE_SIGN_STYLE = Automatic;
				CURRENT_PROJECT_VERSION = 1;
				DEFINES_MODULE = YES;
				DEVELOPMENT_TEAM = WCQRQ8RKJR;
				DYLIB_COMPATIBILITY_VERSION = 1;
				DYLIB_CURRENT_VERSION = 1;
				DYLIB_INSTALL_NAME_BASE = "@rpath";
				GENERATE_INFOPLIST_FILE = YES;
				INFOPLIST_KEY_NSHumanReadableCopyright = "";
				INSTALL_PATH = "$(LOCAL_LIBRARY_DIR)/Frameworks";
				IPHONEOS_DEPLOYMENT_TARGET = 16.0;
				LD_RUNPATH_SEARCH_PATHS = (
					"$(inherited)",
					"@executable_path/Frameworks",
					"@loader_path/Frameworks",
				);
				MARKETING_VERSION = 1.0;
				PRODUCT_BUNDLE_IDENTIFIER = com.m00nbek.FeediOS;
				PRODUCT_NAME = "$(TARGET_NAME:c99extidentifier)";
				SDKROOT = iphoneos;
				SKIP_INSTALL = YES;
				SWIFT_EMIT_LOC_STRINGS = YES;
				SWIFT_VERSION = 5.0;
				TARGETED_DEVICE_FAMILY = "1,2";
				VALIDATE_PRODUCT = YES;
			};
			name = Release;
		};
		3BAF8B18296EA1B8002D114B /* Debug */ = {
			isa = XCBuildConfiguration;
			buildSettings = {
				ALWAYS_EMBED_SWIFT_STANDARD_LIBRARIES = YES;
				CLANG_ENABLE_MODULES = YES;
				CODE_SIGN_STYLE = Automatic;
				CURRENT_PROJECT_VERSION = 1;
				DEVELOPMENT_TEAM = WCQRQ8RKJR;
				GENERATE_INFOPLIST_FILE = YES;
				IPHONEOS_DEPLOYMENT_TARGET = 16.0;
				LD_RUNPATH_SEARCH_PATHS = (
					"$(inherited)",
					"@executable_path/Frameworks",
					"@loader_path/Frameworks",
				);
				MARKETING_VERSION = 1.0;
				PRODUCT_BUNDLE_IDENTIFIER = com.m00nbek.FeediOSTests;
				PRODUCT_NAME = "$(TARGET_NAME)";
				SDKROOT = iphoneos;
				SWIFT_EMIT_LOC_STRINGS = NO;
				SWIFT_OPTIMIZATION_LEVEL = "-Onone";
				SWIFT_VERSION = 5.0;
				TARGETED_DEVICE_FAMILY = "1,2";
			};
			name = Debug;
		};
		3BAF8B19296EA1B8002D114B /* Release */ = {
			isa = XCBuildConfiguration;
			buildSettings = {
				ALWAYS_EMBED_SWIFT_STANDARD_LIBRARIES = YES;
				CLANG_ENABLE_MODULES = YES;
				CODE_SIGN_STYLE = Automatic;
				CURRENT_PROJECT_VERSION = 1;
				DEVELOPMENT_TEAM = WCQRQ8RKJR;
				GENERATE_INFOPLIST_FILE = YES;
				IPHONEOS_DEPLOYMENT_TARGET = 16.0;
				LD_RUNPATH_SEARCH_PATHS = (
					"$(inherited)",
					"@executable_path/Frameworks",
					"@loader_path/Frameworks",
				);
				MARKETING_VERSION = 1.0;
				PRODUCT_BUNDLE_IDENTIFIER = com.m00nbek.FeediOSTests;
				PRODUCT_NAME = "$(TARGET_NAME)";
				SDKROOT = iphoneos;
				SWIFT_EMIT_LOC_STRINGS = NO;
				SWIFT_VERSION = 5.0;
				TARGETED_DEVICE_FAMILY = "1,2";
				VALIDATE_PRODUCT = YES;
			};
			name = Release;
		};
/* End XCBuildConfiguration section */

/* Begin XCConfigurationList section */
		3B060E18293C6407005A1566 /* Build configuration list for PBXNativeTarget "FeedAPIEndToEndTests" */ = {
			isa = XCConfigurationList;
			buildConfigurations = (
				3B060E16293C6407005A1566 /* Debug */,
				3B060E17293C6407005A1566 /* Release */,
			);
			defaultConfigurationIsVisible = 0;
			defaultConfigurationName = Release;
		};
		3B45283E296E68FA00763504 /* Build configuration list for PBXNativeTarget "FeedCacheIntegrationTests" */ = {
			isa = XCConfigurationList;
			buildConfigurations = (
				3B45283F296E68FA00763504 /* Debug */,
				3B452840296E68FA00763504 /* Release */,
			);
			defaultConfigurationIsVisible = 0;
			defaultConfigurationName = Release;
		};
		3B53FE5C29278A7E0057473C /* Build configuration list for PBXProject "Feed" */ = {
			isa = XCConfigurationList;
			buildConfigurations = (
				3B53FE7429278A7F0057473C /* Debug */,
				3B53FE7529278A7F0057473C /* Release */,
			);
			defaultConfigurationIsVisible = 0;
			defaultConfigurationName = Release;
		};
		3B53FE7629278A7F0057473C /* Build configuration list for PBXNativeTarget "Feed" */ = {
			isa = XCConfigurationList;
			buildConfigurations = (
				3B53FE7729278A7F0057473C /* Debug */,
				3B53FE7829278A7F0057473C /* Release */,
			);
			defaultConfigurationIsVisible = 0;
			defaultConfigurationName = Release;
		};
		3B53FE7929278A7F0057473C /* Build configuration list for PBXNativeTarget "FeedTests" */ = {
			isa = XCConfigurationList;
			buildConfigurations = (
				3B53FE7A29278A7F0057473C /* Debug */,
				3B53FE7B29278A7F0057473C /* Release */,
			);
			defaultConfigurationIsVisible = 0;
			defaultConfigurationName = Release;
		};
		3BAF8B14296EA1B8002D114B /* Build configuration list for PBXNativeTarget "FeediOS" */ = {
			isa = XCConfigurationList;
			buildConfigurations = (
				3BAF8B15296EA1B8002D114B /* Debug */,
				3BAF8B16296EA1B8002D114B /* Release */,
			);
			defaultConfigurationIsVisible = 0;
			defaultConfigurationName = Release;
		};
		3BAF8B17296EA1B8002D114B /* Build configuration list for PBXNativeTarget "FeediOSTests" */ = {
			isa = XCConfigurationList;
			buildConfigurations = (
				3BAF8B18296EA1B8002D114B /* Debug */,
				3BAF8B19296EA1B8002D114B /* Release */,
			);
			defaultConfigurationIsVisible = 0;
			defaultConfigurationName = Release;
		};
/* End XCConfigurationList section */

/* Begin XCVersionGroup section */
		3B452827296DAB9600763504 /* FeedStore.xcdatamodeld */ = {
			isa = XCVersionGroup;
			children = (
				3B452828296DAB9600763504 /* FeedStore.xcdatamodel */,
			);
			currentVersion = 3B452828296DAB9600763504 /* FeedStore.xcdatamodel */;
			path = FeedStore.xcdatamodeld;
			sourceTree = "<group>";
			versionGroupType = wrapper.xcdatamodel;
		};
/* End XCVersionGroup section */
	};
	rootObject = 3B53FE5929278A7E0057473C /* Project object */;
}
