// !$*UTF8*$!
{
	archiveVersion = 1;
	classes = {
	};
	objectVersion = 56;
	objects = {

/* Begin PBXBuildFile section */
		3B060E0829377702005A1566 /* XCTestCase+MemoryLeakTracking.swift in Sources */ = {isa = PBXBuildFile; fileRef = 3B060E0729377702005A1566 /* XCTestCase+MemoryLeakTracking.swift */; };
		3B060E0A29379F0A005A1566 /* URLSessionHTTPClient.swift in Sources */ = {isa = PBXBuildFile; fileRef = 3B060E0929379F0A005A1566 /* URLSessionHTTPClient.swift */; };
		3B060E12293C6407005A1566 /* FeedAPIEndToEndTests.swift in Sources */ = {isa = PBXBuildFile; fileRef = 3B060E11293C6407005A1566 /* FeedAPIEndToEndTests.swift */; };
		3B060E13293C6407005A1566 /* Feed.framework in Frameworks */ = {isa = PBXBuildFile; fileRef = 3B53FE6229278A7F0057473C /* Feed.framework */; };
		3B060E19293C7214005A1566 /* XCTestCase+MemoryLeakTracking.swift in Sources */ = {isa = PBXBuildFile; fileRef = 3B060E0729377702005A1566 /* XCTestCase+MemoryLeakTracking.swift */; };
		3B2210B9293713CE00BBEB7E /* URLSessionHTTPClientTests.swift in Sources */ = {isa = PBXBuildFile; fileRef = 3B2210B8293713CE00BBEB7E /* URLSessionHTTPClientTests.swift */; };
		3B2E72662966E2A8000722AF /* ValidateFeedCacheUseCaseTests.swift in Sources */ = {isa = PBXBuildFile; fileRef = 3B2E72652966E2A8000722AF /* ValidateFeedCacheUseCaseTests.swift */; };
		3B2E72682966FA46000722AF /* FeedCacheTestHelpers.swift in Sources */ = {isa = PBXBuildFile; fileRef = 3B2E72672966FA45000722AF /* FeedCacheTestHelpers.swift */; };
		3B2E726A2966FB6D000722AF /* SharedTestHelpers.swift in Sources */ = {isa = PBXBuildFile; fileRef = 3B2E72692966FB6D000722AF /* SharedTestHelpers.swift */; };
		3B452815296D891900763504 /* FeedStoreSpecs.swift in Sources */ = {isa = PBXBuildFile; fileRef = 3B452814296D891900763504 /* FeedStoreSpecs.swift */; };
		3B452817296D8A6000763504 /* XCTestCase+FeedStoreSpecs.swift in Sources */ = {isa = PBXBuildFile; fileRef = 3B452816296D8A6000763504 /* XCTestCase+FeedStoreSpecs.swift */; };
		3B452819296D903100763504 /* XCTestCase+FailableRetrieveFeedStoreSpecs.swift in Sources */ = {isa = PBXBuildFile; fileRef = 3B452818296D903100763504 /* XCTestCase+FailableRetrieveFeedStoreSpecs.swift */; };
		3B45281B296D910D00763504 /* XCTestCase+FailableInsertFeedStoreSpecs.swift in Sources */ = {isa = PBXBuildFile; fileRef = 3B45281A296D910D00763504 /* XCTestCase+FailableInsertFeedStoreSpecs.swift */; };
		3B45281F296DA2FC00763504 /* XCTestCase+FailableDeleteFeedStoreSpecs.swift in Sources */ = {isa = PBXBuildFile; fileRef = 3B45281E296DA2FC00763504 /* XCTestCase+FailableDeleteFeedStoreSpecs.swift */; };
		3B452822296DA99700763504 /* CoreDataFeedStoreTests.swift in Sources */ = {isa = PBXBuildFile; fileRef = 3B452821296DA99700763504 /* CoreDataFeedStoreTests.swift */; };
		3B452826296DAA7600763504 /* CoreDataFeedStore.swift in Sources */ = {isa = PBXBuildFile; fileRef = 3B452825296DAA7600763504 /* CoreDataFeedStore.swift */; };
		3B452829296DAB9600763504 /* FeedStore.xcdatamodeld in Sources */ = {isa = PBXBuildFile; fileRef = 3B452827296DAB9600763504 /* FeedStore.xcdatamodeld */; };
		3B45282E296DC5CF00763504 /* CoreDataHelpers.swift in Sources */ = {isa = PBXBuildFile; fileRef = 3B45282D296DC5CF00763504 /* CoreDataHelpers.swift */; };
		3B452830296DC67F00763504 /* ManagedCache.swift in Sources */ = {isa = PBXBuildFile; fileRef = 3B45282F296DC67F00763504 /* ManagedCache.swift */; };
		3B452832296DC6B700763504 /* ManagedFeedExpense.swift in Sources */ = {isa = PBXBuildFile; fileRef = 3B452831296DC6B700763504 /* ManagedFeedExpense.swift */; };
		3B45283A296E68FA00763504 /* FeedCacheIntegrationTests.swift in Sources */ = {isa = PBXBuildFile; fileRef = 3B452839296E68FA00763504 /* FeedCacheIntegrationTests.swift */; };
		3B45283B296E68FA00763504 /* Feed.framework in Frameworks */ = {isa = PBXBuildFile; fileRef = 3B53FE6229278A7F0057473C /* Feed.framework */; };
		3B452841296E6A9500763504 /* XCTestCase+MemoryLeakTracking.swift in Sources */ = {isa = PBXBuildFile; fileRef = 3B060E0729377702005A1566 /* XCTestCase+MemoryLeakTracking.swift */; };
		3B452843296E6D2300763504 /* SharedTestHelpers.swift in Sources */ = {isa = PBXBuildFile; fileRef = 3B2E72692966FB6D000722AF /* SharedTestHelpers.swift */; };
		3B452844296E6EE000763504 /* FeedCacheTestHelpers.swift in Sources */ = {isa = PBXBuildFile; fileRef = 3B2E72672966FA45000722AF /* FeedCacheTestHelpers.swift */; };
		3B53FE6729278A7F0057473C /* Feed.docc in Sources */ = {isa = PBXBuildFile; fileRef = 3B53FE6629278A7F0057473C /* Feed.docc */; };
		3B53FE6D29278A7F0057473C /* Feed.framework in Frameworks */ = {isa = PBXBuildFile; fileRef = 3B53FE6229278A7F0057473C /* Feed.framework */; };
		3B53FE7329278A7F0057473C /* Feed.h in Headers */ = {isa = PBXBuildFile; fileRef = 3B53FE6529278A7F0057473C /* Feed.h */; settings = {ATTRIBUTES = (Public, ); }; };
		3B53FE8229278E360057473C /* LoadFeedFromRemoteUseCaseTests.swift in Sources */ = {isa = PBXBuildFile; fileRef = 3B53FE8129278E360057473C /* LoadFeedFromRemoteUseCaseTests.swift */; };
		3B53FE8529279F040057473C /* RemoteFeedLoader.swift in Sources */ = {isa = PBXBuildFile; fileRef = 3B53FE8429279F040057473C /* RemoteFeedLoader.swift */; };
		3B53FE872929E42A0057473C /* HTTPClient.swift in Sources */ = {isa = PBXBuildFile; fileRef = 3B53FE862929E42A0057473C /* HTTPClient.swift */; };
		3B53FE892929E49A0057473C /* FeedItemsMapper.swift in Sources */ = {isa = PBXBuildFile; fileRef = 3B53FE882929E49A0057473C /* FeedItemsMapper.swift */; };
		3B53FE922929F1D00057473C /* FeedItem.swift in Sources */ = {isa = PBXBuildFile; fileRef = 3B53FE912929F1D00057473C /* FeedItem.swift */; };
		3B53FE942929F1DA0057473C /* FeedLoader.swift in Sources */ = {isa = PBXBuildFile; fileRef = 3B53FE932929F1DA0057473C /* FeedLoader.swift */; };
		3B693A9F295C76BF00C31C25 /* LoadFeedFromCacheUseCaseTests.swift in Sources */ = {isa = PBXBuildFile; fileRef = 3B693A9E295C76BF00C31C25 /* LoadFeedFromCacheUseCaseTests.swift */; };
		3B693AA2295C786300C31C25 /* FeedStoreSpy.swift in Sources */ = {isa = PBXBuildFile; fileRef = 3B693AA1295C786300C31C25 /* FeedStoreSpy.swift */; };
		3B8CFA222973BAD50075713D /* Date+TestHelpers.swift in Sources */ = {isa = PBXBuildFile; fileRef = 3B8CFA212973BAD50075713D /* Date+TestHelpers.swift */; };
		3B8CFA262973C2790075713D /* FeedExpenseCellController.swift in Sources */ = {isa = PBXBuildFile; fileRef = 3B8CFA252973C2790075713D /* FeedExpenseCellController.swift */; };
		3B8CFA292973C6590075713D /* FeedUIComposer.swift in Sources */ = {isa = PBXBuildFile; fileRef = 3B8CFA282973C6590075713D /* FeedUIComposer.swift */; };
		3B8CFA2B2973D0C60075713D /* FeedViewController+TestHelpers.swift in Sources */ = {isa = PBXBuildFile; fileRef = 3B8CFA2A2973D0C60075713D /* FeedViewController+TestHelpers.swift */; };
		3B8CFA2D2973D13E0075713D /* FeedExpenseCell+Helpers.swift in Sources */ = {isa = PBXBuildFile; fileRef = 3B8CFA2C2973D13E0075713D /* FeedExpenseCell+Helpers.swift */; };
		3B8CFA302973D1BB0075713D /* FeedViewController+LoaderSpy.swift in Sources */ = {isa = PBXBuildFile; fileRef = 3B8CFA2F2973D1BB0075713D /* FeedViewController+LoaderSpy.swift */; };
		3B8CFA322973D2CE0075713D /* FeedViewController+Assertions.swift in Sources */ = {isa = PBXBuildFile; fileRef = 3B8CFA312973D2CE0075713D /* FeedViewController+Assertions.swift */; };
		3B8CFA352973D3AA0075713D /* UIControl+TestHelpers.swift in Sources */ = {isa = PBXBuildFile; fileRef = 3B8CFA342973D3AA0075713D /* UIControl+TestHelpers.swift */; };
		3B8CFA372973D3CF0075713D /* UIRefreshControl+TestHelpers.swift in Sources */ = {isa = PBXBuildFile; fileRef = 3B8CFA362973D3CF0075713D /* UIRefreshControl+TestHelpers.swift */; };
		3B8CFA3D297410380075713D /* FeedExpenseViewModel.swift in Sources */ = {isa = PBXBuildFile; fileRef = 3B8CFA3C297410380075713D /* FeedExpenseViewModel.swift */; };
		3B8CFA41297453A30075713D /* Feed.storyboard in Resources */ = {isa = PBXBuildFile; fileRef = 3B8CFA40297453A30075713D /* Feed.storyboard */; };
		3B8FB2CF297468FD0019D37A /* UITableView+Dequeueing.swift in Sources */ = {isa = PBXBuildFile; fileRef = 3B8FB2CE297468FD0019D37A /* UITableView+Dequeueing.swift */; };
		3BA6E7942975277B0059F3F0 /* FeedViewControllerTests+Localization.swift in Sources */ = {isa = PBXBuildFile; fileRef = 3BA6E7932975277B0059F3F0 /* FeedViewControllerTests+Localization.swift */; };
		3BA6E79C297529E80059F3F0 /* FeedLocalizationTests.swift in Sources */ = {isa = PBXBuildFile; fileRef = 3BA6E79B297529E80059F3F0 /* FeedLocalizationTests.swift */; };
		3BA6E79E297548910059F3F0 /* MainQueueDispatchDecorator.swift in Sources */ = {isa = PBXBuildFile; fileRef = 3BA6E79D297548910059F3F0 /* MainQueueDispatchDecorator.swift */; };
		3BA6E7A0297548E70059F3F0 /* WeakRefVirtualProxy.swift in Sources */ = {isa = PBXBuildFile; fileRef = 3BA6E79F297548E70059F3F0 /* WeakRefVirtualProxy.swift */; };
		3BA6E7A4297549B70059F3F0 /* FeedLoaderPresentationAdapter.swift in Sources */ = {isa = PBXBuildFile; fileRef = 3BA6E7A3297549B70059F3F0 /* FeedLoaderPresentationAdapter.swift */; };
		3BA6E7A629754A310059F3F0 /* FeedViewAdapter.swift in Sources */ = {isa = PBXBuildFile; fileRef = 3BA6E7A529754A310059F3F0 /* FeedViewAdapter.swift */; };
		3BA6E7A9297568FE0059F3F0 /* FeedPresenterTests.swift in Sources */ = {isa = PBXBuildFile; fileRef = 3BA6E7A8297568FE0059F3F0 /* FeedPresenterTests.swift */; };
		3BA6E7AB2975725F0059F3F0 /* ErrorView.swift in Sources */ = {isa = PBXBuildFile; fileRef = 3BA6E7AA2975725F0059F3F0 /* ErrorView.swift */; };
		3BA6E7B4297576A20059F3F0 /* UIRefreshControl+Helpers.swift in Sources */ = {isa = PBXBuildFile; fileRef = 3BA6E7B3297576A20059F3F0 /* UIRefreshControl+Helpers.swift */; };
		3BAF8B0D296EA1B8002D114B /* FeediOS.framework in Frameworks */ = {isa = PBXBuildFile; fileRef = 3BAF8B03296EA1B8002D114B /* FeediOS.framework */; };
		3BB45A8F29438E4400AC6642 /* CacheFeedUseCaseTests.swift in Sources */ = {isa = PBXBuildFile; fileRef = 3BB45A8E29438E4400AC6642 /* CacheFeedUseCaseTests.swift */; };
		3BB6C91F29687FDF00FAE54C /* FeedCachePolicy.swift in Sources */ = {isa = PBXBuildFile; fileRef = 3BB6C91E29687FDF00FAE54C /* FeedCachePolicy.swift */; };
		3BB7884B2976E23100E4DA75 /* FeedPresenter.swift in Sources */ = {isa = PBXBuildFile; fileRef = 3BB7884A2976E23100E4DA75 /* FeedPresenter.swift */; };
		3BB7884C2976E33B00E4DA75 /* Feed.strings in Resources */ = {isa = PBXBuildFile; fileRef = 3BB788462976E12200E4DA75 /* Feed.strings */; };
		3BB7884E2976E37400E4DA75 /* FeedViewModel.swift in Sources */ = {isa = PBXBuildFile; fileRef = 3BB7884D2976E37400E4DA75 /* FeedViewModel.swift */; };
		3BB788502976E3C000E4DA75 /* FeedLoadingViewModel.swift in Sources */ = {isa = PBXBuildFile; fileRef = 3BB7884F2976E3C000E4DA75 /* FeedLoadingViewModel.swift */; };
		3BB788522976E3F100E4DA75 /* FeedErrorViewModel.swift in Sources */ = {isa = PBXBuildFile; fileRef = 3BB788512976E3F100E4DA75 /* FeedErrorViewModel.swift */; };
		3BBE4916296FC954001FE56C /* FeedUIIntegrationTests.swift in Sources */ = {isa = PBXBuildFile; fileRef = 3BBE4915296FC954001FE56C /* FeedUIIntegrationTests.swift */; };
		3BBE4918296FCB71001FE56C /* Feed.framework in Frameworks */ = {isa = PBXBuildFile; fileRef = 3B53FE6229278A7F0057473C /* Feed.framework */; platformFilter = ios; };
		3BBE4919296FCB71001FE56C /* Feed.framework in Embed Frameworks */ = {isa = PBXBuildFile; fileRef = 3B53FE6229278A7F0057473C /* Feed.framework */; platformFilter = ios; settings = {ATTRIBUTES = (CodeSignOnCopy, RemoveHeadersOnCopy, ); }; };
		3BBE491D296FCC37001FE56C /* XCTestCase+MemoryLeakTracking.swift in Sources */ = {isa = PBXBuildFile; fileRef = 3B060E0729377702005A1566 /* XCTestCase+MemoryLeakTracking.swift */; };
		3BBE491F296FD7B3001FE56C /* FeedViewController.swift in Sources */ = {isa = PBXBuildFile; fileRef = 3BBE491E296FD7B3001FE56C /* FeedViewController.swift */; };
		3BBE4921296FE0A9001FE56C /* FeedExpenseCell.swift in Sources */ = {isa = PBXBuildFile; fileRef = 3BBE4920296FE0A9001FE56C /* FeedExpenseCell.swift */; };
		3BE2DA6A295ACC4300D8BB0B /* LocalFeedLoader.swift in Sources */ = {isa = PBXBuildFile; fileRef = 3BE2DA69295ACC4300D8BB0B /* LocalFeedLoader.swift */; };
		3BE2DA6C295ACCEF00D8BB0B /* FeedStore.swift in Sources */ = {isa = PBXBuildFile; fileRef = 3BE2DA6B295ACCEF00D8BB0B /* FeedStore.swift */; };
		3BE2DA6E295B43E500D8BB0B /* RemoteFeedItem.swift in Sources */ = {isa = PBXBuildFile; fileRef = 3BE2DA6D295B43E500D8BB0B /* RemoteFeedItem.swift */; };
		3BE2DA70295B441900D8BB0B /* LocalFeedExpense.swift in Sources */ = {isa = PBXBuildFile; fileRef = 3BE2DA6F295B441900D8BB0B /* LocalFeedExpense.swift */; };
/* End PBXBuildFile section */

/* Begin PBXContainerItemProxy section */
		3B060E14293C6407005A1566 /* PBXContainerItemProxy */ = {
			isa = PBXContainerItemProxy;
			containerPortal = 3B53FE5929278A7E0057473C /* Project object */;
			proxyType = 1;
			remoteGlobalIDString = 3B53FE6129278A7E0057473C;
			remoteInfo = Feed;
		};
		3B45283C296E68FA00763504 /* PBXContainerItemProxy */ = {
			isa = PBXContainerItemProxy;
			containerPortal = 3B53FE5929278A7E0057473C /* Project object */;
			proxyType = 1;
			remoteGlobalIDString = 3B53FE6129278A7E0057473C;
			remoteInfo = Feed;
		};
		3B53FE6E29278A7F0057473C /* PBXContainerItemProxy */ = {
			isa = PBXContainerItemProxy;
			containerPortal = 3B53FE5929278A7E0057473C /* Project object */;
			proxyType = 1;
			remoteGlobalIDString = 3B53FE6129278A7E0057473C;
			remoteInfo = Feed;
		};
		3BAF8B0E296EA1B8002D114B /* PBXContainerItemProxy */ = {
			isa = PBXContainerItemProxy;
			containerPortal = 3B53FE5929278A7E0057473C /* Project object */;
			proxyType = 1;
			remoteGlobalIDString = 3BAF8B02296EA1B8002D114B;
			remoteInfo = FeediOS;
		};
		3BBE491A296FCB71001FE56C /* PBXContainerItemProxy */ = {
			isa = PBXContainerItemProxy;
			containerPortal = 3B53FE5929278A7E0057473C /* Project object */;
			proxyType = 1;
			remoteGlobalIDString = 3B53FE6129278A7E0057473C;
			remoteInfo = Feed;
		};
/* End PBXContainerItemProxy section */

/* Begin PBXCopyFilesBuildPhase section */
		3BBE491C296FCB71001FE56C /* Embed Frameworks */ = {
			isa = PBXCopyFilesBuildPhase;
			buildActionMask = 2147483647;
			dstPath = "";
			dstSubfolderSpec = 10;
			files = (
				3BBE4919296FCB71001FE56C /* Feed.framework in Embed Frameworks */,
			);
			name = "Embed Frameworks";
			runOnlyForDeploymentPostprocessing = 0;
		};
/* End PBXCopyFilesBuildPhase section */

/* Begin PBXFileReference section */
		3B060E0729377702005A1566 /* XCTestCase+MemoryLeakTracking.swift */ = {isa = PBXFileReference; lastKnownFileType = sourcecode.swift; path = "XCTestCase+MemoryLeakTracking.swift"; sourceTree = "<group>"; };
		3B060E0929379F0A005A1566 /* URLSessionHTTPClient.swift */ = {isa = PBXFileReference; lastKnownFileType = sourcecode.swift; path = URLSessionHTTPClient.swift; sourceTree = "<group>"; };
		3B060E0F293C6407005A1566 /* FeedAPIEndToEndTests.xctest */ = {isa = PBXFileReference; explicitFileType = wrapper.cfbundle; includeInIndex = 0; path = FeedAPIEndToEndTests.xctest; sourceTree = BUILT_PRODUCTS_DIR; };
		3B060E11293C6407005A1566 /* FeedAPIEndToEndTests.swift */ = {isa = PBXFileReference; lastKnownFileType = sourcecode.swift; path = FeedAPIEndToEndTests.swift; sourceTree = "<group>"; };
		3B2210B8293713CE00BBEB7E /* URLSessionHTTPClientTests.swift */ = {isa = PBXFileReference; lastKnownFileType = sourcecode.swift; path = URLSessionHTTPClientTests.swift; sourceTree = "<group>"; };
		3B2E72652966E2A8000722AF /* ValidateFeedCacheUseCaseTests.swift */ = {isa = PBXFileReference; lastKnownFileType = sourcecode.swift; path = ValidateFeedCacheUseCaseTests.swift; sourceTree = "<group>"; };
		3B2E72672966FA45000722AF /* FeedCacheTestHelpers.swift */ = {isa = PBXFileReference; lastKnownFileType = sourcecode.swift; path = FeedCacheTestHelpers.swift; sourceTree = "<group>"; };
		3B2E72692966FB6D000722AF /* SharedTestHelpers.swift */ = {isa = PBXFileReference; lastKnownFileType = sourcecode.swift; path = SharedTestHelpers.swift; sourceTree = "<group>"; };
		3B452814296D891900763504 /* FeedStoreSpecs.swift */ = {isa = PBXFileReference; lastKnownFileType = sourcecode.swift; path = FeedStoreSpecs.swift; sourceTree = "<group>"; };
		3B452816296D8A6000763504 /* XCTestCase+FeedStoreSpecs.swift */ = {isa = PBXFileReference; lastKnownFileType = sourcecode.swift; path = "XCTestCase+FeedStoreSpecs.swift"; sourceTree = "<group>"; };
		3B452818296D903100763504 /* XCTestCase+FailableRetrieveFeedStoreSpecs.swift */ = {isa = PBXFileReference; lastKnownFileType = sourcecode.swift; path = "XCTestCase+FailableRetrieveFeedStoreSpecs.swift"; sourceTree = "<group>"; };
		3B45281A296D910D00763504 /* XCTestCase+FailableInsertFeedStoreSpecs.swift */ = {isa = PBXFileReference; lastKnownFileType = sourcecode.swift; path = "XCTestCase+FailableInsertFeedStoreSpecs.swift"; sourceTree = "<group>"; };
		3B45281E296DA2FC00763504 /* XCTestCase+FailableDeleteFeedStoreSpecs.swift */ = {isa = PBXFileReference; lastKnownFileType = sourcecode.swift; path = "XCTestCase+FailableDeleteFeedStoreSpecs.swift"; sourceTree = "<group>"; };
		3B452821296DA99700763504 /* CoreDataFeedStoreTests.swift */ = {isa = PBXFileReference; lastKnownFileType = sourcecode.swift; path = CoreDataFeedStoreTests.swift; sourceTree = "<group>"; };
		3B452825296DAA7600763504 /* CoreDataFeedStore.swift */ = {isa = PBXFileReference; lastKnownFileType = sourcecode.swift; path = CoreDataFeedStore.swift; sourceTree = "<group>"; };
		3B452828296DAB9600763504 /* FeedStore.xcdatamodel */ = {isa = PBXFileReference; lastKnownFileType = wrapper.xcdatamodel; path = FeedStore.xcdatamodel; sourceTree = "<group>"; };
		3B45282D296DC5CF00763504 /* CoreDataHelpers.swift */ = {isa = PBXFileReference; lastKnownFileType = sourcecode.swift; path = CoreDataHelpers.swift; sourceTree = "<group>"; };
		3B45282F296DC67F00763504 /* ManagedCache.swift */ = {isa = PBXFileReference; lastKnownFileType = sourcecode.swift; path = ManagedCache.swift; sourceTree = "<group>"; };
		3B452831296DC6B700763504 /* ManagedFeedExpense.swift */ = {isa = PBXFileReference; lastKnownFileType = sourcecode.swift; path = ManagedFeedExpense.swift; sourceTree = "<group>"; };
		3B452837296E68FA00763504 /* FeedCacheIntegrationTests.xctest */ = {isa = PBXFileReference; explicitFileType = wrapper.cfbundle; includeInIndex = 0; path = FeedCacheIntegrationTests.xctest; sourceTree = BUILT_PRODUCTS_DIR; };
		3B452839296E68FA00763504 /* FeedCacheIntegrationTests.swift */ = {isa = PBXFileReference; lastKnownFileType = sourcecode.swift; path = FeedCacheIntegrationTests.swift; sourceTree = "<group>"; };
		3B53FE6229278A7F0057473C /* Feed.framework */ = {isa = PBXFileReference; explicitFileType = wrapper.framework; includeInIndex = 0; path = Feed.framework; sourceTree = BUILT_PRODUCTS_DIR; };
		3B53FE6529278A7F0057473C /* Feed.h */ = {isa = PBXFileReference; lastKnownFileType = sourcecode.c.h; path = Feed.h; sourceTree = "<group>"; };
		3B53FE6629278A7F0057473C /* Feed.docc */ = {isa = PBXFileReference; lastKnownFileType = folder.documentationcatalog; path = Feed.docc; sourceTree = "<group>"; };
		3B53FE6C29278A7F0057473C /* FeedTests.xctest */ = {isa = PBXFileReference; explicitFileType = wrapper.cfbundle; includeInIndex = 0; path = FeedTests.xctest; sourceTree = BUILT_PRODUCTS_DIR; };
		3B53FE8129278E360057473C /* LoadFeedFromRemoteUseCaseTests.swift */ = {isa = PBXFileReference; lastKnownFileType = sourcecode.swift; path = LoadFeedFromRemoteUseCaseTests.swift; sourceTree = "<group>"; };
		3B53FE8429279F040057473C /* RemoteFeedLoader.swift */ = {isa = PBXFileReference; lastKnownFileType = sourcecode.swift; path = RemoteFeedLoader.swift; sourceTree = "<group>"; };
		3B53FE862929E42A0057473C /* HTTPClient.swift */ = {isa = PBXFileReference; lastKnownFileType = sourcecode.swift; path = HTTPClient.swift; sourceTree = "<group>"; };
		3B53FE882929E49A0057473C /* FeedItemsMapper.swift */ = {isa = PBXFileReference; lastKnownFileType = sourcecode.swift; path = FeedItemsMapper.swift; sourceTree = "<group>"; };
		3B53FE912929F1D00057473C /* FeedItem.swift */ = {isa = PBXFileReference; lastKnownFileType = sourcecode.swift; path = FeedItem.swift; sourceTree = "<group>"; };
		3B53FE932929F1DA0057473C /* FeedLoader.swift */ = {isa = PBXFileReference; lastKnownFileType = sourcecode.swift; path = FeedLoader.swift; sourceTree = "<group>"; };
		3B693A9E295C76BF00C31C25 /* LoadFeedFromCacheUseCaseTests.swift */ = {isa = PBXFileReference; lastKnownFileType = sourcecode.swift; path = LoadFeedFromCacheUseCaseTests.swift; sourceTree = "<group>"; };
		3B693AA1295C786300C31C25 /* FeedStoreSpy.swift */ = {isa = PBXFileReference; lastKnownFileType = sourcecode.swift; path = FeedStoreSpy.swift; sourceTree = "<group>"; };
		3B8CFA212973BAD50075713D /* Date+TestHelpers.swift */ = {isa = PBXFileReference; lastKnownFileType = sourcecode.swift; path = "Date+TestHelpers.swift"; sourceTree = "<group>"; };
		3B8CFA252973C2790075713D /* FeedExpenseCellController.swift */ = {isa = PBXFileReference; lastKnownFileType = sourcecode.swift; path = FeedExpenseCellController.swift; sourceTree = "<group>"; };
		3B8CFA282973C6590075713D /* FeedUIComposer.swift */ = {isa = PBXFileReference; lastKnownFileType = sourcecode.swift; path = FeedUIComposer.swift; sourceTree = "<group>"; };
		3B8CFA2A2973D0C60075713D /* FeedViewController+TestHelpers.swift */ = {isa = PBXFileReference; lastKnownFileType = sourcecode.swift; path = "FeedViewController+TestHelpers.swift"; sourceTree = "<group>"; };
		3B8CFA2C2973D13E0075713D /* FeedExpenseCell+Helpers.swift */ = {isa = PBXFileReference; lastKnownFileType = sourcecode.swift; path = "FeedExpenseCell+Helpers.swift"; sourceTree = "<group>"; };
		3B8CFA2F2973D1BB0075713D /* FeedViewController+LoaderSpy.swift */ = {isa = PBXFileReference; lastKnownFileType = sourcecode.swift; path = "FeedViewController+LoaderSpy.swift"; sourceTree = "<group>"; };
		3B8CFA312973D2CE0075713D /* FeedViewController+Assertions.swift */ = {isa = PBXFileReference; lastKnownFileType = sourcecode.swift; path = "FeedViewController+Assertions.swift"; sourceTree = "<group>"; };
		3B8CFA342973D3AA0075713D /* UIControl+TestHelpers.swift */ = {isa = PBXFileReference; lastKnownFileType = sourcecode.swift; path = "UIControl+TestHelpers.swift"; sourceTree = "<group>"; };
		3B8CFA362973D3CF0075713D /* UIRefreshControl+TestHelpers.swift */ = {isa = PBXFileReference; lastKnownFileType = sourcecode.swift; path = "UIRefreshControl+TestHelpers.swift"; sourceTree = "<group>"; };
		3B8CFA3C297410380075713D /* FeedExpenseViewModel.swift */ = {isa = PBXFileReference; lastKnownFileType = sourcecode.swift; path = FeedExpenseViewModel.swift; sourceTree = "<group>"; };
		3B8CFA40297453A30075713D /* Feed.storyboard */ = {isa = PBXFileReference; lastKnownFileType = file.storyboard; path = Feed.storyboard; sourceTree = "<group>"; };
		3B8FB2CE297468FD0019D37A /* UITableView+Dequeueing.swift */ = {isa = PBXFileReference; lastKnownFileType = sourcecode.swift; path = "UITableView+Dequeueing.swift"; sourceTree = "<group>"; };
		3BA6E7932975277B0059F3F0 /* FeedViewControllerTests+Localization.swift */ = {isa = PBXFileReference; lastKnownFileType = sourcecode.swift; path = "FeedViewControllerTests+Localization.swift"; sourceTree = "<group>"; };
		3BA6E79B297529E80059F3F0 /* FeedLocalizationTests.swift */ = {isa = PBXFileReference; lastKnownFileType = sourcecode.swift; path = FeedLocalizationTests.swift; sourceTree = "<group>"; };
		3BA6E79D297548910059F3F0 /* MainQueueDispatchDecorator.swift */ = {isa = PBXFileReference; lastKnownFileType = sourcecode.swift; path = MainQueueDispatchDecorator.swift; sourceTree = "<group>"; };
		3BA6E79F297548E70059F3F0 /* WeakRefVirtualProxy.swift */ = {isa = PBXFileReference; lastKnownFileType = sourcecode.swift; path = WeakRefVirtualProxy.swift; sourceTree = "<group>"; };
		3BA6E7A3297549B70059F3F0 /* FeedLoaderPresentationAdapter.swift */ = {isa = PBXFileReference; lastKnownFileType = sourcecode.swift; path = FeedLoaderPresentationAdapter.swift; sourceTree = "<group>"; };
		3BA6E7A529754A310059F3F0 /* FeedViewAdapter.swift */ = {isa = PBXFileReference; lastKnownFileType = sourcecode.swift; path = FeedViewAdapter.swift; sourceTree = "<group>"; };
		3BA6E7A8297568FE0059F3F0 /* FeedPresenterTests.swift */ = {isa = PBXFileReference; lastKnownFileType = sourcecode.swift; path = FeedPresenterTests.swift; sourceTree = "<group>"; };
		3BA6E7AA2975725F0059F3F0 /* ErrorView.swift */ = {isa = PBXFileReference; lastKnownFileType = sourcecode.swift; path = ErrorView.swift; sourceTree = "<group>"; };
		3BA6E7B3297576A20059F3F0 /* UIRefreshControl+Helpers.swift */ = {isa = PBXFileReference; lastKnownFileType = sourcecode.swift; path = "UIRefreshControl+Helpers.swift"; sourceTree = "<group>"; };
		3BAF8B03296EA1B8002D114B /* FeediOS.framework */ = {isa = PBXFileReference; explicitFileType = wrapper.framework; includeInIndex = 0; path = FeediOS.framework; sourceTree = BUILT_PRODUCTS_DIR; };
		3BAF8B0C296EA1B8002D114B /* FeediOSTests.xctest */ = {isa = PBXFileReference; explicitFileType = wrapper.cfbundle; includeInIndex = 0; path = FeediOSTests.xctest; sourceTree = BUILT_PRODUCTS_DIR; };
		3BB45A8E29438E4400AC6642 /* CacheFeedUseCaseTests.swift */ = {isa = PBXFileReference; lastKnownFileType = sourcecode.swift; path = CacheFeedUseCaseTests.swift; sourceTree = "<group>"; };
		3BB6C91E29687FDF00FAE54C /* FeedCachePolicy.swift */ = {isa = PBXFileReference; lastKnownFileType = sourcecode.swift; path = FeedCachePolicy.swift; sourceTree = "<group>"; };
		3BB788452976E12200E4DA75 /* en */ = {isa = PBXFileReference; lastKnownFileType = text.plist.strings; name = en; path = en.lproj/Feed.strings; sourceTree = "<group>"; };
		3BB788472976E12C00E4DA75 /* ja */ = {isa = PBXFileReference; lastKnownFileType = text.plist.strings; name = ja; path = ja.lproj/Feed.strings; sourceTree = "<group>"; };
		3BB788482976E12D00E4DA75 /* es */ = {isa = PBXFileReference; lastKnownFileType = text.plist.strings; name = es; path = es.lproj/Feed.strings; sourceTree = "<group>"; };
		3BB7884A2976E23100E4DA75 /* FeedPresenter.swift */ = {isa = PBXFileReference; lastKnownFileType = sourcecode.swift; path = FeedPresenter.swift; sourceTree = "<group>"; };
		3BB7884D2976E37400E4DA75 /* FeedViewModel.swift */ = {isa = PBXFileReference; lastKnownFileType = sourcecode.swift; path = FeedViewModel.swift; sourceTree = "<group>"; };
		3BB7884F2976E3C000E4DA75 /* FeedLoadingViewModel.swift */ = {isa = PBXFileReference; lastKnownFileType = sourcecode.swift; path = FeedLoadingViewModel.swift; sourceTree = "<group>"; };
		3BB788512976E3F100E4DA75 /* FeedErrorViewModel.swift */ = {isa = PBXFileReference; lastKnownFileType = sourcecode.swift; path = FeedErrorViewModel.swift; sourceTree = "<group>"; };
		3BBE4915296FC954001FE56C /* FeedUIIntegrationTests.swift */ = {isa = PBXFileReference; lastKnownFileType = sourcecode.swift; path = FeedUIIntegrationTests.swift; sourceTree = "<group>"; };
		3BBE491E296FD7B3001FE56C /* FeedViewController.swift */ = {isa = PBXFileReference; lastKnownFileType = sourcecode.swift; path = FeedViewController.swift; sourceTree = "<group>"; };
		3BBE4920296FE0A9001FE56C /* FeedExpenseCell.swift */ = {isa = PBXFileReference; lastKnownFileType = sourcecode.swift; path = FeedExpenseCell.swift; sourceTree = "<group>"; };
		3BE2DA69295ACC4300D8BB0B /* LocalFeedLoader.swift */ = {isa = PBXFileReference; lastKnownFileType = sourcecode.swift; path = LocalFeedLoader.swift; sourceTree = "<group>"; };
		3BE2DA6B295ACCEF00D8BB0B /* FeedStore.swift */ = {isa = PBXFileReference; lastKnownFileType = sourcecode.swift; path = FeedStore.swift; sourceTree = "<group>"; };
		3BE2DA6D295B43E500D8BB0B /* RemoteFeedItem.swift */ = {isa = PBXFileReference; lastKnownFileType = sourcecode.swift; path = RemoteFeedItem.swift; sourceTree = "<group>"; };
		3BE2DA6F295B441900D8BB0B /* LocalFeedExpense.swift */ = {isa = PBXFileReference; lastKnownFileType = sourcecode.swift; path = LocalFeedExpense.swift; sourceTree = "<group>"; };
/* End PBXFileReference section */

/* Begin PBXFrameworksBuildPhase section */
		3B060E0C293C6407005A1566 /* Frameworks */ = {
			isa = PBXFrameworksBuildPhase;
			buildActionMask = 2147483647;
			files = (
				3B060E13293C6407005A1566 /* Feed.framework in Frameworks */,
			);
			runOnlyForDeploymentPostprocessing = 0;
		};
		3B452834296E68FA00763504 /* Frameworks */ = {
			isa = PBXFrameworksBuildPhase;
			buildActionMask = 2147483647;
			files = (
				3B45283B296E68FA00763504 /* Feed.framework in Frameworks */,
			);
			runOnlyForDeploymentPostprocessing = 0;
		};
		3B53FE5F29278A7E0057473C /* Frameworks */ = {
			isa = PBXFrameworksBuildPhase;
			buildActionMask = 2147483647;
			files = (
			);
			runOnlyForDeploymentPostprocessing = 0;
		};
		3B53FE6929278A7F0057473C /* Frameworks */ = {
			isa = PBXFrameworksBuildPhase;
			buildActionMask = 2147483647;
			files = (
				3B53FE6D29278A7F0057473C /* Feed.framework in Frameworks */,
			);
			runOnlyForDeploymentPostprocessing = 0;
		};
		3BAF8B00296EA1B8002D114B /* Frameworks */ = {
			isa = PBXFrameworksBuildPhase;
			buildActionMask = 2147483647;
			files = (
				3BBE4918296FCB71001FE56C /* Feed.framework in Frameworks */,
			);
			runOnlyForDeploymentPostprocessing = 0;
		};
		3BAF8B09296EA1B8002D114B /* Frameworks */ = {
			isa = PBXFrameworksBuildPhase;
			buildActionMask = 2147483647;
			files = (
				3BAF8B0D296EA1B8002D114B /* FeediOS.framework in Frameworks */,
			);
			runOnlyForDeploymentPostprocessing = 0;
		};
/* End PBXFrameworksBuildPhase section */

/* Begin PBXGroup section */
		3B060E06293776E2005A1566 /* Helpers */ = {
			isa = PBXGroup;
			children = (
				3B060E0729377702005A1566 /* XCTestCase+MemoryLeakTracking.swift */,
				3B2E72692966FB6D000722AF /* SharedTestHelpers.swift */,
			);
			path = Helpers;
			sourceTree = "<group>";
		};
		3B060E10293C6407005A1566 /* FeedAPIEndToEndTests */ = {
			isa = PBXGroup;
			children = (
				3B060E11293C6407005A1566 /* FeedAPIEndToEndTests.swift */,
			);
			path = FeedAPIEndToEndTests;
			sourceTree = "<group>";
		};
		3B452820296DA3A500763504 /* FeedStoreSpecs */ = {
			isa = PBXGroup;
			children = (
				3B452814296D891900763504 /* FeedStoreSpecs.swift */,
				3B452816296D8A6000763504 /* XCTestCase+FeedStoreSpecs.swift */,
				3B452818296D903100763504 /* XCTestCase+FailableRetrieveFeedStoreSpecs.swift */,
				3B45281A296D910D00763504 /* XCTestCase+FailableInsertFeedStoreSpecs.swift */,
				3B45281E296DA2FC00763504 /* XCTestCase+FailableDeleteFeedStoreSpecs.swift */,
			);
			path = FeedStoreSpecs;
			sourceTree = "<group>";
		};
		3B45282A296DC4A800763504 /* Infrastructure */ = {
			isa = PBXGroup;
			children = (
				3B45282B296DC4C600763504 /* CoreData */,
			);
			path = Infrastructure;
			sourceTree = "<group>";
		};
		3B45282B296DC4C600763504 /* CoreData */ = {
			isa = PBXGroup;
			children = (
				3B452825296DAA7600763504 /* CoreDataFeedStore.swift */,
				3B452827296DAB9600763504 /* FeedStore.xcdatamodeld */,
				3B45282D296DC5CF00763504 /* CoreDataHelpers.swift */,
				3B45282F296DC67F00763504 /* ManagedCache.swift */,
				3B452831296DC6B700763504 /* ManagedFeedExpense.swift */,
			);
			path = CoreData;
			sourceTree = "<group>";
		};
		3B452838296E68FA00763504 /* FeedCacheIntegrationTests */ = {
			isa = PBXGroup;
			children = (
				3B452839296E68FA00763504 /* FeedCacheIntegrationTests.swift */,
			);
			path = FeedCacheIntegrationTests;
			sourceTree = "<group>";
		};
		3B53FE5829278A7E0057473C = {
			isa = PBXGroup;
			children = (
				3B53FE6429278A7F0057473C /* Feed */,
				3B53FE7029278A7F0057473C /* FeedTests */,
				3B060E10293C6407005A1566 /* FeedAPIEndToEndTests */,
				3B452838296E68FA00763504 /* FeedCacheIntegrationTests */,
				3BAF8B04296EA1B8002D114B /* FeediOS */,
				3BAF8B10296EA1B8002D114B /* FeediOSTests */,
				3B53FE6329278A7F0057473C /* Products */,
				3BBE4917296FCB71001FE56C /* Frameworks */,
			);
			sourceTree = "<group>";
		};
		3B53FE6329278A7F0057473C /* Products */ = {
			isa = PBXGroup;
			children = (
				3B53FE6229278A7F0057473C /* Feed.framework */,
				3B53FE6C29278A7F0057473C /* FeedTests.xctest */,
				3B060E0F293C6407005A1566 /* FeedAPIEndToEndTests.xctest */,
				3B452837296E68FA00763504 /* FeedCacheIntegrationTests.xctest */,
				3BAF8B03296EA1B8002D114B /* FeediOS.framework */,
				3BAF8B0C296EA1B8002D114B /* FeediOSTests.xctest */,
			);
			name = Products;
			sourceTree = "<group>";
		};
		3B53FE6429278A7F0057473C /* Feed */ = {
			isa = PBXGroup;
			children = (
				3BB788492976E21800E4DA75 /* Feed Presentation */,
				3BE2DA68295ACC2700D8BB0B /* Feed Cache */,
				3B53FE902929F1140057473C /* Feed Feature */,
				3B53FE8329279EE90057473C /* Feed API */,
				3B53FE6529278A7F0057473C /* Feed.h */,
				3B53FE6629278A7F0057473C /* Feed.docc */,
			);
			path = Feed;
			sourceTree = "<group>";
		};
		3B53FE7029278A7F0057473C /* FeedTests */ = {
			isa = PBXGroup;
			children = (
				3B060E06293776E2005A1566 /* Helpers */,
				3BB45A8D29438E2800AC6642 /* Feed Cache */,
				3B53FE8A2929EC840057473C /* Feed API */,
				3BA6E7A7297568E10059F3F0 /* Feed Presentation */,
			);
			path = FeedTests;
			sourceTree = "<group>";
		};
		3B53FE8329279EE90057473C /* Feed API */ = {
			isa = PBXGroup;
			children = (
				3B53FE8429279F040057473C /* RemoteFeedLoader.swift */,
				3B53FE862929E42A0057473C /* HTTPClient.swift */,
				3B53FE882929E49A0057473C /* FeedItemsMapper.swift */,
				3B060E0929379F0A005A1566 /* URLSessionHTTPClient.swift */,
				3BE2DA6D295B43E500D8BB0B /* RemoteFeedItem.swift */,
			);
			path = "Feed API";
			sourceTree = "<group>";
		};
		3B53FE8A2929EC840057473C /* Feed API */ = {
			isa = PBXGroup;
			children = (
				3B53FE8129278E360057473C /* LoadFeedFromRemoteUseCaseTests.swift */,
				3B2210B8293713CE00BBEB7E /* URLSessionHTTPClientTests.swift */,
			);
			path = "Feed API";
			sourceTree = "<group>";
		};
		3B53FE902929F1140057473C /* Feed Feature */ = {
			isa = PBXGroup;
			children = (
				3B53FE912929F1D00057473C /* FeedItem.swift */,
				3B53FE932929F1DA0057473C /* FeedLoader.swift */,
			);
			path = "Feed Feature";
			sourceTree = "<group>";
		};
		3B693AA0295C785800C31C25 /* Helpers */ = {
			isa = PBXGroup;
			children = (
				3B693AA1295C786300C31C25 /* FeedStoreSpy.swift */,
				3B2E72672966FA45000722AF /* FeedCacheTestHelpers.swift */,
			);
			path = Helpers;
			sourceTree = "<group>";
		};
		3B8CFA1B2973B9A70075713D /* Feed UI */ = {
			isa = PBXGroup;
			children = (
				3B8CFA272973C6500075713D /* Composers */,
				3B8CFA1D2973B9BF0075713D /* Controllers */,
				3B8CFA1C2973B9BB0075713D /* Views */,
			);
			path = "Feed UI";
			sourceTree = "<group>";
		};
		3B8CFA1C2973B9BB0075713D /* Views */ = {
			isa = PBXGroup;
			children = (
				3BA6E7AC2975752A0059F3F0 /* Helpers */,
				3BBE4920296FE0A9001FE56C /* FeedExpenseCell.swift */,
				3BA6E7AA2975725F0059F3F0 /* ErrorView.swift */,
				3B8CFA40297453A30075713D /* Feed.storyboard */,
			);
			path = Views;
			sourceTree = "<group>";
		};
		3B8CFA1D2973B9BF0075713D /* Controllers */ = {
			isa = PBXGroup;
			children = (
				3BBE491E296FD7B3001FE56C /* FeedViewController.swift */,
				3B8CFA252973C2790075713D /* FeedExpenseCellController.swift */,
			);
			path = Controllers;
			sourceTree = "<group>";
		};
		3B8CFA1E2973BA830075713D /* Helpers */ = {
			isa = PBXGroup;
			children = (
				3B8CFA342973D3AA0075713D /* UIControl+TestHelpers.swift */,
				3B8CFA362973D3CF0075713D /* UIRefreshControl+TestHelpers.swift */,
				3B8CFA212973BAD50075713D /* Date+TestHelpers.swift */,
				3B8CFA2C2973D13E0075713D /* FeedExpenseCell+Helpers.swift */,
				3B8CFA2A2973D0C60075713D /* FeedViewController+TestHelpers.swift */,
				3B8CFA312973D2CE0075713D /* FeedViewController+Assertions.swift */,
				3B8CFA2F2973D1BB0075713D /* FeedViewController+LoaderSpy.swift */,
				3BA6E7932975277B0059F3F0 /* FeedViewControllerTests+Localization.swift */,
			);
			path = Helpers;
			sourceTree = "<group>";
		};
		3B8CFA272973C6500075713D /* Composers */ = {
			isa = PBXGroup;
			children = (
				3B8CFA282973C6590075713D /* FeedUIComposer.swift */,
				3BA6E79D297548910059F3F0 /* MainQueueDispatchDecorator.swift */,
				3BA6E79F297548E70059F3F0 /* WeakRefVirtualProxy.swift */,
				3BA6E7A3297549B70059F3F0 /* FeedLoaderPresentationAdapter.swift */,
				3BA6E7A529754A310059F3F0 /* FeedViewAdapter.swift */,
			);
			path = Composers;
			sourceTree = "<group>";
		};
		3B8CFA382973D83D0075713D /* Feed Presentation */ = {
			isa = PBXGroup;
			children = (
				3B8CFA3C297410380075713D /* FeedExpenseViewModel.swift */,
			);
			path = "Feed Presentation";
			sourceTree = "<group>";
		};
		3B8CFA3B2973DA320075713D /* Feed UI */ = {
			isa = PBXGroup;
			children = (
				3B8CFA1E2973BA830075713D /* Helpers */,
				3BBE4915296FC954001FE56C /* FeedUIIntegrationTests.swift */,
			);
			path = "Feed UI";
			sourceTree = "<group>";
		};
		3BA6E79A297529D50059F3F0 /* Feed Presentation */ = {
			isa = PBXGroup;
			children = (
				3BA6E79B297529E80059F3F0 /* FeedLocalizationTests.swift */,
			);
			path = "Feed Presentation";
			sourceTree = "<group>";
		};
		3BA6E7A7297568E10059F3F0 /* Feed Presentation */ = {
			isa = PBXGroup;
			children = (
				3BA6E7A8297568FE0059F3F0 /* FeedPresenterTests.swift */,
			);
			path = "Feed Presentation";
			sourceTree = "<group>";
		};
		3BA6E7AC2975752A0059F3F0 /* Helpers */ = {
			isa = PBXGroup;
			children = (
				3B8FB2CE297468FD0019D37A /* UITableView+Dequeueing.swift */,
				3BA6E7B3297576A20059F3F0 /* UIRefreshControl+Helpers.swift */,
			);
			path = Helpers;
			sourceTree = "<group>";
		};
		3BAF8B04296EA1B8002D114B /* FeediOS */ = {
			isa = PBXGroup;
			children = (
				3B8CFA382973D83D0075713D /* Feed Presentation */,
				3B8CFA1B2973B9A70075713D /* Feed UI */,
			);
			path = FeediOS;
			sourceTree = "<group>";
		};
		3BAF8B10296EA1B8002D114B /* FeediOSTests */ = {
			isa = PBXGroup;
			children = (
				3BA6E79A297529D50059F3F0 /* Feed Presentation */,
				3B8CFA3B2973DA320075713D /* Feed UI */,
			);
			path = FeediOSTests;
			sourceTree = "<group>";
		};
		3BB45A8D29438E2800AC6642 /* Feed Cache */ = {
			isa = PBXGroup;
			children = (
				3B452820296DA3A500763504 /* FeedStoreSpecs */,
				3B693AA0295C785800C31C25 /* Helpers */,
				3BB45A8E29438E4400AC6642 /* CacheFeedUseCaseTests.swift */,
				3B693A9E295C76BF00C31C25 /* LoadFeedFromCacheUseCaseTests.swift */,
				3B2E72652966E2A8000722AF /* ValidateFeedCacheUseCaseTests.swift */,
				3B452821296DA99700763504 /* CoreDataFeedStoreTests.swift */,
			);
			path = "Feed Cache";
			sourceTree = "<group>";
		};
		3BB788492976E21800E4DA75 /* Feed Presentation */ = {
			isa = PBXGroup;
			children = (
				3BB788462976E12200E4DA75 /* Feed.strings */,
				3BB7884A2976E23100E4DA75 /* FeedPresenter.swift */,
				3BB7884D2976E37400E4DA75 /* FeedViewModel.swift */,
				3BB7884F2976E3C000E4DA75 /* FeedLoadingViewModel.swift */,
				3BB788512976E3F100E4DA75 /* FeedErrorViewModel.swift */,
			);
			path = "Feed Presentation";
			sourceTree = "<group>";
		};
		3BBE4917296FCB71001FE56C /* Frameworks */ = {
			isa = PBXGroup;
			children = (
			);
			name = Frameworks;
			sourceTree = "<group>";
		};
		3BE2DA68295ACC2700D8BB0B /* Feed Cache */ = {
			isa = PBXGroup;
			children = (
				3B45282A296DC4A800763504 /* Infrastructure */,
				3BE2DA69295ACC4300D8BB0B /* LocalFeedLoader.swift */,
				3BE2DA6B295ACCEF00D8BB0B /* FeedStore.swift */,
				3BE2DA6F295B441900D8BB0B /* LocalFeedExpense.swift */,
				3BB6C91E29687FDF00FAE54C /* FeedCachePolicy.swift */,
			);
			path = "Feed Cache";
			sourceTree = "<group>";
		};
/* End PBXGroup section */

/* Begin PBXHeadersBuildPhase section */
		3B53FE5D29278A7E0057473C /* Headers */ = {
			isa = PBXHeadersBuildPhase;
			buildActionMask = 2147483647;
			files = (
				3B53FE7329278A7F0057473C /* Feed.h in Headers */,
			);
			runOnlyForDeploymentPostprocessing = 0;
		};
		3BAF8AFE296EA1B8002D114B /* Headers */ = {
			isa = PBXHeadersBuildPhase;
			buildActionMask = 2147483647;
			files = (
			);
			runOnlyForDeploymentPostprocessing = 0;
		};
/* End PBXHeadersBuildPhase section */

/* Begin PBXNativeTarget section */
		3B060E0E293C6407005A1566 /* FeedAPIEndToEndTests */ = {
			isa = PBXNativeTarget;
			buildConfigurationList = 3B060E18293C6407005A1566 /* Build configuration list for PBXNativeTarget "FeedAPIEndToEndTests" */;
			buildPhases = (
				3B060E0B293C6407005A1566 /* Sources */,
				3B060E0C293C6407005A1566 /* Frameworks */,
				3B060E0D293C6407005A1566 /* Resources */,
			);
			buildRules = (
			);
			dependencies = (
				3B060E15293C6407005A1566 /* PBXTargetDependency */,
			);
			name = FeedAPIEndToEndTests;
			productName = FeedAPIEndToEndTests;
			productReference = 3B060E0F293C6407005A1566 /* FeedAPIEndToEndTests.xctest */;
			productType = "com.apple.product-type.bundle.unit-test";
		};
		3B452836296E68FA00763504 /* FeedCacheIntegrationTests */ = {
			isa = PBXNativeTarget;
			buildConfigurationList = 3B45283E296E68FA00763504 /* Build configuration list for PBXNativeTarget "FeedCacheIntegrationTests" */;
			buildPhases = (
				3B452833296E68FA00763504 /* Sources */,
				3B452834296E68FA00763504 /* Frameworks */,
				3B452835296E68FA00763504 /* Resources */,
			);
			buildRules = (
			);
			dependencies = (
				3B45283D296E68FA00763504 /* PBXTargetDependency */,
			);
			name = FeedCacheIntegrationTests;
			productName = FeedCacheIntegrationTests;
			productReference = 3B452837296E68FA00763504 /* FeedCacheIntegrationTests.xctest */;
			productType = "com.apple.product-type.bundle.unit-test";
		};
		3B53FE6129278A7E0057473C /* Feed */ = {
			isa = PBXNativeTarget;
			buildConfigurationList = 3B53FE7629278A7F0057473C /* Build configuration list for PBXNativeTarget "Feed" */;
			buildPhases = (
				3B53FE5D29278A7E0057473C /* Headers */,
				3B53FE5E29278A7E0057473C /* Sources */,
				3B53FE5F29278A7E0057473C /* Frameworks */,
				3B53FE6029278A7E0057473C /* Resources */,
			);
			buildRules = (
			);
			dependencies = (
			);
			name = Feed;
			productName = Feed;
			productReference = 3B53FE6229278A7F0057473C /* Feed.framework */;
			productType = "com.apple.product-type.framework";
		};
		3B53FE6B29278A7F0057473C /* FeedTests */ = {
			isa = PBXNativeTarget;
			buildConfigurationList = 3B53FE7929278A7F0057473C /* Build configuration list for PBXNativeTarget "FeedTests" */;
			buildPhases = (
				3B53FE6829278A7F0057473C /* Sources */,
				3B53FE6929278A7F0057473C /* Frameworks */,
				3B53FE6A29278A7F0057473C /* Resources */,
			);
			buildRules = (
			);
			dependencies = (
				3B53FE6F29278A7F0057473C /* PBXTargetDependency */,
			);
			name = FeedTests;
			productName = FeedTests;
			productReference = 3B53FE6C29278A7F0057473C /* FeedTests.xctest */;
			productType = "com.apple.product-type.bundle.unit-test";
		};
		3BAF8B02296EA1B8002D114B /* FeediOS */ = {
			isa = PBXNativeTarget;
			buildConfigurationList = 3BAF8B14296EA1B8002D114B /* Build configuration list for PBXNativeTarget "FeediOS" */;
			buildPhases = (
				3BAF8AFE296EA1B8002D114B /* Headers */,
				3BAF8AFF296EA1B8002D114B /* Sources */,
				3BAF8B00296EA1B8002D114B /* Frameworks */,
				3BAF8B01296EA1B8002D114B /* Resources */,
				3BBE491C296FCB71001FE56C /* Embed Frameworks */,
			);
			buildRules = (
			);
			dependencies = (
				3BBE491B296FCB71001FE56C /* PBXTargetDependency */,
			);
			name = FeediOS;
			productName = FeediOS;
			productReference = 3BAF8B03296EA1B8002D114B /* FeediOS.framework */;
			productType = "com.apple.product-type.framework";
		};
		3BAF8B0B296EA1B8002D114B /* FeediOSTests */ = {
			isa = PBXNativeTarget;
			buildConfigurationList = 3BAF8B17296EA1B8002D114B /* Build configuration list for PBXNativeTarget "FeediOSTests" */;
			buildPhases = (
				3BAF8B08296EA1B8002D114B /* Sources */,
				3BAF8B09296EA1B8002D114B /* Frameworks */,
				3BAF8B0A296EA1B8002D114B /* Resources */,
			);
			buildRules = (
			);
			dependencies = (
				3BAF8B0F296EA1B8002D114B /* PBXTargetDependency */,
			);
			name = FeediOSTests;
			productName = FeediOSTests;
			productReference = 3BAF8B0C296EA1B8002D114B /* FeediOSTests.xctest */;
			productType = "com.apple.product-type.bundle.unit-test";
		};
/* End PBXNativeTarget section */

/* Begin PBXProject section */
		3B53FE5929278A7E0057473C /* Project object */ = {
			isa = PBXProject;
			attributes = {
				BuildIndependentTargetsInParallel = 1;
				LastSwiftUpdateCheck = 1420;
				LastUpgradeCheck = 1420;
				TargetAttributes = {
					3B060E0E293C6407005A1566 = {
						CreatedOnToolsVersion = 14.1;
					};
					3B452836296E68FA00763504 = {
						CreatedOnToolsVersion = 14.2;
					};
					3B53FE6129278A7E0057473C = {
						CreatedOnToolsVersion = 14.1;
					};
					3B53FE6B29278A7F0057473C = {
						CreatedOnToolsVersion = 14.1;
					};
					3BAF8B02296EA1B8002D114B = {
						CreatedOnToolsVersion = 14.2;
						LastSwiftMigration = 1420;
					};
					3BAF8B0B296EA1B8002D114B = {
						CreatedOnToolsVersion = 14.2;
						LastSwiftMigration = 1420;
					};
				};
			};
			buildConfigurationList = 3B53FE5C29278A7E0057473C /* Build configuration list for PBXProject "Feed" */;
			compatibilityVersion = "Xcode 14.0";
			developmentRegion = en;
			hasScannedForEncodings = 0;
			knownRegions = (
				en,
				Base,
				es,
				ja,
			);
			mainGroup = 3B53FE5829278A7E0057473C;
			productRefGroup = 3B53FE6329278A7F0057473C /* Products */;
			projectDirPath = "";
			projectRoot = "";
			targets = (
				3B53FE6129278A7E0057473C /* Feed */,
				3B53FE6B29278A7F0057473C /* FeedTests */,
				3B060E0E293C6407005A1566 /* FeedAPIEndToEndTests */,
				3B452836296E68FA00763504 /* FeedCacheIntegrationTests */,
				3BAF8B02296EA1B8002D114B /* FeediOS */,
				3BAF8B0B296EA1B8002D114B /* FeediOSTests */,
			);
		};
/* End PBXProject section */

/* Begin PBXResourcesBuildPhase section */
		3B060E0D293C6407005A1566 /* Resources */ = {
			isa = PBXResourcesBuildPhase;
			buildActionMask = 2147483647;
			files = (
			);
			runOnlyForDeploymentPostprocessing = 0;
		};
		3B452835296E68FA00763504 /* Resources */ = {
			isa = PBXResourcesBuildPhase;
			buildActionMask = 2147483647;
			files = (
			);
			runOnlyForDeploymentPostprocessing = 0;
		};
		3B53FE6029278A7E0057473C /* Resources */ = {
			isa = PBXResourcesBuildPhase;
			buildActionMask = 2147483647;
			files = (
				3BB7884C2976E33B00E4DA75 /* Feed.strings in Resources */,
			);
			runOnlyForDeploymentPostprocessing = 0;
		};
		3B53FE6A29278A7F0057473C /* Resources */ = {
			isa = PBXResourcesBuildPhase;
			buildActionMask = 2147483647;
			files = (
			);
			runOnlyForDeploymentPostprocessing = 0;
		};
		3BAF8B01296EA1B8002D114B /* Resources */ = {
			isa = PBXResourcesBuildPhase;
			buildActionMask = 2147483647;
			files = (
				3B8CFA41297453A30075713D /* Feed.storyboard in Resources */,
			);
			runOnlyForDeploymentPostprocessing = 0;
		};
		3BAF8B0A296EA1B8002D114B /* Resources */ = {
			isa = PBXResourcesBuildPhase;
			buildActionMask = 2147483647;
			files = (
			);
			runOnlyForDeploymentPostprocessing = 0;
		};
/* End PBXResourcesBuildPhase section */

/* Begin PBXSourcesBuildPhase section */
		3B060E0B293C6407005A1566 /* Sources */ = {
			isa = PBXSourcesBuildPhase;
			buildActionMask = 2147483647;
			files = (
				3B060E12293C6407005A1566 /* FeedAPIEndToEndTests.swift in Sources */,
				3B060E19293C7214005A1566 /* XCTestCase+MemoryLeakTracking.swift in Sources */,
			);
			runOnlyForDeploymentPostprocessing = 0;
		};
		3B452833296E68FA00763504 /* Sources */ = {
			isa = PBXSourcesBuildPhase;
			buildActionMask = 2147483647;
			files = (
				3B452843296E6D2300763504 /* SharedTestHelpers.swift in Sources */,
				3B45283A296E68FA00763504 /* FeedCacheIntegrationTests.swift in Sources */,
				3B452841296E6A9500763504 /* XCTestCase+MemoryLeakTracking.swift in Sources */,
				3B452844296E6EE000763504 /* FeedCacheTestHelpers.swift in Sources */,
			);
			runOnlyForDeploymentPostprocessing = 0;
		};
		3B53FE5E29278A7E0057473C /* Sources */ = {
			isa = PBXSourcesBuildPhase;
			buildActionMask = 2147483647;
			files = (
				3BB7884E2976E37400E4DA75 /* FeedViewModel.swift in Sources */,
				3BE2DA70295B441900D8BB0B /* LocalFeedExpense.swift in Sources */,
				3B452829296DAB9600763504 /* FeedStore.xcdatamodeld in Sources */,
				3BB788522976E3F100E4DA75 /* FeedErrorViewModel.swift in Sources */,
				3BE2DA6C295ACCEF00D8BB0B /* FeedStore.swift in Sources */,
				3B060E0A29379F0A005A1566 /* URLSessionHTTPClient.swift in Sources */,
				3BB7884B2976E23100E4DA75 /* FeedPresenter.swift in Sources */,
				3B53FE942929F1DA0057473C /* FeedLoader.swift in Sources */,
				3BB788502976E3C000E4DA75 /* FeedLoadingViewModel.swift in Sources */,
				3B53FE8529279F040057473C /* RemoteFeedLoader.swift in Sources */,
				3B45282E296DC5CF00763504 /* CoreDataHelpers.swift in Sources */,
				3B53FE872929E42A0057473C /* HTTPClient.swift in Sources */,
				3B452826296DAA7600763504 /* CoreDataFeedStore.swift in Sources */,
				3B452830296DC67F00763504 /* ManagedCache.swift in Sources */,
				3B452832296DC6B700763504 /* ManagedFeedExpense.swift in Sources */,
				3B53FE892929E49A0057473C /* FeedItemsMapper.swift in Sources */,
				3BE2DA6E295B43E500D8BB0B /* RemoteFeedItem.swift in Sources */,
				3BB6C91F29687FDF00FAE54C /* FeedCachePolicy.swift in Sources */,
				3B53FE922929F1D00057473C /* FeedItem.swift in Sources */,
				3BE2DA6A295ACC4300D8BB0B /* LocalFeedLoader.swift in Sources */,
				3B53FE6729278A7F0057473C /* Feed.docc in Sources */,
			);
			runOnlyForDeploymentPostprocessing = 0;
		};
		3B53FE6829278A7F0057473C /* Sources */ = {
			isa = PBXSourcesBuildPhase;
			buildActionMask = 2147483647;
			files = (
				3B2E72682966FA46000722AF /* FeedCacheTestHelpers.swift in Sources */,
				3B2E72662966E2A8000722AF /* ValidateFeedCacheUseCaseTests.swift in Sources */,
				3BA6E7A9297568FE0059F3F0 /* FeedPresenterTests.swift in Sources */,
				3B53FE8229278E360057473C /* LoadFeedFromRemoteUseCaseTests.swift in Sources */,
				3B45281B296D910D00763504 /* XCTestCase+FailableInsertFeedStoreSpecs.swift in Sources */,
				3B2210B9293713CE00BBEB7E /* URLSessionHTTPClientTests.swift in Sources */,
				3B693AA2295C786300C31C25 /* FeedStoreSpy.swift in Sources */,
				3B2E726A2966FB6D000722AF /* SharedTestHelpers.swift in Sources */,
				3BB45A8F29438E4400AC6642 /* CacheFeedUseCaseTests.swift in Sources */,
				3B452819296D903100763504 /* XCTestCase+FailableRetrieveFeedStoreSpecs.swift in Sources */,
				3B693A9F295C76BF00C31C25 /* LoadFeedFromCacheUseCaseTests.swift in Sources */,
				3B452815296D891900763504 /* FeedStoreSpecs.swift in Sources */,
				3B060E0829377702005A1566 /* XCTestCase+MemoryLeakTracking.swift in Sources */,
				3B45281F296DA2FC00763504 /* XCTestCase+FailableDeleteFeedStoreSpecs.swift in Sources */,
				3B452822296DA99700763504 /* CoreDataFeedStoreTests.swift in Sources */,
				3B452817296D8A6000763504 /* XCTestCase+FeedStoreSpecs.swift in Sources */,
			);
			runOnlyForDeploymentPostprocessing = 0;
		};
		3BAF8AFF296EA1B8002D114B /* Sources */ = {
			isa = PBXSourcesBuildPhase;
			buildActionMask = 2147483647;
			files = (
				3BA6E79E297548910059F3F0 /* MainQueueDispatchDecorator.swift in Sources */,
				3BBE4921296FE0A9001FE56C /* FeedExpenseCell.swift in Sources */,
				3B8CFA3D297410380075713D /* FeedExpenseViewModel.swift in Sources */,
				3BA6E7B4297576A20059F3F0 /* UIRefreshControl+Helpers.swift in Sources */,
				3BBE491F296FD7B3001FE56C /* FeedViewController.swift in Sources */,
				3BA6E7A629754A310059F3F0 /* FeedViewAdapter.swift in Sources */,
				3B8FB2CF297468FD0019D37A /* UITableView+Dequeueing.swift in Sources */,
				3BA6E7AB2975725F0059F3F0 /* ErrorView.swift in Sources */,
				3BA6E7A4297549B70059F3F0 /* FeedLoaderPresentationAdapter.swift in Sources */,
				3B8CFA262973C2790075713D /* FeedExpenseCellController.swift in Sources */,
				3BA6E7A0297548E70059F3F0 /* WeakRefVirtualProxy.swift in Sources */,
				3B8CFA292973C6590075713D /* FeedUIComposer.swift in Sources */,
			);
			runOnlyForDeploymentPostprocessing = 0;
		};
		3BAF8B08296EA1B8002D114B /* Sources */ = {
			isa = PBXSourcesBuildPhase;
			buildActionMask = 2147483647;
			files = (
				3B8CFA352973D3AA0075713D /* UIControl+TestHelpers.swift in Sources */,
				3B8CFA372973D3CF0075713D /* UIRefreshControl+TestHelpers.swift in Sources */,
				3BBE4916296FC954001FE56C /* FeedUIIntegrationTests.swift in Sources */,
				3BA6E79C297529E80059F3F0 /* FeedLocalizationTests.swift in Sources */,
				3B8CFA302973D1BB0075713D /* FeedViewController+LoaderSpy.swift in Sources */,
				3B8CFA222973BAD50075713D /* Date+TestHelpers.swift in Sources */,
				3B8CFA2D2973D13E0075713D /* FeedExpenseCell+Helpers.swift in Sources */,
				3B8CFA2B2973D0C60075713D /* FeedViewController+TestHelpers.swift in Sources */,
				3BA6E7942975277B0059F3F0 /* FeedViewControllerTests+Localization.swift in Sources */,
				3BBE491D296FCC37001FE56C /* XCTestCase+MemoryLeakTracking.swift in Sources */,
				3B8CFA322973D2CE0075713D /* FeedViewController+Assertions.swift in Sources */,
			);
			runOnlyForDeploymentPostprocessing = 0;
		};
/* End PBXSourcesBuildPhase section */

/* Begin PBXTargetDependency section */
		3B060E15293C6407005A1566 /* PBXTargetDependency */ = {
			isa = PBXTargetDependency;
			target = 3B53FE6129278A7E0057473C /* Feed */;
			targetProxy = 3B060E14293C6407005A1566 /* PBXContainerItemProxy */;
		};
		3B45283D296E68FA00763504 /* PBXTargetDependency */ = {
			isa = PBXTargetDependency;
			target = 3B53FE6129278A7E0057473C /* Feed */;
			targetProxy = 3B45283C296E68FA00763504 /* PBXContainerItemProxy */;
		};
		3B53FE6F29278A7F0057473C /* PBXTargetDependency */ = {
			isa = PBXTargetDependency;
			target = 3B53FE6129278A7E0057473C /* Feed */;
			targetProxy = 3B53FE6E29278A7F0057473C /* PBXContainerItemProxy */;
		};
		3BAF8B0F296EA1B8002D114B /* PBXTargetDependency */ = {
			isa = PBXTargetDependency;
			target = 3BAF8B02296EA1B8002D114B /* FeediOS */;
			targetProxy = 3BAF8B0E296EA1B8002D114B /* PBXContainerItemProxy */;
		};
		3BBE491B296FCB71001FE56C /* PBXTargetDependency */ = {
			isa = PBXTargetDependency;
			platformFilter = ios;
			target = 3B53FE6129278A7E0057473C /* Feed */;
			targetProxy = 3BBE491A296FCB71001FE56C /* PBXContainerItemProxy */;
		};
/* End PBXTargetDependency section */

/* Begin PBXVariantGroup section */
		3BB788462976E12200E4DA75 /* Feed.strings */ = {
			isa = PBXVariantGroup;
			children = (
				3BB788452976E12200E4DA75 /* en */,
				3BB788472976E12C00E4DA75 /* ja */,
				3BB788482976E12D00E4DA75 /* es */,
			);
			name = Feed.strings;
			sourceTree = "<group>";
		};
/* End PBXVariantGroup section */

/* Begin XCBuildConfiguration section */
		3B060E16293C6407005A1566 /* Debug */ = {
			isa = XCBuildConfiguration;
			buildSettings = {
				CODE_SIGN_STYLE = Automatic;
				CURRENT_PROJECT_VERSION = 1;
				DEAD_CODE_STRIPPING = YES;
				DEVELOPMENT_TEAM = WCQRQ8RKJR;
				GENERATE_INFOPLIST_FILE = YES;
				MARKETING_VERSION = 1.0;
				PRODUCT_BUNDLE_IDENTIFIER = com.m00nbek.FeedAPIEndToEndTests;
				PRODUCT_NAME = "$(TARGET_NAME)";
				SUPPORTED_PLATFORMS = "macosx iphoneos iphonesimulator";
				SWIFT_EMIT_LOC_STRINGS = NO;
				SWIFT_VERSION = 5.0;
			};
			name = Debug;
		};
		3B060E17293C6407005A1566 /* Release */ = {
			isa = XCBuildConfiguration;
			buildSettings = {
				CODE_SIGN_STYLE = Automatic;
				CURRENT_PROJECT_VERSION = 1;
				DEAD_CODE_STRIPPING = YES;
				DEVELOPMENT_TEAM = WCQRQ8RKJR;
				GENERATE_INFOPLIST_FILE = YES;
				MARKETING_VERSION = 1.0;
				PRODUCT_BUNDLE_IDENTIFIER = com.m00nbek.FeedAPIEndToEndTests;
				PRODUCT_NAME = "$(TARGET_NAME)";
				SUPPORTED_PLATFORMS = "macosx iphoneos iphonesimulator";
				SWIFT_EMIT_LOC_STRINGS = NO;
				SWIFT_VERSION = 5.0;
			};
			name = Release;
		};
		3B45283F296E68FA00763504 /* Debug */ = {
			isa = XCBuildConfiguration;
			buildSettings = {
				CODE_SIGN_STYLE = Automatic;
				CURRENT_PROJECT_VERSION = 1;
				DEVELOPMENT_TEAM = WCQRQ8RKJR;
				GENERATE_INFOPLIST_FILE = YES;
				MARKETING_VERSION = 1.0;
				PRODUCT_BUNDLE_IDENTIFIER = com.m00nbek.FeedCacheIntegrationTests;
				PRODUCT_NAME = "$(TARGET_NAME)";
				SUPPORTED_PLATFORMS = "macosx iphoneos iphonesimulator";
				SWIFT_EMIT_LOC_STRINGS = NO;
				SWIFT_VERSION = 5.0;
			};
			name = Debug;
		};
		3B452840296E68FA00763504 /* Release */ = {
			isa = XCBuildConfiguration;
			buildSettings = {
				CODE_SIGN_STYLE = Automatic;
				CURRENT_PROJECT_VERSION = 1;
				DEVELOPMENT_TEAM = WCQRQ8RKJR;
				GENERATE_INFOPLIST_FILE = YES;
				MARKETING_VERSION = 1.0;
				PRODUCT_BUNDLE_IDENTIFIER = com.m00nbek.FeedCacheIntegrationTests;
				PRODUCT_NAME = "$(TARGET_NAME)";
				SUPPORTED_PLATFORMS = "macosx iphoneos iphonesimulator";
				SWIFT_EMIT_LOC_STRINGS = NO;
				SWIFT_VERSION = 5.0;
			};
			name = Release;
		};
		3B53FE7429278A7F0057473C /* Debug */ = {
			isa = XCBuildConfiguration;
			buildSettings = {
				ALWAYS_SEARCH_USER_PATHS = NO;
				CLANG_ANALYZER_LOCALIZABILITY_NONLOCALIZED = YES;
				CLANG_ANALYZER_NONNULL = YES;
				CLANG_ANALYZER_NUMBER_OBJECT_CONVERSION = YES_AGGRESSIVE;
				CLANG_CXX_LANGUAGE_STANDARD = "gnu++20";
				CLANG_ENABLE_MODULES = YES;
				CLANG_ENABLE_OBJC_ARC = YES;
				CLANG_ENABLE_OBJC_WEAK = YES;
				CLANG_WARN_BLOCK_CAPTURE_AUTORELEASING = YES;
				CLANG_WARN_BOOL_CONVERSION = YES;
				CLANG_WARN_COMMA = YES;
				CLANG_WARN_CONSTANT_CONVERSION = YES;
				CLANG_WARN_DEPRECATED_OBJC_IMPLEMENTATIONS = YES;
				CLANG_WARN_DIRECT_OBJC_ISA_USAGE = YES_ERROR;
				CLANG_WARN_DOCUMENTATION_COMMENTS = YES;
				CLANG_WARN_EMPTY_BODY = YES;
				CLANG_WARN_ENUM_CONVERSION = YES;
				CLANG_WARN_INFINITE_RECURSION = YES;
				CLANG_WARN_INT_CONVERSION = YES;
				CLANG_WARN_NON_LITERAL_NULL_CONVERSION = YES;
				CLANG_WARN_OBJC_IMPLICIT_RETAIN_SELF = YES;
				CLANG_WARN_OBJC_LITERAL_CONVERSION = YES;
				CLANG_WARN_OBJC_ROOT_CLASS = YES_ERROR;
				CLANG_WARN_QUOTED_INCLUDE_IN_FRAMEWORK_HEADER = YES;
				CLANG_WARN_RANGE_LOOP_ANALYSIS = YES;
				CLANG_WARN_STRICT_PROTOTYPES = YES;
				CLANG_WARN_SUSPICIOUS_MOVE = YES;
				CLANG_WARN_UNGUARDED_AVAILABILITY = YES_AGGRESSIVE;
				CLANG_WARN_UNREACHABLE_CODE = YES;
				CLANG_WARN__DUPLICATE_METHOD_MATCH = YES;
				COPY_PHASE_STRIP = NO;
				CURRENT_PROJECT_VERSION = 1;
				DEAD_CODE_STRIPPING = YES;
				DEBUG_INFORMATION_FORMAT = dwarf;
				ENABLE_STRICT_OBJC_MSGSEND = YES;
				ENABLE_TESTABILITY = YES;
				GCC_C_LANGUAGE_STANDARD = gnu11;
				GCC_DYNAMIC_NO_PIC = NO;
				GCC_NO_COMMON_BLOCKS = YES;
				GCC_OPTIMIZATION_LEVEL = 0;
				GCC_PREPROCESSOR_DEFINITIONS = (
					"DEBUG=1",
					"$(inherited)",
				);
				GCC_WARN_64_TO_32_BIT_CONVERSION = YES;
				GCC_WARN_ABOUT_RETURN_TYPE = YES_ERROR;
				GCC_WARN_UNDECLARED_SELECTOR = YES;
				GCC_WARN_UNINITIALIZED_AUTOS = YES_AGGRESSIVE;
				GCC_WARN_UNUSED_FUNCTION = YES;
				GCC_WARN_UNUSED_VARIABLE = YES;
				MACOSX_DEPLOYMENT_TARGET = 12.6;
				MTL_ENABLE_DEBUG_INFO = INCLUDE_SOURCE;
				MTL_FAST_MATH = YES;
				ONLY_ACTIVE_ARCH = YES;
				SDKROOT = macosx;
				SWIFT_ACTIVE_COMPILATION_CONDITIONS = DEBUG;
				SWIFT_OPTIMIZATION_LEVEL = "-Onone";
				VERSIONING_SYSTEM = "apple-generic";
				VERSION_INFO_PREFIX = "";
			};
			name = Debug;
		};
		3B53FE7529278A7F0057473C /* Release */ = {
			isa = XCBuildConfiguration;
			buildSettings = {
				ALWAYS_SEARCH_USER_PATHS = NO;
				CLANG_ANALYZER_LOCALIZABILITY_NONLOCALIZED = YES;
				CLANG_ANALYZER_NONNULL = YES;
				CLANG_ANALYZER_NUMBER_OBJECT_CONVERSION = YES_AGGRESSIVE;
				CLANG_CXX_LANGUAGE_STANDARD = "gnu++20";
				CLANG_ENABLE_MODULES = YES;
				CLANG_ENABLE_OBJC_ARC = YES;
				CLANG_ENABLE_OBJC_WEAK = YES;
				CLANG_WARN_BLOCK_CAPTURE_AUTORELEASING = YES;
				CLANG_WARN_BOOL_CONVERSION = YES;
				CLANG_WARN_COMMA = YES;
				CLANG_WARN_CONSTANT_CONVERSION = YES;
				CLANG_WARN_DEPRECATED_OBJC_IMPLEMENTATIONS = YES;
				CLANG_WARN_DIRECT_OBJC_ISA_USAGE = YES_ERROR;
				CLANG_WARN_DOCUMENTATION_COMMENTS = YES;
				CLANG_WARN_EMPTY_BODY = YES;
				CLANG_WARN_ENUM_CONVERSION = YES;
				CLANG_WARN_INFINITE_RECURSION = YES;
				CLANG_WARN_INT_CONVERSION = YES;
				CLANG_WARN_NON_LITERAL_NULL_CONVERSION = YES;
				CLANG_WARN_OBJC_IMPLICIT_RETAIN_SELF = YES;
				CLANG_WARN_OBJC_LITERAL_CONVERSION = YES;
				CLANG_WARN_OBJC_ROOT_CLASS = YES_ERROR;
				CLANG_WARN_QUOTED_INCLUDE_IN_FRAMEWORK_HEADER = YES;
				CLANG_WARN_RANGE_LOOP_ANALYSIS = YES;
				CLANG_WARN_STRICT_PROTOTYPES = YES;
				CLANG_WARN_SUSPICIOUS_MOVE = YES;
				CLANG_WARN_UNGUARDED_AVAILABILITY = YES_AGGRESSIVE;
				CLANG_WARN_UNREACHABLE_CODE = YES;
				CLANG_WARN__DUPLICATE_METHOD_MATCH = YES;
				COPY_PHASE_STRIP = NO;
				CURRENT_PROJECT_VERSION = 1;
				DEAD_CODE_STRIPPING = YES;
				DEBUG_INFORMATION_FORMAT = "dwarf-with-dsym";
				ENABLE_NS_ASSERTIONS = NO;
				ENABLE_STRICT_OBJC_MSGSEND = YES;
				GCC_C_LANGUAGE_STANDARD = gnu11;
				GCC_NO_COMMON_BLOCKS = YES;
				GCC_WARN_64_TO_32_BIT_CONVERSION = YES;
				GCC_WARN_ABOUT_RETURN_TYPE = YES_ERROR;
				GCC_WARN_UNDECLARED_SELECTOR = YES;
				GCC_WARN_UNINITIALIZED_AUTOS = YES_AGGRESSIVE;
				GCC_WARN_UNUSED_FUNCTION = YES;
				GCC_WARN_UNUSED_VARIABLE = YES;
				MACOSX_DEPLOYMENT_TARGET = 12.6;
				MTL_ENABLE_DEBUG_INFO = NO;
				MTL_FAST_MATH = YES;
				SDKROOT = macosx;
				SWIFT_COMPILATION_MODE = wholemodule;
				SWIFT_OPTIMIZATION_LEVEL = "-O";
				VERSIONING_SYSTEM = "apple-generic";
				VERSION_INFO_PREFIX = "";
			};
			name = Release;
		};
		3B53FE7729278A7F0057473C /* Debug */ = {
			isa = XCBuildConfiguration;
			buildSettings = {
				CODE_SIGN_STYLE = Automatic;
				COMBINE_HIDPI_IMAGES = YES;
				CURRENT_PROJECT_VERSION = 1;
				DEAD_CODE_STRIPPING = YES;
				DEFINES_MODULE = YES;
				DEVELOPMENT_TEAM = WCQRQ8RKJR;
				DYLIB_COMPATIBILITY_VERSION = 1;
				DYLIB_CURRENT_VERSION = 1;
				DYLIB_INSTALL_NAME_BASE = "@rpath";
				GENERATE_INFOPLIST_FILE = YES;
				INFOPLIST_KEY_NSHumanReadableCopyright = "";
				INSTALL_PATH = "$(LOCAL_LIBRARY_DIR)/Frameworks";
				IPHONEOS_DEPLOYMENT_TARGET = 16.0;
				LD_RUNPATH_SEARCH_PATHS = (
					"$(inherited)",
					"@executable_path/../Frameworks",
					"@loader_path/Frameworks",
				);
				MARKETING_VERSION = 1.0;
				PRODUCT_BUNDLE_IDENTIFIER = com.m00nbek.Feed;
				PRODUCT_NAME = "$(TARGET_NAME:c99extidentifier)";
				SKIP_INSTALL = YES;
				SUPPORTED_PLATFORMS = "macosx iphoneos iphonesimulator";
				SWIFT_EMIT_LOC_STRINGS = YES;
				SWIFT_VERSION = 5.0;
			};
			name = Debug;
		};
		3B53FE7829278A7F0057473C /* Release */ = {
			isa = XCBuildConfiguration;
			buildSettings = {
				CODE_SIGN_STYLE = Automatic;
				COMBINE_HIDPI_IMAGES = YES;
				CURRENT_PROJECT_VERSION = 1;
				DEAD_CODE_STRIPPING = YES;
				DEFINES_MODULE = YES;
				DEVELOPMENT_TEAM = WCQRQ8RKJR;
				DYLIB_COMPATIBILITY_VERSION = 1;
				DYLIB_CURRENT_VERSION = 1;
				DYLIB_INSTALL_NAME_BASE = "@rpath";
				GENERATE_INFOPLIST_FILE = YES;
				INFOPLIST_KEY_NSHumanReadableCopyright = "";
				INSTALL_PATH = "$(LOCAL_LIBRARY_DIR)/Frameworks";
				IPHONEOS_DEPLOYMENT_TARGET = 16.0;
				LD_RUNPATH_SEARCH_PATHS = (
					"$(inherited)",
					"@executable_path/../Frameworks",
					"@loader_path/Frameworks",
				);
				MARKETING_VERSION = 1.0;
				PRODUCT_BUNDLE_IDENTIFIER = com.m00nbek.Feed;
				PRODUCT_NAME = "$(TARGET_NAME:c99extidentifier)";
				SKIP_INSTALL = YES;
				SUPPORTED_PLATFORMS = "macosx iphoneos iphonesimulator";
				SWIFT_EMIT_LOC_STRINGS = YES;
				SWIFT_VERSION = 5.0;
			};
			name = Release;
		};
		3B53FE7A29278A7F0057473C /* Debug */ = {
			isa = XCBuildConfiguration;
			buildSettings = {
				ALWAYS_EMBED_SWIFT_STANDARD_LIBRARIES = YES;
				CODE_SIGN_STYLE = Automatic;
				CURRENT_PROJECT_VERSION = 1;
				DEAD_CODE_STRIPPING = YES;
				DEVELOPMENT_TEAM = WCQRQ8RKJR;
				GENERATE_INFOPLIST_FILE = YES;
				MARKETING_VERSION = 1.0;
				PRODUCT_BUNDLE_IDENTIFIER = com.m00nbek.FeedTests;
				PRODUCT_NAME = "$(TARGET_NAME)";
				SUPPORTED_PLATFORMS = "macosx iphoneos iphonesimulator";
				SWIFT_EMIT_LOC_STRINGS = NO;
				SWIFT_VERSION = 5.0;
			};
			name = Debug;
		};
		3B53FE7B29278A7F0057473C /* Release */ = {
			isa = XCBuildConfiguration;
			buildSettings = {
				ALWAYS_EMBED_SWIFT_STANDARD_LIBRARIES = YES;
				CODE_SIGN_STYLE = Automatic;
				CURRENT_PROJECT_VERSION = 1;
				DEAD_CODE_STRIPPING = YES;
				DEVELOPMENT_TEAM = WCQRQ8RKJR;
				GENERATE_INFOPLIST_FILE = YES;
				MARKETING_VERSION = 1.0;
				PRODUCT_BUNDLE_IDENTIFIER = com.m00nbek.FeedTests;
				PRODUCT_NAME = "$(TARGET_NAME)";
				SUPPORTED_PLATFORMS = "macosx iphoneos iphonesimulator";
				SWIFT_EMIT_LOC_STRINGS = NO;
				SWIFT_VERSION = 5.0;
			};
			name = Release;
		};
		3BAF8B15296EA1B8002D114B /* Debug */ = {
			isa = XCBuildConfiguration;
			buildSettings = {
				CLANG_ENABLE_MODULES = YES;
				CODE_SIGN_STYLE = Automatic;
				CURRENT_PROJECT_VERSION = 1;
				DEFINES_MODULE = YES;
				DEVELOPMENT_TEAM = WCQRQ8RKJR;
				DYLIB_COMPATIBILITY_VERSION = 1;
				DYLIB_CURRENT_VERSION = 1;
				DYLIB_INSTALL_NAME_BASE = "@rpath";
				GENERATE_INFOPLIST_FILE = YES;
				INFOPLIST_KEY_NSHumanReadableCopyright = "";
				INSTALL_PATH = "$(LOCAL_LIBRARY_DIR)/Frameworks";
				IPHONEOS_DEPLOYMENT_TARGET = 16.0;
				LD_RUNPATH_SEARCH_PATHS = (
					"$(inherited)",
					"@executable_path/Frameworks",
					"@loader_path/Frameworks",
				);
				MARKETING_VERSION = 1.0;
				PRODUCT_BUNDLE_IDENTIFIER = com.m00nbek.FeediOS;
				PRODUCT_NAME = "$(TARGET_NAME:c99extidentifier)";
				SDKROOT = iphoneos;
				SKIP_INSTALL = YES;
				SWIFT_EMIT_LOC_STRINGS = YES;
				SWIFT_OPTIMIZATION_LEVEL = "-Onone";
				SWIFT_VERSION = 5.0;
				TARGETED_DEVICE_FAMILY = "1,2";
			};
			name = Debug;
		};
		3BAF8B16296EA1B8002D114B /* Release */ = {
			isa = XCBuildConfiguration;
			buildSettings = {
				CLANG_ENABLE_MODULES = YES;
				CODE_SIGN_STYLE = Automatic;
				CURRENT_PROJECT_VERSION = 1;
				DEFINES_MODULE = YES;
				DEVELOPMENT_TEAM = WCQRQ8RKJR;
				DYLIB_COMPATIBILITY_VERSION = 1;
				DYLIB_CURRENT_VERSION = 1;
				DYLIB_INSTALL_NAME_BASE = "@rpath";
				GENERATE_INFOPLIST_FILE = YES;
				INFOPLIST_KEY_NSHumanReadableCopyright = "";
				INSTALL_PATH = "$(LOCAL_LIBRARY_DIR)/Frameworks";
				IPHONEOS_DEPLOYMENT_TARGET = 16.0;
				LD_RUNPATH_SEARCH_PATHS = (
					"$(inherited)",
					"@executable_path/Frameworks",
					"@loader_path/Frameworks",
				);
				MARKETING_VERSION = 1.0;
				PRODUCT_BUNDLE_IDENTIFIER = com.m00nbek.FeediOS;
				PRODUCT_NAME = "$(TARGET_NAME:c99extidentifier)";
				SDKROOT = iphoneos;
				SKIP_INSTALL = YES;
				SWIFT_EMIT_LOC_STRINGS = YES;
				SWIFT_VERSION = 5.0;
				TARGETED_DEVICE_FAMILY = "1,2";
				VALIDATE_PRODUCT = YES;
			};
			name = Release;
		};
		3BAF8B18296EA1B8002D114B /* Debug */ = {
			isa = XCBuildConfiguration;
			buildSettings = {
				ALWAYS_EMBED_SWIFT_STANDARD_LIBRARIES = YES;
				CLANG_ENABLE_MODULES = YES;
				CODE_SIGN_STYLE = Automatic;
				CURRENT_PROJECT_VERSION = 1;
				DEVELOPMENT_TEAM = WCQRQ8RKJR;
				GENERATE_INFOPLIST_FILE = YES;
				IPHONEOS_DEPLOYMENT_TARGET = 16.0;
				LD_RUNPATH_SEARCH_PATHS = (
					"$(inherited)",
					"@executable_path/Frameworks",
					"@loader_path/Frameworks",
				);
				MARKETING_VERSION = 1.0;
				PRODUCT_BUNDLE_IDENTIFIER = com.m00nbek.FeediOSTests;
				PRODUCT_NAME = "$(TARGET_NAME)";
				SDKROOT = iphoneos;
				SWIFT_EMIT_LOC_STRINGS = NO;
				SWIFT_OPTIMIZATION_LEVEL = "-Onone";
				SWIFT_VERSION = 5.0;
				TARGETED_DEVICE_FAMILY = "1,2";
			};
			name = Debug;
		};
		3BAF8B19296EA1B8002D114B /* Release */ = {
			isa = XCBuildConfiguration;
			buildSettings = {
				ALWAYS_EMBED_SWIFT_STANDARD_LIBRARIES = YES;
				CLANG_ENABLE_MODULES = YES;
				CODE_SIGN_STYLE = Automatic;
				CURRENT_PROJECT_VERSION = 1;
				DEVELOPMENT_TEAM = WCQRQ8RKJR;
				GENERATE_INFOPLIST_FILE = YES;
				IPHONEOS_DEPLOYMENT_TARGET = 16.0;
				LD_RUNPATH_SEARCH_PATHS = (
					"$(inherited)",
					"@executable_path/Frameworks",
					"@loader_path/Frameworks",
				);
				MARKETING_VERSION = 1.0;
				PRODUCT_BUNDLE_IDENTIFIER = com.m00nbek.FeediOSTests;
				PRODUCT_NAME = "$(TARGET_NAME)";
				SDKROOT = iphoneos;
				SWIFT_EMIT_LOC_STRINGS = NO;
				SWIFT_VERSION = 5.0;
				TARGETED_DEVICE_FAMILY = "1,2";
				VALIDATE_PRODUCT = YES;
			};
			name = Release;
		};
/* End XCBuildConfiguration section */

/* Begin XCConfigurationList section */
		3B060E18293C6407005A1566 /* Build configuration list for PBXNativeTarget "FeedAPIEndToEndTests" */ = {
			isa = XCConfigurationList;
			buildConfigurations = (
				3B060E16293C6407005A1566 /* Debug */,
				3B060E17293C6407005A1566 /* Release */,
			);
			defaultConfigurationIsVisible = 0;
			defaultConfigurationName = Release;
		};
		3B45283E296E68FA00763504 /* Build configuration list for PBXNativeTarget "FeedCacheIntegrationTests" */ = {
			isa = XCConfigurationList;
			buildConfigurations = (
				3B45283F296E68FA00763504 /* Debug */,
				3B452840296E68FA00763504 /* Release */,
			);
			defaultConfigurationIsVisible = 0;
			defaultConfigurationName = Release;
		};
		3B53FE5C29278A7E0057473C /* Build configuration list for PBXProject "Feed" */ = {
			isa = XCConfigurationList;
			buildConfigurations = (
				3B53FE7429278A7F0057473C /* Debug */,
				3B53FE7529278A7F0057473C /* Release */,
			);
			defaultConfigurationIsVisible = 0;
			defaultConfigurationName = Release;
		};
		3B53FE7629278A7F0057473C /* Build configuration list for PBXNativeTarget "Feed" */ = {
			isa = XCConfigurationList;
			buildConfigurations = (
				3B53FE7729278A7F0057473C /* Debug */,
				3B53FE7829278A7F0057473C /* Release */,
			);
			defaultConfigurationIsVisible = 0;
			defaultConfigurationName = Release;
		};
		3B53FE7929278A7F0057473C /* Build configuration list for PBXNativeTarget "FeedTests" */ = {
			isa = XCConfigurationList;
			buildConfigurations = (
				3B53FE7A29278A7F0057473C /* Debug */,
				3B53FE7B29278A7F0057473C /* Release */,
			);
			defaultConfigurationIsVisible = 0;
			defaultConfigurationName = Release;
		};
		3BAF8B14296EA1B8002D114B /* Build configuration list for PBXNativeTarget "FeediOS" */ = {
			isa = XCConfigurationList;
			buildConfigurations = (
				3BAF8B15296EA1B8002D114B /* Debug */,
				3BAF8B16296EA1B8002D114B /* Release */,
			);
			defaultConfigurationIsVisible = 0;
			defaultConfigurationName = Release;
		};
		3BAF8B17296EA1B8002D114B /* Build configuration list for PBXNativeTarget "FeediOSTests" */ = {
			isa = XCConfigurationList;
			buildConfigurations = (
				3BAF8B18296EA1B8002D114B /* Debug */,
				3BAF8B19296EA1B8002D114B /* Release */,
			);
			defaultConfigurationIsVisible = 0;
			defaultConfigurationName = Release;
		};
/* End XCConfigurationList section */

/* Begin XCVersionGroup section */
		3B452827296DAB9600763504 /* FeedStore.xcdatamodeld */ = {
			isa = XCVersionGroup;
			children = (
				3B452828296DAB9600763504 /* FeedStore.xcdatamodel */,
			);
			currentVersion = 3B452828296DAB9600763504 /* FeedStore.xcdatamodel */;
			path = FeedStore.xcdatamodeld;
			sourceTree = "<group>";
			versionGroupType = wrapper.xcdatamodel;
		};
/* End XCVersionGroup section */
	};
	rootObject = 3B53FE5929278A7E0057473C /* Project object */;
}
