// !$*UTF8*$!
{
	archiveVersion = 1;
	classes = {
	};
	objectVersion = 56;
	objects = {

/* Begin PBXBuildFile section */
		3BE2CE01290A27490033462D /* AppDelegate.swift in Sources */ = {isa = PBXBuildFile; fileRef = 3BE2CE00290A27490033462D /* AppDelegate.swift */; };
		3BE2CE03290A27490033462D /* SceneDelegate.swift in Sources */ = {isa = PBXBuildFile; fileRef = 3BE2CE02290A27490033462D /* SceneDelegate.swift */; };
		3BE2CE0A290A274E0033462D /* Assets.xcassets in Resources */ = {isa = PBXBuildFile; fileRef = 3BE2CE09290A274E0033462D /* Assets.xcassets */; };
		3BE2CE0D290A274E0033462D /* LaunchScreen.storyboard in Resources */ = {isa = PBXBuildFile; fileRef = 3BE2CE0B290A274E0033462D /* LaunchScreen.storyboard */; };
		3BE2CE18290A274F0033462D /* BillsTests.swift in Sources */ = {isa = PBXBuildFile; fileRef = 3BE2CE17290A274F0033462D /* BillsTests.swift */; };
		3BE2CE22290A274F0033462D /* BillsUITests.swift in Sources */ = {isa = PBXBuildFile; fileRef = 3BE2CE21290A274F0033462D /* BillsUITests.swift */; };
		3BE2CE24290A274F0033462D /* BillsUITestsLaunchTests.swift in Sources */ = {isa = PBXBuildFile; fileRef = 3BE2CE23290A274F0033462D /* BillsUITestsLaunchTests.swift */; };
		3BE2CE34290A293B0033462D /* AppFlow.swift in Sources */ = {isa = PBXBuildFile; fileRef = 3BE2CE33290A293B0033462D /* AppFlow.swift */; };
		3BE2CE36290A29D60033462D /* RootController.swift in Sources */ = {isa = PBXBuildFile; fileRef = 3BE2CE35290A29D60033462D /* RootController.swift */; };
/* End PBXBuildFile section */

/* Begin PBXContainerItemProxy section */
		3BE2CE14290A274F0033462D /* PBXContainerItemProxy */ = {
			isa = PBXContainerItemProxy;
			containerPortal = 3BE2CDF5290A27490033462D /* Project object */;
			proxyType = 1;
			remoteGlobalIDString = 3BE2CDFC290A27490033462D;
			remoteInfo = Bills;
		};
		3BE2CE1E290A274F0033462D /* PBXContainerItemProxy */ = {
			isa = PBXContainerItemProxy;
			containerPortal = 3BE2CDF5290A27490033462D /* Project object */;
			proxyType = 1;
			remoteGlobalIDString = 3BE2CDFC290A27490033462D;
			remoteInfo = Bills;
		};
/* End PBXContainerItemProxy section */

/* Begin PBXFileReference section */
		3BE2CDFD290A27490033462D /* Bills.app */ = {isa = PBXFileReference; explicitFileType = wrapper.application; includeInIndex = 0; path = Bills.app; sourceTree = BUILT_PRODUCTS_DIR; };
		3BE2CE00290A27490033462D /* AppDelegate.swift */ = {isa = PBXFileReference; lastKnownFileType = sourcecode.swift; path = AppDelegate.swift; sourceTree = "<group>"; };
		3BE2CE02290A27490033462D /* SceneDelegate.swift */ = {isa = PBXFileReference; lastKnownFileType = sourcecode.swift; path = SceneDelegate.swift; sourceTree = "<group>"; };
		3BE2CE09290A274E0033462D /* Assets.xcassets */ = {isa = PBXFileReference; lastKnownFileType = folder.assetcatalog; path = Assets.xcassets; sourceTree = "<group>"; };
		3BE2CE0C290A274E0033462D /* Base */ = {isa = PBXFileReference; lastKnownFileType = file.storyboard; name = Base; path = Base.lproj/LaunchScreen.storyboard; sourceTree = "<group>"; };
		3BE2CE0E290A274E0033462D /* Info.plist */ = {isa = PBXFileReference; lastKnownFileType = text.plist.xml; path = Info.plist; sourceTree = "<group>"; };
		3BE2CE13290A274F0033462D /* BillsTests.xctest */ = {isa = PBXFileReference; explicitFileType = wrapper.cfbundle; includeInIndex = 0; path = BillsTests.xctest; sourceTree = BUILT_PRODUCTS_DIR; };
		3BE2CE17290A274F0033462D /* BillsTests.swift */ = {isa = PBXFileReference; lastKnownFileType = sourcecode.swift; path = BillsTests.swift; sourceTree = "<group>"; };
		3BE2CE1D290A274F0033462D /* BillsUITests.xctest */ = {isa = PBXFileReference; explicitFileType = wrapper.cfbundle; includeInIndex = 0; path = BillsUITests.xctest; sourceTree = BUILT_PRODUCTS_DIR; };
		3BE2CE21290A274F0033462D /* BillsUITests.swift */ = {isa = PBXFileReference; lastKnownFileType = sourcecode.swift; path = BillsUITests.swift; sourceTree = "<group>"; };
		3BE2CE23290A274F0033462D /* BillsUITestsLaunchTests.swift */ = {isa = PBXFileReference; lastKnownFileType = sourcecode.swift; path = BillsUITestsLaunchTests.swift; sourceTree = "<group>"; };
		3BE2CE33290A293B0033462D /* AppFlow.swift */ = {isa = PBXFileReference; lastKnownFileType = sourcecode.swift; path = AppFlow.swift; sourceTree = "<group>"; };
		3BE2CE35290A29D60033462D /* RootController.swift */ = {isa = PBXFileReference; lastKnownFileType = sourcecode.swift; path = RootController.swift; sourceTree = "<group>"; };
/* End PBXFileReference section */

/* Begin PBXFrameworksBuildPhase section */
		3BE2CDFA290A27490033462D /* Frameworks */ = {
			isa = PBXFrameworksBuildPhase;
			buildActionMask = 2147483647;
			files = (
			);
			runOnlyForDeploymentPostprocessing = 0;
		};
		3BE2CE10290A274F0033462D /* Frameworks */ = {
			isa = PBXFrameworksBuildPhase;
			buildActionMask = 2147483647;
			files = (
			);
			runOnlyForDeploymentPostprocessing = 0;
		};
		3BE2CE1A290A274F0033462D /* Frameworks */ = {
			isa = PBXFrameworksBuildPhase;
			buildActionMask = 2147483647;
			files = (
			);
			runOnlyForDeploymentPostprocessing = 0;
		};
/* End PBXFrameworksBuildPhase section */

/* Begin PBXGroup section */
		3BE2CDF4290A27490033462D = {
			isa = PBXGroup;
			children = (
				3BE2CDFF290A27490033462D /* Bills */,
				3BE2CE16290A274F0033462D /* BillsTests */,
				3BE2CE20290A274F0033462D /* BillsUITests */,
				3BE2CDFE290A27490033462D /* Products */,
			);
			sourceTree = "<group>";
		};
		3BE2CDFE290A27490033462D /* Products */ = {
			isa = PBXGroup;
			children = (
				3BE2CDFD290A27490033462D /* Bills.app */,
				3BE2CE13290A274F0033462D /* BillsTests.xctest */,
				3BE2CE1D290A274F0033462D /* BillsUITests.xctest */,
			);
			name = Products;
			sourceTree = "<group>";
		};
		3BE2CDFF290A27490033462D /* Bills */ = {
			isa = PBXGroup;
			children = (
				3BE2CE31290A28590033462D /* Sources */,
				3BE2CE32290A28670033462D /* Resources */,
				3BE2CE0E290A274E0033462D /* Info.plist */,
			);
			path = Bills;
			sourceTree = "<group>";
		};
		3BE2CE16290A274F0033462D /* BillsTests */ = {
			isa = PBXGroup;
			children = (
				3BE2CE17290A274F0033462D /* BillsTests.swift */,
			);
			path = BillsTests;
			sourceTree = "<group>";
		};
		3BE2CE20290A274F0033462D /* BillsUITests */ = {
			isa = PBXGroup;
			children = (
				3BE2CE21290A274F0033462D /* BillsUITests.swift */,
				3BE2CE23290A274F0033462D /* BillsUITestsLaunchTests.swift */,
			);
			path = BillsUITests;
			sourceTree = "<group>";
		};
		3BE2CE30290A28440033462D /* App */ = {
			isa = PBXGroup;
			children = (
				3BE2CE00290A27490033462D /* AppDelegate.swift */,
				3BE2CE02290A27490033462D /* SceneDelegate.swift */,
				3BE2CE33290A293B0033462D /* AppFlow.swift */,
				3BE2CE35290A29D60033462D /* RootController.swift */,
			);
			path = App;
			sourceTree = "<group>";
		};
		3BE2CE31290A28590033462D /* Sources */ = {
			isa = PBXGroup;
			children = (
				3BE2CE30290A28440033462D /* App */,
				3BE2CE37290A2AE40033462D /* UI */,
			);
			path = Sources;
			sourceTree = "<group>";
		};
		3BE2CE32290A28670033462D /* Resources */ = {
			isa = PBXGroup;
			children = (
				3BE2CE0B290A274E0033462D /* LaunchScreen.storyboard */,
				3BE2CE09290A274E0033462D /* Assets.xcassets */,
			);
			path = Resources;
			sourceTree = "<group>";
		};
		3BE2CE37290A2AE40033462D /* UI */ = {
			isa = PBXGroup;
			children = (
			);
			path = UI;
			sourceTree = "<group>";
		};
/* End PBXGroup section */

/* Begin PBXNativeTarget section */
		3BE2CDFC290A27490033462D /* Bills */ = {
			isa = PBXNativeTarget;
			buildConfigurationList = 3BE2CE27290A274F0033462D /* Build configuration list for PBXNativeTarget "Bills" */;
			buildPhases = (
				3BE2CDF9290A27490033462D /* Sources */,
				3BE2CDFA290A27490033462D /* Frameworks */,
				3BE2CDFB290A27490033462D /* Resources */,
			);
			buildRules = (
			);
			dependencies = (
			);
			name = Bills;
			productName = Bills;
			productReference = 3BE2CDFD290A27490033462D /* Bills.app */;
			productType = "com.apple.product-type.application";
		};
		3BE2CE12290A274F0033462D /* BillsTests */ = {
			isa = PBXNativeTarget;
			buildConfigurationList = 3BE2CE2A290A274F0033462D /* Build configuration list for PBXNativeTarget "BillsTests" */;
			buildPhases = (
				3BE2CE0F290A274F0033462D /* Sources */,
				3BE2CE10290A274F0033462D /* Frameworks */,
				3BE2CE11290A274F0033462D /* Resources */,
			);
			buildRules = (
			);
			dependencies = (
				3BE2CE15290A274F0033462D /* PBXTargetDependency */,
			);
			name = BillsTests;
			productName = BillsTests;
			productReference = 3BE2CE13290A274F0033462D /* BillsTests.xctest */;
			productType = "com.apple.product-type.bundle.unit-test";
		};
		3BE2CE1C290A274F0033462D /* BillsUITests */ = {
			isa = PBXNativeTarget;
			buildConfigurationList = 3BE2CE2D290A274F0033462D /* Build configuration list for PBXNativeTarget "BillsUITests" */;
			buildPhases = (
				3BE2CE19290A274F0033462D /* Sources */,
				3BE2CE1A290A274F0033462D /* Frameworks */,
				3BE2CE1B290A274F0033462D /* Resources */,
			);
			buildRules = (
			);
			dependencies = (
				3BE2CE1F290A274F0033462D /* PBXTargetDependency */,
			);
			name = BillsUITests;
			productName = BillsUITests;
			productReference = 3BE2CE1D290A274F0033462D /* BillsUITests.xctest */;
			productType = "com.apple.product-type.bundle.ui-testing";
		};
/* End PBXNativeTarget section */

/* Begin PBXProject section */
		3BE2CDF5290A27490033462D /* Project object */ = {
			isa = PBXProject;
			attributes = {
				BuildIndependentTargetsInParallel = 1;
				LastSwiftUpdateCheck = 1400;
				LastUpgradeCheck = 1400;
				TargetAttributes = {
					3BE2CDFC290A27490033462D = {
						CreatedOnToolsVersion = 14.0.1;
					};
					3BE2CE12290A274F0033462D = {
						CreatedOnToolsVersion = 14.0.1;
						TestTargetID = 3BE2CDFC290A27490033462D;
					};
					3BE2CE1C290A274F0033462D = {
						CreatedOnToolsVersion = 14.0.1;
						TestTargetID = 3BE2CDFC290A27490033462D;
					};
				};
			};
			buildConfigurationList = 3BE2CDF8290A27490033462D /* Build configuration list for PBXProject "Bills" */;
			compatibilityVersion = "Xcode 14.0";
			developmentRegion = en;
			hasScannedForEncodings = 0;
			knownRegions = (
				en,
				Base,
			);
			mainGroup = 3BE2CDF4290A27490033462D;
			productRefGroup = 3BE2CDFE290A27490033462D /* Products */;
			projectDirPath = "";
			projectRoot = "";
			targets = (
				3BE2CDFC290A27490033462D /* Bills */,
				3BE2CE12290A274F0033462D /* BillsTests */,
				3BE2CE1C290A274F0033462D /* BillsUITests */,
			);
		};
/* End PBXProject section */

/* Begin PBXResourcesBuildPhase section */
		3BE2CDFB290A27490033462D /* Resources */ = {
			isa = PBXResourcesBuildPhase;
			buildActionMask = 2147483647;
			files = (
				3BE2CE0D290A274E0033462D /* LaunchScreen.storyboard in Resources */,
				3BE2CE0A290A274E0033462D /* Assets.xcassets in Resources */,
			);
			runOnlyForDeploymentPostprocessing = 0;
		};
		3BE2CE11290A274F0033462D /* Resources */ = {
			isa = PBXResourcesBuildPhase;
			buildActionMask = 2147483647;
			files = (
			);
			runOnlyForDeploymentPostprocessing = 0;
		};
		3BE2CE1B290A274F0033462D /* Resources */ = {
			isa = PBXResourcesBuildPhase;
			buildActionMask = 2147483647;
			files = (
			);
			runOnlyForDeploymentPostprocessing = 0;
		};
/* End PBXResourcesBuildPhase section */

/* Begin PBXSourcesBuildPhase section */
		3BE2CDF9290A27490033462D /* Sources */ = {
			isa = PBXSourcesBuildPhase;
			buildActionMask = 2147483647;
			files = (
				3BE2CE01290A27490033462D /* AppDelegate.swift in Sources */,
				3BE2CE34290A293B0033462D /* AppFlow.swift in Sources */,
				3BE2CE03290A27490033462D /* SceneDelegate.swift in Sources */,
				3BE2CE36290A29D60033462D /* RootController.swift in Sources */,
			);
			runOnlyForDeploymentPostprocessing = 0;
		};
		3BE2CE0F290A274F0033462D /* Sources */ = {
			isa = PBXSourcesBuildPhase;
			buildActionMask = 2147483647;
			files = (
				3BE2CE18290A274F0033462D /* BillsTests.swift in Sources */,
			);
			runOnlyForDeploymentPostprocessing = 0;
		};
		3BE2CE19290A274F0033462D /* Sources */ = {
			isa = PBXSourcesBuildPhase;
			buildActionMask = 2147483647;
			files = (
				3BE2CE22290A274F0033462D /* BillsUITests.swift in Sources */,
				3BE2CE24290A274F0033462D /* BillsUITestsLaunchTests.swift in Sources */,
			);
			runOnlyForDeploymentPostprocessing = 0;
		};
/* End PBXSourcesBuildPhase section */

/* Begin PBXTargetDependency section */
		3BE2CE15290A274F0033462D /* PBXTargetDependency */ = {
			isa = PBXTargetDependency;
			target = 3BE2CDFC290A27490033462D /* Bills */;
			targetProxy = 3BE2CE14290A274F0033462D /* PBXContainerItemProxy */;
		};
		3BE2CE1F290A274F0033462D /* PBXTargetDependency */ = {
			isa = PBXTargetDependency;
			target = 3BE2CDFC290A27490033462D /* Bills */;
			targetProxy = 3BE2CE1E290A274F0033462D /* PBXContainerItemProxy */;
		};
/* End PBXTargetDependency section */

/* Begin PBXVariantGroup section */
		3BE2CE0B290A274E0033462D /* LaunchScreen.storyboard */ = {
			isa = PBXVariantGroup;
			children = (
				3BE2CE0C290A274E0033462D /* Base */,
			);
			name = LaunchScreen.storyboard;
			sourceTree = "<group>";
		};
/* End PBXVariantGroup section */

/* Begin XCBuildConfiguration section */
		3BE2CE25290A274F0033462D /* Debug */ = {
			isa = XCBuildConfiguration;
			buildSettings = {
				ALWAYS_SEARCH_USER_PATHS = NO;
				CLANG_ANALYZER_NONNULL = YES;
				CLANG_ANALYZER_NUMBER_OBJECT_CONVERSION = YES_AGGRESSIVE;
				CLANG_CXX_LANGUAGE_STANDARD = "gnu++20";
				CLANG_ENABLE_MODULES = YES;
				CLANG_ENABLE_OBJC_ARC = YES;
				CLANG_ENABLE_OBJC_WEAK = YES;
				CLANG_WARN_BLOCK_CAPTURE_AUTORELEASING = YES;
				CLANG_WARN_BOOL_CONVERSION = YES;
				CLANG_WARN_COMMA = YES;
				CLANG_WARN_CONSTANT_CONVERSION = YES;
				CLANG_WARN_DEPRECATED_OBJC_IMPLEMENTATIONS = YES;
				CLANG_WARN_DIRECT_OBJC_ISA_USAGE = YES_ERROR;
				CLANG_WARN_DOCUMENTATION_COMMENTS = YES;
				CLANG_WARN_EMPTY_BODY = YES;
				CLANG_WARN_ENUM_CONVERSION = YES;
				CLANG_WARN_INFINITE_RECURSION = YES;
				CLANG_WARN_INT_CONVERSION = YES;
				CLANG_WARN_NON_LITERAL_NULL_CONVERSION = YES;
				CLANG_WARN_OBJC_IMPLICIT_RETAIN_SELF = YES;
				CLANG_WARN_OBJC_LITERAL_CONVERSION = YES;
				CLANG_WARN_OBJC_ROOT_CLASS = YES_ERROR;
				CLANG_WARN_QUOTED_INCLUDE_IN_FRAMEWORK_HEADER = YES;
				CLANG_WARN_RANGE_LOOP_ANALYSIS = YES;
				CLANG_WARN_STRICT_PROTOTYPES = YES;
				CLANG_WARN_SUSPICIOUS_MOVE = YES;
				CLANG_WARN_UNGUARDED_AVAILABILITY = YES_AGGRESSIVE;
				CLANG_WARN_UNREACHABLE_CODE = YES;
				CLANG_WARN__DUPLICATE_METHOD_MATCH = YES;
				COPY_PHASE_STRIP = NO;
				DEBUG_INFORMATION_FORMAT = dwarf;
				ENABLE_STRICT_OBJC_MSGSEND = YES;
				ENABLE_TESTABILITY = YES;
				GCC_C_LANGUAGE_STANDARD = gnu11;
				GCC_DYNAMIC_NO_PIC = NO;
				GCC_NO_COMMON_BLOCKS = YES;
				GCC_OPTIMIZATION_LEVEL = 0;
				GCC_PREPROCESSOR_DEFINITIONS = (
					"DEBUG=1",
					"$(inherited)",
				);
				GCC_WARN_64_TO_32_BIT_CONVERSION = YES;
				GCC_WARN_ABOUT_RETURN_TYPE = YES_ERROR;
				GCC_WARN_UNDECLARED_SELECTOR = YES;
				GCC_WARN_UNINITIALIZED_AUTOS = YES_AGGRESSIVE;
				GCC_WARN_UNUSED_FUNCTION = YES;
				GCC_WARN_UNUSED_VARIABLE = YES;
				IPHONEOS_DEPLOYMENT_TARGET = 16.0;
				MTL_ENABLE_DEBUG_INFO = INCLUDE_SOURCE;
				MTL_FAST_MATH = YES;
				ONLY_ACTIVE_ARCH = YES;
				SDKROOT = iphoneos;
				SWIFT_ACTIVE_COMPILATION_CONDITIONS = DEBUG;
				SWIFT_OPTIMIZATION_LEVEL = "-Onone";
			};
			name = Debug;
		};
		3BE2CE26290A274F0033462D /* Release */ = {
			isa = XCBuildConfiguration;
			buildSettings = {
				ALWAYS_SEARCH_USER_PATHS = NO;
				CLANG_ANALYZER_NONNULL = YES;
				CLANG_ANALYZER_NUMBER_OBJECT_CONVERSION = YES_AGGRESSIVE;
				CLANG_CXX_LANGUAGE_STANDARD = "gnu++20";
				CLANG_ENABLE_MODULES = YES;
				CLANG_ENABLE_OBJC_ARC = YES;
				CLANG_ENABLE_OBJC_WEAK = YES;
				CLANG_WARN_BLOCK_CAPTURE_AUTORELEASING = YES;
				CLANG_WARN_BOOL_CONVERSION = YES;
				CLANG_WARN_COMMA = YES;
				CLANG_WARN_CONSTANT_CONVERSION = YES;
				CLANG_WARN_DEPRECATED_OBJC_IMPLEMENTATIONS = YES;
				CLANG_WARN_DIRECT_OBJC_ISA_USAGE = YES_ERROR;
				CLANG_WARN_DOCUMENTATION_COMMENTS = YES;
				CLANG_WARN_EMPTY_BODY = YES;
				CLANG_WARN_ENUM_CONVERSION = YES;
				CLANG_WARN_INFINITE_RECURSION = YES;
				CLANG_WARN_INT_CONVERSION = YES;
				CLANG_WARN_NON_LITERAL_NULL_CONVERSION = YES;
				CLANG_WARN_OBJC_IMPLICIT_RETAIN_SELF = YES;
				CLANG_WARN_OBJC_LITERAL_CONVERSION = YES;
				CLANG_WARN_OBJC_ROOT_CLASS = YES_ERROR;
				CLANG_WARN_QUOTED_INCLUDE_IN_FRAMEWORK_HEADER = YES;
				CLANG_WARN_RANGE_LOOP_ANALYSIS = YES;
				CLANG_WARN_STRICT_PROTOTYPES = YES;
				CLANG_WARN_SUSPICIOUS_MOVE = YES;
				CLANG_WARN_UNGUARDED_AVAILABILITY = YES_AGGRESSIVE;
				CLANG_WARN_UNREACHABLE_CODE = YES;
				CLANG_WARN__DUPLICATE_METHOD_MATCH = YES;
				COPY_PHASE_STRIP = NO;
				DEBUG_INFORMATION_FORMAT = "dwarf-with-dsym";
				ENABLE_NS_ASSERTIONS = NO;
				ENABLE_STRICT_OBJC_MSGSEND = YES;
				GCC_C_LANGUAGE_STANDARD = gnu11;
				GCC_NO_COMMON_BLOCKS = YES;
				GCC_WARN_64_TO_32_BIT_CONVERSION = YES;
				GCC_WARN_ABOUT_RETURN_TYPE = YES_ERROR;
				GCC_WARN_UNDECLARED_SELECTOR = YES;
				GCC_WARN_UNINITIALIZED_AUTOS = YES_AGGRESSIVE;
				GCC_WARN_UNUSED_FUNCTION = YES;
				GCC_WARN_UNUSED_VARIABLE = YES;
				IPHONEOS_DEPLOYMENT_TARGET = 16.0;
				MTL_ENABLE_DEBUG_INFO = NO;
				MTL_FAST_MATH = YES;
				SDKROOT = iphoneos;
				SWIFT_COMPILATION_MODE = wholemodule;
				SWIFT_OPTIMIZATION_LEVEL = "-O";
				VALIDATE_PRODUCT = YES;
			};
			name = Release;
		};
		3BE2CE28290A274F0033462D /* Debug */ = {
			isa = XCBuildConfiguration;
			buildSettings = {
				ASSETCATALOG_COMPILER_APPICON_NAME = AppIcon;
				ASSETCATALOG_COMPILER_GLOBAL_ACCENT_COLOR_NAME = AccentColor;
				CODE_SIGN_STYLE = Automatic;
				CURRENT_PROJECT_VERSION = 1;
				DEVELOPMENT_TEAM = WCQRQ8RKJR;
				GENERATE_INFOPLIST_FILE = YES;
				INFOPLIST_FILE = Bills/Info.plist;
				INFOPLIST_KEY_UIApplicationSupportsIndirectInputEvents = YES;
				INFOPLIST_KEY_UILaunchStoryboardName = LaunchScreen.storyboar;
				INFOPLIST_KEY_UISupportedInterfaceOrientations_iPad = "UIInterfaceOrientationPortrait UIInterfaceOrientationPortraitUpsideDown UIInterfaceOrientationLandscapeLeft UIInterfaceOrientationLandscapeRight";
				INFOPLIST_KEY_UISupportedInterfaceOrientations_iPhone = "UIInterfaceOrientationPortrait UIInterfaceOrientationLandscapeLeft UIInterfaceOrientationLandscapeRight";
				LD_RUNPATH_SEARCH_PATHS = (
					"$(inherited)",
					"@executable_path/Frameworks",
				);
				MARKETING_VERSION = 1.0;
				PRODUCT_BUNDLE_IDENTIFIER = com.m00nbek.Bills;
				PRODUCT_NAME = "$(TARGET_NAME)";
				SWIFT_EMIT_LOC_STRINGS = YES;
				SWIFT_VERSION = 5.0;
				TARGETED_DEVICE_FAMILY = "1,2";
			};
			name = Debug;
		};
		3BE2CE29290A274F0033462D /* Release */ = {
			isa = XCBuildConfiguration;
			buildSettings = {
				ASSETCATALOG_COMPILER_APPICON_NAME = AppIcon;
				ASSETCATALOG_COMPILER_GLOBAL_ACCENT_COLOR_NAME = AccentColor;
				CODE_SIGN_STYLE = Automatic;
				CURRENT_PROJECT_VERSION = 1;
				DEVELOPMENT_TEAM = WCQRQ8RKJR;
				GENERATE_INFOPLIST_FILE = YES;
				INFOPLIST_FILE = Bills/Info.plist;
				INFOPLIST_KEY_UIApplicationSupportsIndirectInputEvents = YES;
				INFOPLIST_KEY_UILaunchStoryboardName = LaunchScreen.storyboar;
				INFOPLIST_KEY_UISupportedInterfaceOrientations_iPad = "UIInterfaceOrientationPortrait UIInterfaceOrientationPortraitUpsideDown UIInterfaceOrientationLandscapeLeft UIInterfaceOrientationLandscapeRight";
				INFOPLIST_KEY_UISupportedInterfaceOrientations_iPhone = "UIInterfaceOrientationPortrait UIInterfaceOrientationLandscapeLeft UIInterfaceOrientationLandscapeRight";
				LD_RUNPATH_SEARCH_PATHS = (
					"$(inherited)",
					"@executable_path/Frameworks",
				);
				MARKETING_VERSION = 1.0;
				PRODUCT_BUNDLE_IDENTIFIER = com.m00nbek.Bills;
				PRODUCT_NAME = "$(TARGET_NAME)";
				SWIFT_EMIT_LOC_STRINGS = YES;
				SWIFT_VERSION = 5.0;
				TARGETED_DEVICE_FAMILY = "1,2";
			};
			name = Release;
		};
		3BE2CE2B290A274F0033462D /* Debug */ = {
			isa = XCBuildConfiguration;
			buildSettings = {
				ALWAYS_EMBED_SWIFT_STANDARD_LIBRARIES = YES;
				BUNDLE_LOADER = "$(TEST_HOST)";
				CODE_SIGN_STYLE = Automatic;
				CURRENT_PROJECT_VERSION = 1;
				DEVELOPMENT_TEAM = WCQRQ8RKJR;
				GENERATE_INFOPLIST_FILE = YES;
				IPHONEOS_DEPLOYMENT_TARGET = 16.0;
				MARKETING_VERSION = 1.0;
				PRODUCT_BUNDLE_IDENTIFIER = com.m00nbek.BillsTests;
				PRODUCT_NAME = "$(TARGET_NAME)";
				SWIFT_EMIT_LOC_STRINGS = NO;
				SWIFT_VERSION = 5.0;
				TARGETED_DEVICE_FAMILY = "1,2";
				TEST_HOST = "$(BUILT_PRODUCTS_DIR)/Bills.app/$(BUNDLE_EXECUTABLE_FOLDER_PATH)/Bills";
			};
			name = Debug;
		};
		3BE2CE2C290A274F0033462D /* Release */ = {
			isa = XCBuildConfiguration;
			buildSettings = {
				ALWAYS_EMBED_SWIFT_STANDARD_LIBRARIES = YES;
				BUNDLE_LOADER = "$(TEST_HOST)";
				CODE_SIGN_STYLE = Automatic;
				CURRENT_PROJECT_VERSION = 1;
				DEVELOPMENT_TEAM = WCQRQ8RKJR;
				GENERATE_INFOPLIST_FILE = YES;
				IPHONEOS_DEPLOYMENT_TARGET = 16.0;
				MARKETING_VERSION = 1.0;
				PRODUCT_BUNDLE_IDENTIFIER = com.m00nbek.BillsTests;
				PRODUCT_NAME = "$(TARGET_NAME)";
				SWIFT_EMIT_LOC_STRINGS = NO;
				SWIFT_VERSION = 5.0;
				TARGETED_DEVICE_FAMILY = "1,2";
				TEST_HOST = "$(BUILT_PRODUCTS_DIR)/Bills.app/$(BUNDLE_EXECUTABLE_FOLDER_PATH)/Bills";
			};
			name = Release;
		};
		3BE2CE2E290A274F0033462D /* Debug */ = {
			isa = XCBuildConfiguration;
			buildSettings = {
				ALWAYS_EMBED_SWIFT_STANDARD_LIBRARIES = YES;
				CODE_SIGN_STYLE = Automatic;
				CURRENT_PROJECT_VERSION = 1;
				DEVELOPMENT_TEAM = WCQRQ8RKJR;
				GENERATE_INFOPLIST_FILE = YES;
				MARKETING_VERSION = 1.0;
				PRODUCT_BUNDLE_IDENTIFIER = com.m00nbek.BillsUITests;
				PRODUCT_NAME = "$(TARGET_NAME)";
				SWIFT_EMIT_LOC_STRINGS = NO;
				SWIFT_VERSION = 5.0;
				TARGETED_DEVICE_FAMILY = "1,2";
				TEST_TARGET_NAME = Bills;
			};
			name = Debug;
		};
		3BE2CE2F290A274F0033462D /* Release */ = {
			isa = XCBuildConfiguration;
			buildSettings = {
				ALWAYS_EMBED_SWIFT_STANDARD_LIBRARIES = YES;
				CODE_SIGN_STYLE = Automatic;
				CURRENT_PROJECT_VERSION = 1;
				DEVELOPMENT_TEAM = WCQRQ8RKJR;
				GENERATE_INFOPLIST_FILE = YES;
				MARKETING_VERSION = 1.0;
				PRODUCT_BUNDLE_IDENTIFIER = com.m00nbek.BillsUITests;
				PRODUCT_NAME = "$(TARGET_NAME)";
				SWIFT_EMIT_LOC_STRINGS = NO;
				SWIFT_VERSION = 5.0;
				TARGETED_DEVICE_FAMILY = "1,2";
				TEST_TARGET_NAME = Bills;
			};
			name = Release;
		};
/* End XCBuildConfiguration section */

/* Begin XCConfigurationList section */
		3BE2CDF8290A27490033462D /* Build configuration list for PBXProject "Bills" */ = {
			isa = XCConfigurationList;
			buildConfigurations = (
				3BE2CE25290A274F0033462D /* Debug */,
				3BE2CE26290A274F0033462D /* Release */,
			);
			defaultConfigurationIsVisible = 0;
			defaultConfigurationName = Release;
		};
		3BE2CE27290A274F0033462D /* Build configuration list for PBXNativeTarget "Bills" */ = {
			isa = XCConfigurationList;
			buildConfigurations = (
				3BE2CE28290A274F0033462D /* Debug */,
				3BE2CE29290A274F0033462D /* Release */,
			);
			defaultConfigurationIsVisible = 0;
			defaultConfigurationName = Release;
		};
		3BE2CE2A290A274F0033462D /* Build configuration list for PBXNativeTarget "BillsTests" */ = {
			isa = XCConfigurationList;
			buildConfigurations = (
				3BE2CE2B290A274F0033462D /* Debug */,
				3BE2CE2C290A274F0033462D /* Release */,
			);
			defaultConfigurationIsVisible = 0;
			defaultConfigurationName = Release;
		};
		3BE2CE2D290A274F0033462D /* Build configuration list for PBXNativeTarget "BillsUITests" */ = {
			isa = XCConfigurationList;
			buildConfigurations = (
				3BE2CE2E290A274F0033462D /* Debug */,
				3BE2CE2F290A274F0033462D /* Release */,
			);
			defaultConfigurationIsVisible = 0;
			defaultConfigurationName = Release;
		};
/* End XCConfigurationList section */
	};
	rootObject = 3BE2CDF5290A27490033462D /* Project object */;
}
